PODS:
  - Alamofire (4.7.2)
  - JMMaskTextField-Swift (0.1.2)

DEPENDENCIES:
  - Alamofire (~> 4.7)
  - JMMaskTextField-Swift

SPEC REPOS:
  https://github.com/CocoaPods/Specs.git:
    - Alamofire
    - JMMaskTextField-Swift

SPEC CHECKSUMS:
  Alamofire: e4fa87002c137ba2d8d634d2c51fabcda0d5c223
  JMMaskTextField-Swift: c47d4f6a16faa49a1abaa8d3bd59ca0892db0e09

PODFILE CHECKSUM: 76ebf8dc115a2502ad5df29f7b53bf632489eadc

COCOAPODS: 1.5.0
