// !$*UTF8*$!
{
	archiveVersion = 1;
	classes = {
	};
	objectVersion = 50;
	objects = {

/* Begin PBXBuildFile section */
		3610998E20EEC747004D3169 /* AppDelegate.swift in Sources */ = {isa = PBXBuildFile; fileRef = 3610998D20EEC747004D3169 /* AppDelegate.swift */; };
		3610999320EEC747004D3169 /* Main.storyboard in Resources */ = {isa = PBXBuildFile; fileRef = 3610999120EEC747004D3169 /* Main.storyboard */; };
		3610999520EEC747004D3169 /* Assets.xcassets in Resources */ = {isa = PBXBuildFile; fileRef = 3610999420EEC747004D3169 /* Assets.xcassets */; };
		3610999820EEC747004D3169 /* LaunchScreen.storyboard in Resources */ = {isa = PBXBuildFile; fileRef = 3610999620EEC747004D3169 /* LaunchScreen.storyboard */; };
		361099A320EEC748004D3169 /* SantanderTesteTests.swift in Sources */ = {isa = PBXBuildFile; fileRef = 361099A220EEC748004D3169 /* SantanderTesteTests.swift */; };
		361099AE20EEC748004D3169 /* SantanderTesteUITests.swift in Sources */ = {isa = PBXBuildFile; fileRef = 361099AD20EEC748004D3169 /* SantanderTesteUITests.swift */; };
		36109A0020EECEB0004D3169 /* Enum.swift in Sources */ = {isa = PBXBuildFile; fileRef = 361099FF20EECEB0004D3169 /* Enum.swift */; };
		36109A0420EED21F004D3169 /* ContantoViewController.swift in Sources */ = {isa = PBXBuildFile; fileRef = 36109A0320EED21F004D3169 /* ContantoViewController.swift */; };
		36109A0620EED288004D3169 /* ContatoTableViewCell.swift in Sources */ = {isa = PBXBuildFile; fileRef = 36109A0520EED288004D3169 /* ContatoTableViewCell.swift */; };
		36109A0820EED302004D3169 /* Fonte in Resources */ = {isa = PBXBuildFile; fileRef = 36109A0720EED302004D3169 /* Fonte */; };
		36109A1220EED399004D3169 /* DINEngschriftStd.otf in Resources */ = {isa = PBXBuildFile; fileRef = 36109A0920EED342004D3169 /* DINEngschriftStd.otf */; };
		36109A1320EED39D004D3169 /* DINNeuzeitGroteskStd-Light.otf in Resources */ = {isa = PBXBuildFile; fileRef = 36109A0C20EED348004D3169 /* DINNeuzeitGroteskStd-Light.otf */; };
		36109A1420EED3A0004D3169 /* DINPro-Medium.otf in Resources */ = {isa = PBXBuildFile; fileRef = 36109A0F20EED34D004D3169 /* DINPro-Medium.otf */; };
		36109A1520EED3A4004D3169 /* DINMittelschriftStd.otf in Resources */ = {isa = PBXBuildFile; fileRef = 36109A0A20EED344004D3169 /* DINMittelschriftStd.otf */; };
		36109A1620EED3A7004D3169 /* DINPro-Bold.otf in Resources */ = {isa = PBXBuildFile; fileRef = 36109A0D20EED34A004D3169 /* DINPro-Bold.otf */; };
		36109A1720EED3AB004D3169 /* DINNeuzeitGroteskStd-BdCond.otf in Resources */ = {isa = PBXBuildFile; fileRef = 36109A0B20EED346004D3169 /* DINNeuzeitGroteskStd-BdCond.otf */; };
		36109A1820EED3AE004D3169 /* DINPro-Light.otf in Resources */ = {isa = PBXBuildFile; fileRef = 36109A0E20EED34C004D3169 /* DINPro-Light.otf */; };
		36109A1920EED3B3004D3169 /* DINPro-Regular.otf in Resources */ = {isa = PBXBuildFile; fileRef = 36109A1020EED351004D3169 /* DINPro-Regular.otf */; };
		36109A1C20EED8D4004D3169 /* Util.swift in Sources */ = {isa = PBXBuildFile; fileRef = 36109A1B20EED8D4004D3169 /* Util.swift */; };
		36109A2020EED9C4004D3169 /* Extension+String.swift in Sources */ = {isa = PBXBuildFile; fileRef = 36109A1F20EED9C4004D3169 /* Extension+String.swift */; };
		36109A2320EF05C7004D3169 /* InvestimentoViewController.swift in Sources */ = {isa = PBXBuildFile; fileRef = 36109A2220EF05C7004D3169 /* InvestimentoViewController.swift */; };
		36109A2D20EF2EF9004D3169 /* InvestimentoTableViewCell.swift in Sources */ = {isa = PBXBuildFile; fileRef = 36109A2C20EF2EF8004D3169 /* InvestimentoTableViewCell.swift */; };
		36659B7D20FC571900EB50AE /* PhoneNumberKit.framework in Frameworks */ = {isa = PBXBuildFile; fileRef = 36659B7C20FC571900EB50AE /* PhoneNumberKit.framework */; };
		3674CDB920F53D4E00D15F73 /* Alamofire.framework in Frameworks */ = {isa = PBXBuildFile; fileRef = 3674CDB820F53D4E00D15F73 /* Alamofire.framework */; };
		4E8197394D1D831ED1B5F63A /* Pods_SantanderTesteTests.framework in Frameworks */ = {isa = PBXBuildFile; fileRef = 7A95E260179BA7B37226B9F5 /* Pods_SantanderTesteTests.framework */; };
		55B676AF2102D07400FEB13E /* RootCell.swift in Sources */ = {isa = PBXBuildFile; fileRef = 55B676AE2102D07400FEB13E /* RootCell.swift */; };
		55B676B12102D0B300FEB13E /* RootScreen.swift in Sources */ = {isa = PBXBuildFile; fileRef = 55B676B02102D0B300FEB13E /* RootScreen.swift */; };
		55B676B32102D5D000FEB13E /* NetworkManager.swift in Sources */ = {isa = PBXBuildFile; fileRef = 55B676B22102D5D000FEB13E /* NetworkManager.swift */; };
		DCE6D495776F378481F2908C /* Pods_SantanderTeste.framework in Frameworks */ = {isa = PBXBuildFile; fileRef = 52461014DB39E26BCDC79AB5 /* Pods_SantanderTeste.framework */; };
		F0DA01063B987DB32505E54D /* Pods_SantanderTesteUITests.framework in Frameworks */ = {isa = PBXBuildFile; fileRef = ABDB965EB33865BABB990EBB /* Pods_SantanderTesteUITests.framework */; };
/* End PBXBuildFile section */

/* Begin PBXContainerItemProxy section */
		3610999F20EEC748004D3169 /* PBXContainerItemProxy */ = {
			isa = PBXContainerItemProxy;
			containerPortal = 3610998220EEC747004D3169 /* Project object */;
			proxyType = 1;
			remoteGlobalIDString = 3610998920EEC747004D3169;
			remoteInfo = SantanderTeste;
		};
		361099AA20EEC748004D3169 /* PBXContainerItemProxy */ = {
			isa = PBXContainerItemProxy;
			containerPortal = 3610998220EEC747004D3169 /* Project object */;
			proxyType = 1;
			remoteGlobalIDString = 3610998920EEC747004D3169;
			remoteInfo = SantanderTeste;
		};
/* End PBXContainerItemProxy section */

/* Begin PBXFileReference section */
		2273B98CCEA1975BDE034BCD /* Pods-SantanderTeste.release.xcconfig */ = {isa = PBXFileReference; includeInIndex = 1; lastKnownFileType = text.xcconfig; name = "Pods-SantanderTeste.release.xcconfig"; path = "Pods/Target Support Files/Pods-SantanderTeste/Pods-SantanderTeste.release.xcconfig"; sourceTree = "<group>"; };
		319C4FE8E36C6CC16514C7F9 /* Pods-SantanderTesteUITests.debug.xcconfig */ = {isa = PBXFileReference; includeInIndex = 1; lastKnownFileType = text.xcconfig; name = "Pods-SantanderTesteUITests.debug.xcconfig"; path = "Pods/Target Support Files/Pods-SantanderTesteUITests/Pods-SantanderTesteUITests.debug.xcconfig"; sourceTree = "<group>"; };
		32F6CB7566806A958ADF17C5 /* Pods-SantanderTesteTests.release.xcconfig */ = {isa = PBXFileReference; includeInIndex = 1; lastKnownFileType = text.xcconfig; name = "Pods-SantanderTesteTests.release.xcconfig"; path = "Pods/Target Support Files/Pods-SantanderTesteTests/Pods-SantanderTesteTests.release.xcconfig"; sourceTree = "<group>"; };
		3610998A20EEC747004D3169 /* SantanderTeste.app */ = {isa = PBXFileReference; explicitFileType = wrapper.application; includeInIndex = 0; path = SantanderTeste.app; sourceTree = BUILT_PRODUCTS_DIR; };
		3610998D20EEC747004D3169 /* AppDelegate.swift */ = {isa = PBXFileReference; lastKnownFileType = sourcecode.swift; path = AppDelegate.swift; sourceTree = "<group>"; };
		3610999220EEC747004D3169 /* Base */ = {isa = PBXFileReference; lastKnownFileType = file.storyboard; name = Base; path = Base.lproj/Main.storyboard; sourceTree = "<group>"; };
		3610999420EEC747004D3169 /* Assets.xcassets */ = {isa = PBXFileReference; lastKnownFileType = folder.assetcatalog; path = Assets.xcassets; sourceTree = "<group>"; };
		3610999720EEC747004D3169 /* Base */ = {isa = PBXFileReference; lastKnownFileType = file.storyboard; name = Base; path = Base.lproj/LaunchScreen.storyboard; sourceTree = "<group>"; };
		3610999920EEC747004D3169 /* Info.plist */ = {isa = PBXFileReference; lastKnownFileType = text.plist.xml; path = Info.plist; sourceTree = "<group>"; };
		3610999E20EEC748004D3169 /* SantanderTesteTests.xctest */ = {isa = PBXFileReference; explicitFileType = wrapper.cfbundle; includeInIndex = 0; path = SantanderTesteTests.xctest; sourceTree = BUILT_PRODUCTS_DIR; };
		361099A220EEC748004D3169 /* SantanderTesteTests.swift */ = {isa = PBXFileReference; lastKnownFileType = sourcecode.swift; path = SantanderTesteTests.swift; sourceTree = "<group>"; };
		361099A420EEC748004D3169 /* Info.plist */ = {isa = PBXFileReference; lastKnownFileType = text.plist.xml; path = Info.plist; sourceTree = "<group>"; };
		361099A920EEC748004D3169 /* SantanderTesteUITests.xctest */ = {isa = PBXFileReference; explicitFileType = wrapper.cfbundle; includeInIndex = 0; path = SantanderTesteUITests.xctest; sourceTree = BUILT_PRODUCTS_DIR; };
		361099AD20EEC748004D3169 /* SantanderTesteUITests.swift */ = {isa = PBXFileReference; lastKnownFileType = sourcecode.swift; path = SantanderTesteUITests.swift; sourceTree = "<group>"; };
		361099AF20EEC748004D3169 /* Info.plist */ = {isa = PBXFileReference; lastKnownFileType = text.plist.xml; path = Info.plist; sourceTree = "<group>"; };
		361099FF20EECEB0004D3169 /* Enum.swift */ = {isa = PBXFileReference; lastKnownFileType = sourcecode.swift; path = Enum.swift; sourceTree = "<group>"; };
		36109A0320EED21F004D3169 /* ContantoViewController.swift */ = {isa = PBXFileReference; lastKnownFileType = sourcecode.swift; path = ContantoViewController.swift; sourceTree = "<group>"; };
		36109A0520EED288004D3169 /* ContatoTableViewCell.swift */ = {isa = PBXFileReference; lastKnownFileType = sourcecode.swift; path = ContatoTableViewCell.swift; sourceTree = "<group>"; };
		36109A0720EED302004D3169 /* Fonte */ = {isa = PBXFileReference; lastKnownFileType = folder; path = Fonte; sourceTree = "<group>"; };
		36109A0920EED342004D3169 /* DINEngschriftStd.otf */ = {isa = PBXFileReference; lastKnownFileType = file; path = DINEngschriftStd.otf; sourceTree = "<group>"; };
		36109A0A20EED344004D3169 /* DINMittelschriftStd.otf */ = {isa = PBXFileReference; lastKnownFileType = file; path = DINMittelschriftStd.otf; sourceTree = "<group>"; };
		36109A0B20EED346004D3169 /* DINNeuzeitGroteskStd-BdCond.otf */ = {isa = PBXFileReference; lastKnownFileType = file; path = "DINNeuzeitGroteskStd-BdCond.otf"; sourceTree = "<group>"; };
		36109A0C20EED348004D3169 /* DINNeuzeitGroteskStd-Light.otf */ = {isa = PBXFileReference; lastKnownFileType = file; path = "DINNeuzeitGroteskStd-Light.otf"; sourceTree = "<group>"; };
		36109A0D20EED34A004D3169 /* DINPro-Bold.otf */ = {isa = PBXFileReference; lastKnownFileType = file; path = "DINPro-Bold.otf"; sourceTree = "<group>"; };
		36109A0E20EED34C004D3169 /* DINPro-Light.otf */ = {isa = PBXFileReference; lastKnownFileType = file; path = "DINPro-Light.otf"; sourceTree = "<group>"; };
		36109A0F20EED34D004D3169 /* DINPro-Medium.otf */ = {isa = PBXFileReference; lastKnownFileType = file; path = "DINPro-Medium.otf"; sourceTree = "<group>"; };
		36109A1020EED351004D3169 /* DINPro-Regular.otf */ = {isa = PBXFileReference; lastKnownFileType = file; path = "DINPro-Regular.otf"; sourceTree = "<group>"; };
		36109A1B20EED8D4004D3169 /* Util.swift */ = {isa = PBXFileReference; lastKnownFileType = sourcecode.swift; path = Util.swift; sourceTree = "<group>"; };
		36109A1F20EED9C4004D3169 /* Extension+String.swift */ = {isa = PBXFileReference; lastKnownFileType = sourcecode.swift; path = "Extension+String.swift"; sourceTree = "<group>"; };
		36109A2220EF05C7004D3169 /* InvestimentoViewController.swift */ = {isa = PBXFileReference; lastKnownFileType = sourcecode.swift; path = InvestimentoViewController.swift; sourceTree = "<group>"; };
		36109A2C20EF2EF8004D3169 /* InvestimentoTableViewCell.swift */ = {isa = PBXFileReference; lastKnownFileType = sourcecode.swift; path = InvestimentoTableViewCell.swift; sourceTree = "<group>"; };
		36659B7C20FC571900EB50AE /* PhoneNumberKit.framework */ = {isa = PBXFileReference; explicitFileType = wrapper.framework; path = PhoneNumberKit.framework; sourceTree = BUILT_PRODUCTS_DIR; };
		3674CDB820F53D4E00D15F73 /* Alamofire.framework */ = {isa = PBXFileReference; explicitFileType = wrapper.framework; path = Alamofire.framework; sourceTree = BUILT_PRODUCTS_DIR; };
		52461014DB39E26BCDC79AB5 /* Pods_SantanderTeste.framework */ = {isa = PBXFileReference; explicitFileType = wrapper.framework; includeInIndex = 0; path = Pods_SantanderTeste.framework; sourceTree = BUILT_PRODUCTS_DIR; };
		55B676AE2102D07400FEB13E /* RootCell.swift */ = {isa = PBXFileReference; lastKnownFileType = sourcecode.swift; path = RootCell.swift; sourceTree = "<group>"; };
		55B676B02102D0B300FEB13E /* RootScreen.swift */ = {isa = PBXFileReference; lastKnownFileType = sourcecode.swift; path = RootScreen.swift; sourceTree = "<group>"; };
		55B676B22102D5D000FEB13E /* NetworkManager.swift */ = {isa = PBXFileReference; lastKnownFileType = sourcecode.swift; path = NetworkManager.swift; sourceTree = "<group>"; };
		6D7BBD10E255270C85491E3D /* Pods-SantanderTeste.debug.xcconfig */ = {isa = PBXFileReference; includeInIndex = 1; lastKnownFileType = text.xcconfig; name = "Pods-SantanderTeste.debug.xcconfig"; path = "Pods/Target Support Files/Pods-SantanderTeste/Pods-SantanderTeste.debug.xcconfig"; sourceTree = "<group>"; };
		7A95E260179BA7B37226B9F5 /* Pods_SantanderTesteTests.framework */ = {isa = PBXFileReference; explicitFileType = wrapper.framework; includeInIndex = 0; path = Pods_SantanderTesteTests.framework; sourceTree = BUILT_PRODUCTS_DIR; };
		ABDB965EB33865BABB990EBB /* Pods_SantanderTesteUITests.framework */ = {isa = PBXFileReference; explicitFileType = wrapper.framework; includeInIndex = 0; path = Pods_SantanderTesteUITests.framework; sourceTree = BUILT_PRODUCTS_DIR; };
		BB12470557D032AC13DB2917 /* Pods-SantanderTesteUITests.release.xcconfig */ = {isa = PBXFileReference; includeInIndex = 1; lastKnownFileType = text.xcconfig; name = "Pods-SantanderTesteUITests.release.xcconfig"; path = "Pods/Target Support Files/Pods-SantanderTesteUITests/Pods-SantanderTesteUITests.release.xcconfig"; sourceTree = "<group>"; };
		DAD8EF2038594E3724302E09 /* Pods-SantanderTesteTests.debug.xcconfig */ = {isa = PBXFileReference; includeInIndex = 1; lastKnownFileType = text.xcconfig; name = "Pods-SantanderTesteTests.debug.xcconfig"; path = "Pods/Target Support Files/Pods-SantanderTesteTests/Pods-SantanderTesteTests.debug.xcconfig"; sourceTree = "<group>"; };
/* End PBXFileReference section */

/* Begin PBXFrameworksBuildPhase section */
		3610998720EEC747004D3169 /* Frameworks */ = {
			isa = PBXFrameworksBuildPhase;
			buildActionMask = 2147483647;
			files = (
				36659B7D20FC571900EB50AE /* PhoneNumberKit.framework in Frameworks */,
				3674CDB920F53D4E00D15F73 /* Alamofire.framework in Frameworks */,
				DCE6D495776F378481F2908C /* Pods_SantanderTeste.framework in Frameworks */,
			);
			runOnlyForDeploymentPostprocessing = 0;
		};
		3610999B20EEC748004D3169 /* Frameworks */ = {
			isa = PBXFrameworksBuildPhase;
			buildActionMask = 2147483647;
			files = (
				4E8197394D1D831ED1B5F63A /* Pods_SantanderTesteTests.framework in Frameworks */,
			);
			runOnlyForDeploymentPostprocessing = 0;
		};
		361099A620EEC748004D3169 /* Frameworks */ = {
			isa = PBXFrameworksBuildPhase;
			buildActionMask = 2147483647;
			files = (
				F0DA01063B987DB32505E54D /* Pods_SantanderTesteUITests.framework in Frameworks */,
			);
			runOnlyForDeploymentPostprocessing = 0;
		};
/* End PBXFrameworksBuildPhase section */

/* Begin PBXGroup section */
		3610998120EEC747004D3169 = {
			isa = PBXGroup;
			children = (
				3610998C20EEC747004D3169 /* SantanderTeste */,
				361099A120EEC748004D3169 /* SantanderTesteTests */,
				361099AC20EEC748004D3169 /* SantanderTesteUITests */,
				3610998B20EEC747004D3169 /* Products */,
				361099D420EEC770004D3169 /* Frameworks */,
				7E437BC25529E1322EDCEF2C /* Pods */,
			);
			sourceTree = "<group>";
		};
		3610998B20EEC747004D3169 /* Products */ = {
			isa = PBXGroup;
			children = (
				3610998A20EEC747004D3169 /* SantanderTeste.app */,
				3610999E20EEC748004D3169 /* SantanderTesteTests.xctest */,
				361099A920EEC748004D3169 /* SantanderTesteUITests.xctest */,
			);
			name = Products;
			sourceTree = "<group>";
		};
		3610998C20EEC747004D3169 /* SantanderTeste */ = {
			isa = PBXGroup;
			children = (
				3610998D20EEC747004D3169 /* AppDelegate.swift */,
				3674CDA620F4FBBE00D15F73 /* Models */,
				3674CDA520F4FBB400D15F73 /* Services */,
				3674CD9C20F4FBA400D15F73 /* Scene */,
				3610999120EEC747004D3169 /* Main.storyboard */,
				3610999420EEC747004D3169 /* Assets.xcassets */,
				36109A1120EED357004D3169 /* Fontes */,
				3610999620EEC747004D3169 /* LaunchScreen.storyboard */,
				3610999920EEC747004D3169 /* Info.plist */,
			);
			path = SantanderTeste;
			sourceTree = "<group>";
		};
		361099A120EEC748004D3169 /* SantanderTesteTests */ = {
			isa = PBXGroup;
			children = (
				361099A220EEC748004D3169 /* SantanderTesteTests.swift */,
				361099A420EEC748004D3169 /* Info.plist */,
			);
			path = SantanderTesteTests;
			sourceTree = "<group>";
		};
		361099AC20EEC748004D3169 /* SantanderTesteUITests */ = {
			isa = PBXGroup;
			children = (
				361099AD20EEC748004D3169 /* SantanderTesteUITests.swift */,
				361099AF20EEC748004D3169 /* Info.plist */,
			);
			path = SantanderTesteUITests;
			sourceTree = "<group>";
		};
		361099D420EEC770004D3169 /* Frameworks */ = {
			isa = PBXGroup;
			children = (
				36659B7C20FC571900EB50AE /* PhoneNumberKit.framework */,
				3674CDB820F53D4E00D15F73 /* Alamofire.framework */,
				52461014DB39E26BCDC79AB5 /* Pods_SantanderTeste.framework */,
				7A95E260179BA7B37226B9F5 /* Pods_SantanderTesteTests.framework */,
				ABDB965EB33865BABB990EBB /* Pods_SantanderTesteUITests.framework */,
			);
			name = Frameworks;
			sourceTree = "<group>";
		};
		36109A1120EED357004D3169 /* Fontes */ = {
			isa = PBXGroup;
			children = (
				36109A0920EED342004D3169 /* DINEngschriftStd.otf */,
				36109A0C20EED348004D3169 /* DINNeuzeitGroteskStd-Light.otf */,
				36109A0A20EED344004D3169 /* DINMittelschriftStd.otf */,
				36109A0D20EED34A004D3169 /* DINPro-Bold.otf */,
				36109A0720EED302004D3169 /* Fonte */,
				36109A0F20EED34D004D3169 /* DINPro-Medium.otf */,
				36109A0E20EED34C004D3169 /* DINPro-Light.otf */,
				36109A1020EED351004D3169 /* DINPro-Regular.otf */,
				36109A0B20EED346004D3169 /* DINNeuzeitGroteskStd-BdCond.otf */,
			);
			path = Fontes;
			sourceTree = "<group>";
		};
		3674CD9C20F4FBA400D15F73 /* Scene */ = {
			isa = PBXGroup;
			children = (
				3674CDA820F4FBF500D15F73 /* InvestimentoScene */,
				3674CDA720F4FBE700D15F73 /* ContatoScene */,
			);
			path = Scene;
			sourceTree = "<group>";
		};
		3674CDA520F4FBB400D15F73 /* Services */ = {
			isa = PBXGroup;
			children = (
				361099FF20EECEB0004D3169 /* Enum.swift */,
				36109A1B20EED8D4004D3169 /* Util.swift */,
				55B676AC2102CFAA00FEB13E /* Extensions */,
			);
			path = Services;
			sourceTree = "<group>";
		};
		3674CDA620F4FBBE00D15F73 /* Models */ = {
			isa = PBXGroup;
			children = (
				55B676B22102D5D000FEB13E /* NetworkManager.swift */,
				55B676AE2102D07400FEB13E /* RootCell.swift */,
				55B676B02102D0B300FEB13E /* RootScreen.swift */,
			);
			path = Models;
			sourceTree = "<group>";
		};
		3674CDA720F4FBE700D15F73 /* ContatoScene */ = {
			isa = PBXGroup;
			children = (
				36109A0320EED21F004D3169 /* ContantoViewController.swift */,
				36109A0520EED288004D3169 /* ContatoTableViewCell.swift */,
			);
			path = ContatoScene;
			sourceTree = "<group>";
		};
		3674CDA820F4FBF500D15F73 /* InvestimentoScene */ = {
			isa = PBXGroup;
			children = (
				36109A2220EF05C7004D3169 /* InvestimentoViewController.swift */,
				36109A2C20EF2EF8004D3169 /* InvestimentoTableViewCell.swift */,
			);
			path = InvestimentoScene;
			sourceTree = "<group>";
		};
		55B676AC2102CFAA00FEB13E /* Extensions */ = {
			isa = PBXGroup;
			children = (
				36109A1F20EED9C4004D3169 /* Extension+String.swift */,
			);
			path = Extensions;
			sourceTree = "<group>";
		};
		7E437BC25529E1322EDCEF2C /* Pods */ = {
			isa = PBXGroup;
			children = (
				6D7BBD10E255270C85491E3D /* Pods-SantanderTeste.debug.xcconfig */,
				2273B98CCEA1975BDE034BCD /* Pods-SantanderTeste.release.xcconfig */,
				DAD8EF2038594E3724302E09 /* Pods-SantanderTesteTests.debug.xcconfig */,
				32F6CB7566806A958ADF17C5 /* Pods-SantanderTesteTests.release.xcconfig */,
				319C4FE8E36C6CC16514C7F9 /* Pods-SantanderTesteUITests.debug.xcconfig */,
				BB12470557D032AC13DB2917 /* Pods-SantanderTesteUITests.release.xcconfig */,
			);
			name = Pods;
			sourceTree = "<group>";
		};
/* End PBXGroup section */

/* Begin PBXNativeTarget section */
		3610998920EEC747004D3169 /* SantanderTeste */ = {
			isa = PBXNativeTarget;
			buildConfigurationList = 361099B220EEC748004D3169 /* Build configuration list for PBXNativeTarget "SantanderTeste" */;
			buildPhases = (
				DF004E62231F6D01FDA680FF /* [CP] Check Pods Manifest.lock */,
				3610998620EEC747004D3169 /* Sources */,
				3610998720EEC747004D3169 /* Frameworks */,
				3610998820EEC747004D3169 /* Resources */,
				B9175CE4A53A4696EDD288DF /* [CP] Embed Pods Frameworks */,
			);
			buildRules = (
			);
			dependencies = (
			);
			name = SantanderTeste;
			productName = SantanderTeste;
			productReference = 3610998A20EEC747004D3169 /* SantanderTeste.app */;
			productType = "com.apple.product-type.application";
		};
		3610999D20EEC748004D3169 /* SantanderTesteTests */ = {
			isa = PBXNativeTarget;
			buildConfigurationList = 361099B520EEC748004D3169 /* Build configuration list for PBXNativeTarget "SantanderTesteTests" */;
			buildPhases = (
				2F2291BD7513249A517489BE /* [CP] Check Pods Manifest.lock */,
				3610999A20EEC748004D3169 /* Sources */,
				3610999B20EEC748004D3169 /* Frameworks */,
				3610999C20EEC748004D3169 /* Resources */,
			);
			buildRules = (
			);
			dependencies = (
				361099A020EEC748004D3169 /* PBXTargetDependency */,
			);
			name = SantanderTesteTests;
			productName = SantanderTesteTests;
			productReference = 3610999E20EEC748004D3169 /* SantanderTesteTests.xctest */;
			productType = "com.apple.product-type.bundle.unit-test";
		};
		361099A820EEC748004D3169 /* SantanderTesteUITests */ = {
			isa = PBXNativeTarget;
			buildConfigurationList = 361099B820EEC748004D3169 /* Build configuration list for PBXNativeTarget "SantanderTesteUITests" */;
			buildPhases = (
				BB1014DA8884CAAE90D7019C /* [CP] Check Pods Manifest.lock */,
				361099A520EEC748004D3169 /* Sources */,
				361099A620EEC748004D3169 /* Frameworks */,
				361099A720EEC748004D3169 /* Resources */,
			);
			buildRules = (
			);
			dependencies = (
				361099AB20EEC748004D3169 /* PBXTargetDependency */,
			);
			name = SantanderTesteUITests;
			productName = SantanderTesteUITests;
			productReference = 361099A920EEC748004D3169 /* SantanderTesteUITests.xctest */;
			productType = "com.apple.product-type.bundle.ui-testing";
		};
/* End PBXNativeTarget section */

/* Begin PBXProject section */
		3610998220EEC747004D3169 /* Project object */ = {
			isa = PBXProject;
			attributes = {
				LastSwiftUpdateCheck = 0940;
				LastUpgradeCheck = 0940;
				ORGANIZATIONNAME = Nayara;
				TargetAttributes = {
					3610998920EEC747004D3169 = {
						CreatedOnToolsVersion = 9.4.1;
					};
					3610999D20EEC748004D3169 = {
						CreatedOnToolsVersion = 9.4.1;
						TestTargetID = 3610998920EEC747004D3169;
					};
					361099A820EEC748004D3169 = {
						CreatedOnToolsVersion = 9.4.1;
						TestTargetID = 3610998920EEC747004D3169;
					};
				};
			};
			buildConfigurationList = 3610998520EEC747004D3169 /* Build configuration list for PBXProject "SantanderTeste" */;
			compatibilityVersion = "Xcode 9.3";
			developmentRegion = en;
			hasScannedForEncodings = 0;
			knownRegions = (
				en,
				Base,
			);
			mainGroup = 3610998120EEC747004D3169;
			productRefGroup = 3610998B20EEC747004D3169 /* Products */;
			projectDirPath = "";
			projectRoot = "";
			targets = (
				3610998920EEC747004D3169 /* SantanderTeste */,
				3610999D20EEC748004D3169 /* SantanderTesteTests */,
				361099A820EEC748004D3169 /* SantanderTesteUITests */,
			);
		};
/* End PBXProject section */

/* Begin PBXResourcesBuildPhase section */
		3610998820EEC747004D3169 /* Resources */ = {
			isa = PBXResourcesBuildPhase;
			buildActionMask = 2147483647;
			files = (
				36109A1920EED3B3004D3169 /* DINPro-Regular.otf in Resources */,
				36109A1820EED3AE004D3169 /* DINPro-Light.otf in Resources */,
				36109A1720EED3AB004D3169 /* DINNeuzeitGroteskStd-BdCond.otf in Resources */,
				36109A1620EED3A7004D3169 /* DINPro-Bold.otf in Resources */,
				36109A1520EED3A4004D3169 /* DINMittelschriftStd.otf in Resources */,
				36109A1420EED3A0004D3169 /* DINPro-Medium.otf in Resources */,
				36109A1320EED39D004D3169 /* DINNeuzeitGroteskStd-Light.otf in Resources */,
				36109A1220EED399004D3169 /* DINEngschriftStd.otf in Resources */,
				3610999820EEC747004D3169 /* LaunchScreen.storyboard in Resources */,
				36109A0820EED302004D3169 /* Fonte in Resources */,
				3610999520EEC747004D3169 /* Assets.xcassets in Resources */,
				3610999320EEC747004D3169 /* Main.storyboard in Resources */,
			);
			runOnlyForDeploymentPostprocessing = 0;
		};
		3610999C20EEC748004D3169 /* Resources */ = {
			isa = PBXResourcesBuildPhase;
			buildActionMask = 2147483647;
			files = (
			);
			runOnlyForDeploymentPostprocessing = 0;
		};
		361099A720EEC748004D3169 /* Resources */ = {
			isa = PBXResourcesBuildPhase;
			buildActionMask = 2147483647;
			files = (
			);
			runOnlyForDeploymentPostprocessing = 0;
		};
/* End PBXResourcesBuildPhase section */

/* Begin PBXShellScriptBuildPhase section */
		2F2291BD7513249A517489BE /* [CP] Check Pods Manifest.lock */ = {
			isa = PBXShellScriptBuildPhase;
			buildActionMask = 2147483647;
			files = (
			);
			inputPaths = (
				"${PODS_PODFILE_DIR_PATH}/Podfile.lock",
				"${PODS_ROOT}/Manifest.lock",
			);
			name = "[CP] Check Pods Manifest.lock";
			outputPaths = (
				"$(DERIVED_FILE_DIR)/Pods-SantanderTesteTests-checkManifestLockResult.txt",
			);
			runOnlyForDeploymentPostprocessing = 0;
			shellPath = /bin/sh;
			shellScript = "diff \"${PODS_PODFILE_DIR_PATH}/Podfile.lock\" \"${PODS_ROOT}/Manifest.lock\" > /dev/null\nif [ $? != 0 ] ; then\n    # print error to STDERR\n    echo \"error: The sandbox is not in sync with the Podfile.lock. Run 'pod install' or update your CocoaPods installation.\" >&2\n    exit 1\nfi\n# This output is used by Xcode 'outputs' to avoid re-running this script phase.\necho \"SUCCESS\" > \"${SCRIPT_OUTPUT_FILE_0}\"\n";
			showEnvVarsInLog = 0;
		};
		B9175CE4A53A4696EDD288DF /* [CP] Embed Pods Frameworks */ = {
			isa = PBXShellScriptBuildPhase;
			buildActionMask = 2147483647;
			files = (
			);
			inputPaths = (
				"${SRCROOT}/Pods/Target Support Files/Pods-SantanderTeste/Pods-SantanderTeste-frameworks.sh",
				"${BUILT_PRODUCTS_DIR}/Alamofire/Alamofire.framework",
				"${BUILT_PRODUCTS_DIR}/PhoneNumberKit/PhoneNumberKit.framework",
				"${BUILT_PRODUCTS_DIR}/SkyFloatingLabelTextField/SkyFloatingLabelTextField.framework",
			);
			name = "[CP] Embed Pods Frameworks";
			outputPaths = (
				"${TARGET_BUILD_DIR}/${FRAMEWORKS_FOLDER_PATH}/Alamofire.framework",
				"${TARGET_BUILD_DIR}/${FRAMEWORKS_FOLDER_PATH}/PhoneNumberKit.framework",
				"${TARGET_BUILD_DIR}/${FRAMEWORKS_FOLDER_PATH}/SkyFloatingLabelTextField.framework",
			);
			runOnlyForDeploymentPostprocessing = 0;
			shellPath = /bin/sh;
			shellScript = "\"${SRCROOT}/Pods/Target Support Files/Pods-SantanderTeste/Pods-SantanderTeste-frameworks.sh\"\n";
			showEnvVarsInLog = 0;
		};
		BB1014DA8884CAAE90D7019C /* [CP] Check Pods Manifest.lock */ = {
			isa = PBXShellScriptBuildPhase;
			buildActionMask = 2147483647;
			files = (
			);
			inputPaths = (
				"${PODS_PODFILE_DIR_PATH}/Podfile.lock",
				"${PODS_ROOT}/Manifest.lock",
			);
			name = "[CP] Check Pods Manifest.lock";
			outputPaths = (
				"$(DERIVED_FILE_DIR)/Pods-SantanderTesteUITests-checkManifestLockResult.txt",
			);
			runOnlyForDeploymentPostprocessing = 0;
			shellPath = /bin/sh;
			shellScript = "diff \"${PODS_PODFILE_DIR_PATH}/Podfile.lock\" \"${PODS_ROOT}/Manifest.lock\" > /dev/null\nif [ $? != 0 ] ; then\n    # print error to STDERR\n    echo \"error: The sandbox is not in sync with the Podfile.lock. Run 'pod install' or update your CocoaPods installation.\" >&2\n    exit 1\nfi\n# This output is used by Xcode 'outputs' to avoid re-running this script phase.\necho \"SUCCESS\" > \"${SCRIPT_OUTPUT_FILE_0}\"\n";
			showEnvVarsInLog = 0;
		};
		DF004E62231F6D01FDA680FF /* [CP] Check Pods Manifest.lock */ = {
			isa = PBXShellScriptBuildPhase;
			buildActionMask = 2147483647;
			files = (
			);
			inputPaths = (
				"${PODS_PODFILE_DIR_PATH}/Podfile.lock",
				"${PODS_ROOT}/Manifest.lock",
			);
			name = "[CP] Check Pods Manifest.lock";
			outputPaths = (
				"$(DERIVED_FILE_DIR)/Pods-SantanderTeste-checkManifestLockResult.txt",
			);
			runOnlyForDeploymentPostprocessing = 0;
			shellPath = /bin/sh;
			shellScript = "diff \"${PODS_PODFILE_DIR_PATH}/Podfile.lock\" \"${PODS_ROOT}/Manifest.lock\" > /dev/null\nif [ $? != 0 ] ; then\n    # print error to STDERR\n    echo \"error: The sandbox is not in sync with the Podfile.lock. Run 'pod install' or update your CocoaPods installation.\" >&2\n    exit 1\nfi\n# This output is used by Xcode 'outputs' to avoid re-running this script phase.\necho \"SUCCESS\" > \"${SCRIPT_OUTPUT_FILE_0}\"\n";
			showEnvVarsInLog = 0;
		};
/* End PBXShellScriptBuildPhase section */

/* Begin PBXSourcesBuildPhase section */
		3610998620EEC747004D3169 /* Sources */ = {
			isa = PBXSourcesBuildPhase;
			buildActionMask = 2147483647;
			files = (
				36109A2320EF05C7004D3169 /* InvestimentoViewController.swift in Sources */,
				36109A0620EED288004D3169 /* ContatoTableViewCell.swift in Sources */,
				55B676B32102D5D000FEB13E /* NetworkManager.swift in Sources */,
				55B676AF2102D07400FEB13E /* RootCell.swift in Sources */,
				36109A2020EED9C4004D3169 /* Extension+String.swift in Sources */,
				36109A0420EED21F004D3169 /* ContantoViewController.swift in Sources */,
				36109A2D20EF2EF9004D3169 /* InvestimentoTableViewCell.swift in Sources */,
				36109A1C20EED8D4004D3169 /* Util.swift in Sources */,
				36109A0020EECEB0004D3169 /* Enum.swift in Sources */,
				3610998E20EEC747004D3169 /* AppDelegate.swift in Sources */,
				55B676B12102D0B300FEB13E /* RootScreen.swift in Sources */,
			);
			runOnlyForDeploymentPostprocessing = 0;
		};
		3610999A20EEC748004D3169 /* Sources */ = {
			isa = PBXSourcesBuildPhase;
			buildActionMask = 2147483647;
			files = (
				361099A320EEC748004D3169 /* SantanderTesteTests.swift in Sources */,
			);
			runOnlyForDeploymentPostprocessing = 0;
		};
		361099A520EEC748004D3169 /* Sources */ = {
			isa = PBXSourcesBuildPhase;
			buildActionMask = 2147483647;
			files = (
				361099AE20EEC748004D3169 /* SantanderTesteUITests.swift in Sources */,
			);
			runOnlyForDeploymentPostprocessing = 0;
		};
/* End PBXSourcesBuildPhase section */

/* Begin PBXTargetDependency section */
		361099A020EEC748004D3169 /* PBXTargetDependency */ = {
			isa = PBXTargetDependency;
			target = 3610998920EEC747004D3169 /* SantanderTeste */;
			targetProxy = 3610999F20EEC748004D3169 /* PBXContainerItemProxy */;
		};
		361099AB20EEC748004D3169 /* PBXTargetDependency */ = {
			isa = PBXTargetDependency;
			target = 3610998920EEC747004D3169 /* SantanderTeste */;
			targetProxy = 361099AA20EEC748004D3169 /* PBXContainerItemProxy */;
		};
/* End PBXTargetDependency section */

/* Begin PBXVariantGroup section */
		3610999120EEC747004D3169 /* Main.storyboard */ = {
			isa = PBXVariantGroup;
			children = (
				3610999220EEC747004D3169 /* Base */,
			);
			name = Main.storyboard;
			sourceTree = "<group>";
		};
		3610999620EEC747004D3169 /* LaunchScreen.storyboard */ = {
			isa = PBXVariantGroup;
			children = (
				3610999720EEC747004D3169 /* Base */,
			);
			name = LaunchScreen.storyboard;
			sourceTree = "<group>";
		};
/* End PBXVariantGroup section */

/* Begin XCBuildConfiguration section */
		361099B020EEC748004D3169 /* Debug */ = {
			isa = XCBuildConfiguration;
			buildSettings = {
				ALWAYS_SEARCH_USER_PATHS = NO;
				CLANG_ANALYZER_NONNULL = YES;
				CLANG_ANALYZER_NUMBER_OBJECT_CONVERSION = YES_AGGRESSIVE;
				CLANG_CXX_LANGUAGE_STANDARD = "gnu++14";
				CLANG_CXX_LIBRARY = "libc++";
				CLANG_ENABLE_MODULES = YES;
				CLANG_ENABLE_OBJC_ARC = YES;
				CLANG_ENABLE_OBJC_WEAK = YES;
				CLANG_WARN_BLOCK_CAPTURE_AUTORELEASING = YES;
				CLANG_WARN_BOOL_CONVERSION = YES;
				CLANG_WARN_COMMA = YES;
				CLANG_WARN_CONSTANT_CONVERSION = YES;
				CLANG_WARN_DEPRECATED_OBJC_IMPLEMENTATIONS = YES;
				CLANG_WARN_DIRECT_OBJC_ISA_USAGE = YES_ERROR;
				CLANG_WARN_DOCUMENTATION_COMMENTS = YES;
				CLANG_WARN_EMPTY_BODY = YES;
				CLANG_WARN_ENUM_CONVERSION = YES;
				CLANG_WARN_INFINITE_RECURSION = YES;
				CLANG_WARN_INT_CONVERSION = YES;
				CLANG_WARN_NON_LITERAL_NULL_CONVERSION = YES;
				CLANG_WARN_OBJC_IMPLICIT_RETAIN_SELF = YES;
				CLANG_WARN_OBJC_LITERAL_CONVERSION = YES;
				CLANG_WARN_OBJC_ROOT_CLASS = YES_ERROR;
				CLANG_WARN_RANGE_LOOP_ANALYSIS = YES;
				CLANG_WARN_STRICT_PROTOTYPES = YES;
				CLANG_WARN_SUSPICIOUS_MOVE = YES;
				CLANG_WARN_UNGUARDED_AVAILABILITY = YES_AGGRESSIVE;
				CLANG_WARN_UNREACHABLE_CODE = YES;
				CLANG_WARN__DUPLICATE_METHOD_MATCH = YES;
				CODE_SIGN_IDENTITY = "iPhone Developer";
				COPY_PHASE_STRIP = NO;
				DEBUG_INFORMATION_FORMAT = dwarf;
				ENABLE_STRICT_OBJC_MSGSEND = YES;
				ENABLE_TESTABILITY = YES;
				GCC_C_LANGUAGE_STANDARD = gnu11;
				GCC_DYNAMIC_NO_PIC = NO;
				GCC_NO_COMMON_BLOCKS = YES;
				GCC_OPTIMIZATION_LEVEL = 0;
				GCC_PREPROCESSOR_DEFINITIONS = (
					"DEBUG=1",
					"$(inherited)",
				);
				GCC_WARN_64_TO_32_BIT_CONVERSION = YES;
				GCC_WARN_ABOUT_RETURN_TYPE = YES_ERROR;
				GCC_WARN_UNDECLARED_SELECTOR = YES;
				GCC_WARN_UNINITIALIZED_AUTOS = YES_AGGRESSIVE;
				GCC_WARN_UNUSED_FUNCTION = YES;
				GCC_WARN_UNUSED_VARIABLE = YES;
				IPHONEOS_DEPLOYMENT_TARGET = 11.4;
				MTL_ENABLE_DEBUG_INFO = YES;
				ONLY_ACTIVE_ARCH = YES;
				SDKROOT = iphoneos;
				SWIFT_ACTIVE_COMPILATION_CONDITIONS = DEBUG;
				SWIFT_OPTIMIZATION_LEVEL = "-Onone";
			};
			name = Debug;
		};
		361099B120EEC748004D3169 /* Release */ = {
			isa = XCBuildConfiguration;
			buildSettings = {
				ALWAYS_SEARCH_USER_PATHS = NO;
				CLANG_ANALYZER_NONNULL = YES;
				CLANG_ANALYZER_NUMBER_OBJECT_CONVERSION = YES_AGGRESSIVE;
				CLANG_CXX_LANGUAGE_STANDARD = "gnu++14";
				CLANG_CXX_LIBRARY = "libc++";
				CLANG_ENABLE_MODULES = YES;
				CLANG_ENABLE_OBJC_ARC = YES;
				CLANG_ENABLE_OBJC_WEAK = YES;
				CLANG_WARN_BLOCK_CAPTURE_AUTORELEASING = YES;
				CLANG_WARN_BOOL_CONVERSION = YES;
				CLANG_WARN_COMMA = YES;
				CLANG_WARN_CONSTANT_CONVERSION = YES;
				CLANG_WARN_DEPRECATED_OBJC_IMPLEMENTATIONS = YES;
				CLANG_WARN_DIRECT_OBJC_ISA_USAGE = YES_ERROR;
				CLANG_WARN_DOCUMENTATION_COMMENTS = YES;
				CLANG_WARN_EMPTY_BODY = YES;
				CLANG_WARN_ENUM_CONVERSION = YES;
				CLANG_WARN_INFINITE_RECURSION = YES;
				CLANG_WARN_INT_CONVERSION = YES;
				CLANG_WARN_NON_LITERAL_NULL_CONVERSION = YES;
				CLANG_WARN_OBJC_IMPLICIT_RETAIN_SELF = YES;
				CLANG_WARN_OBJC_LITERAL_CONVERSION = YES;
				CLANG_WARN_OBJC_ROOT_CLASS = YES_ERROR;
				CLANG_WARN_RANGE_LOOP_ANALYSIS = YES;
				CLANG_WARN_STRICT_PROTOTYPES = YES;
				CLANG_WARN_SUSPICIOUS_MOVE = YES;
				CLANG_WARN_UNGUARDED_AVAILABILITY = YES_AGGRESSIVE;
				CLANG_WARN_UNREACHABLE_CODE = YES;
				CLANG_WARN__DUPLICATE_METHOD_MATCH = YES;
				CODE_SIGN_IDENTITY = "iPhone Developer";
				COPY_PHASE_STRIP = NO;
				DEBUG_INFORMATION_FORMAT = "dwarf-with-dsym";
				ENABLE_NS_ASSERTIONS = NO;
				ENABLE_STRICT_OBJC_MSGSEND = YES;
				GCC_C_LANGUAGE_STANDARD = gnu11;
				GCC_NO_COMMON_BLOCKS = YES;
				GCC_WARN_64_TO_32_BIT_CONVERSION = YES;
				GCC_WARN_ABOUT_RETURN_TYPE = YES_ERROR;
				GCC_WARN_UNDECLARED_SELECTOR = YES;
				GCC_WARN_UNINITIALIZED_AUTOS = YES_AGGRESSIVE;
				GCC_WARN_UNUSED_FUNCTION = YES;
				GCC_WARN_UNUSED_VARIABLE = YES;
				IPHONEOS_DEPLOYMENT_TARGET = 11.4;
				MTL_ENABLE_DEBUG_INFO = NO;
				SDKROOT = iphoneos;
				SWIFT_COMPILATION_MODE = wholemodule;
				SWIFT_OPTIMIZATION_LEVEL = "-O";
				VALIDATE_PRODUCT = YES;
			};
			name = Release;
		};
		361099B320EEC748004D3169 /* Debug */ = {
			isa = XCBuildConfiguration;
			baseConfigurationReference = 6D7BBD10E255270C85491E3D /* Pods-SantanderTeste.debug.xcconfig */;
			buildSettings = {
				ASSETCATALOG_COMPILER_APPICON_NAME = AppIcon;
				CODE_SIGN_STYLE = Automatic;
				INFOPLIST_FILE = SantanderTeste/Info.plist;
				LD_RUNPATH_SEARCH_PATHS = (
					"$(inherited)",
					"@executable_path/Frameworks",
				);
				PRODUCT_BUNDLE_IDENTIFIER = gerson.SantanderTeste;
				PRODUCT_NAME = "$(TARGET_NAME)";
				SWIFT_VERSION = 4.0;
				TARGETED_DEVICE_FAMILY = "1,2";
			};
			name = Debug;
		};
		361099B420EEC748004D3169 /* Release */ = {
			isa = XCBuildConfiguration;
			baseConfigurationReference = 2273B98CCEA1975BDE034BCD /* Pods-SantanderTeste.release.xcconfig */;
			buildSettings = {
				ASSETCATALOG_COMPILER_APPICON_NAME = AppIcon;
				CODE_SIGN_STYLE = Automatic;
				INFOPLIST_FILE = SantanderTeste/Info.plist;
				LD_RUNPATH_SEARCH_PATHS = (
					"$(inherited)",
					"@executable_path/Frameworks",
				);
				PRODUCT_BUNDLE_IDENTIFIER = gerson.SantanderTeste;
				PRODUCT_NAME = "$(TARGET_NAME)";
				SWIFT_VERSION = 4.0;
				TARGETED_DEVICE_FAMILY = "1,2";
			};
			name = Release;
		};
		361099B620EEC748004D3169 /* Debug */ = {
			isa = XCBuildConfiguration;
			baseConfigurationReference = DAD8EF2038594E3724302E09 /* Pods-SantanderTesteTests.debug.xcconfig */;
			buildSettings = {
				ALWAYS_EMBED_SWIFT_STANDARD_LIBRARIES = YES;
				BUNDLE_LOADER = "$(TEST_HOST)";
				CODE_SIGN_STYLE = Automatic;
				INFOPLIST_FILE = SantanderTesteTests/Info.plist;
				LD_RUNPATH_SEARCH_PATHS = (
					"$(inherited)",
					"@executable_path/Frameworks",
					"@loader_path/Frameworks",
				);
				PRODUCT_BUNDLE_IDENTIFIER = gerson.SantanderTesteTests;
				PRODUCT_NAME = "$(TARGET_NAME)";
				SWIFT_VERSION = 4.0;
				TARGETED_DEVICE_FAMILY = "1,2";
				TEST_HOST = "$(BUILT_PRODUCTS_DIR)/SantanderTeste.app/SantanderTeste";
			};
			name = Debug;
		};
		361099B720EEC748004D3169 /* Release */ = {
			isa = XCBuildConfiguration;
			baseConfigurationReference = 32F6CB7566806A958ADF17C5 /* Pods-SantanderTesteTests.release.xcconfig */;
			buildSettings = {
				ALWAYS_EMBED_SWIFT_STANDARD_LIBRARIES = YES;
				BUNDLE_LOADER = "$(TEST_HOST)";
				CODE_SIGN_STYLE = Automatic;
				INFOPLIST_FILE = SantanderTesteTests/Info.plist;
				LD_RUNPATH_SEARCH_PATHS = (
					"$(inherited)",
					"@executable_path/Frameworks",
					"@loader_path/Frameworks",
				);
				PRODUCT_BUNDLE_IDENTIFIER = gerson.SantanderTesteTests;
				PRODUCT_NAME = "$(TARGET_NAME)";
				SWIFT_VERSION = 4.0;
				TARGETED_DEVICE_FAMILY = "1,2";
				TEST_HOST = "$(BUILT_PRODUCTS_DIR)/SantanderTeste.app/SantanderTeste";
			};
			name = Release;
		};
		361099B920EEC748004D3169 /* Debug */ = {
			isa = XCBuildConfiguration;
			baseConfigurationReference = 319C4FE8E36C6CC16514C7F9 /* Pods-SantanderTesteUITests.debug.xcconfig */;
			buildSettings = {
				ALWAYS_EMBED_SWIFT_STANDARD_LIBRARIES = YES;
				CODE_SIGN_STYLE = Automatic;
				INFOPLIST_FILE = SantanderTesteUITests/Info.plist;
				LD_RUNPATH_SEARCH_PATHS = (
					"$(inherited)",
					"@executable_path/Frameworks",
					"@loader_path/Frameworks",
				);
				PRODUCT_BUNDLE_IDENTIFIER = gerson.SantanderTesteUITests;
				PRODUCT_NAME = "$(TARGET_NAME)";
				SWIFT_VERSION = 4.0;
				TARGETED_DEVICE_FAMILY = "1,2";
				TEST_TARGET_NAME = SantanderTeste;
			};
			name = Debug;
		};
		361099BA20EEC748004D3169 /* Release */ = {
			isa = XCBuildConfiguration;
			baseConfigurationReference = BB12470557D032AC13DB2917 /* Pods-SantanderTesteUITests.release.xcconfig */;
			buildSettings = {
				ALWAYS_EMBED_SWIFT_STANDARD_LIBRARIES = YES;
				CODE_SIGN_STYLE = Automatic;
				INFOPLIST_FILE = SantanderTesteUITests/Info.plist;
				LD_RUNPATH_SEARCH_PATHS = (
					"$(inherited)",
					"@executable_path/Frameworks",
					"@loader_path/Frameworks",
				);
				PRODUCT_BUNDLE_IDENTIFIER = gerson.SantanderTesteUITests;
				PRODUCT_NAME = "$(TARGET_NAME)";
				SWIFT_VERSION = 4.0;
				TARGETED_DEVICE_FAMILY = "1,2";
				TEST_TARGET_NAME = SantanderTeste;
			};
			name = Release;
		};
/* End XCBuildConfiguration section */

/* Begin XCConfigurationList section */
		3610998520EEC747004D3169 /* Build configuration list for PBXProject "SantanderTeste" */ = {
			isa = XCConfigurationList;
			buildConfigurations = (
				361099B020EEC748004D3169 /* Debug */,
				361099B120EEC748004D3169 /* Release */,
			);
			defaultConfigurationIsVisible = 0;
			defaultConfigurationName = Release;
		};
		361099B220EEC748004D3169 /* Build configuration list for PBXNativeTarget "SantanderTeste" */ = {
			isa = XCConfigurationList;
			buildConfigurations = (
				361099B320EEC748004D3169 /* Debug */,
				361099B420EEC748004D3169 /* Release */,
			);
			defaultConfigurationIsVisible = 0;
			defaultConfigurationName = Release;
		};
		361099B520EEC748004D3169 /* Build configuration list for PBXNativeTarget "SantanderTesteTests" */ = {
			isa = XCConfigurationList;
			buildConfigurations = (
				361099B620EEC748004D3169 /* Debug */,
				361099B720EEC748004D3169 /* Release */,
			);
			defaultConfigurationIsVisible = 0;
			defaultConfigurationName = Release;
		};
		361099B820EEC748004D3169 /* Build configuration list for PBXNativeTarget "SantanderTesteUITests" */ = {
			isa = XCConfigurationList;
			buildConfigurations = (
				361099B920EEC748004D3169 /* Debug */,
				361099BA20EEC748004D3169 /* Release */,
			);
			defaultConfigurationIsVisible = 0;
			defaultConfigurationName = Release;
		};
/* End XCConfigurationList section */
	};
	rootObject = 3610998220EEC747004D3169 /* Project object */;
}
