// !$*UTF8*$!
{
	archiveVersion = 1;
	classes = {
	};
	objectVersion = 50;
	objects = {

/* Begin PBXBuildFile section */
		1FB4E1BF20ADFC060068F91C /* Label+spaceLine.swift in Sources */ = {isa = PBXBuildFile; fileRef = 1FB4E1BE20ADFC060068F91C /* Label+spaceLine.swift */; };
		1FB4E1C120AE03D10068F91C /* WebViewController.swift in Sources */ = {isa = PBXBuildFile; fileRef = 1FB4E1C020AE03D10068F91C /* WebViewController.swift */; };
		1FD8997920AB094A00256FEA /* AppDelegate.swift in Sources */ = {isa = PBXBuildFile; fileRef = 1FD8997820AB094A00256FEA /* AppDelegate.swift */; };
		1FD8997B20AB094A00256FEA /* HomeViewController.swift in Sources */ = {isa = PBXBuildFile; fileRef = 1FD8997A20AB094A00256FEA /* HomeViewController.swift */; };
		1FD8997E20AB094A00256FEA /* Main.storyboard in Resources */ = {isa = PBXBuildFile; fileRef = 1FD8997C20AB094A00256FEA /* Main.storyboard */; };
		1FD8998020AB094C00256FEA /* Assets.xcassets in Resources */ = {isa = PBXBuildFile; fileRef = 1FD8997F20AB094C00256FEA /* Assets.xcassets */; };
		1FD8998320AB094C00256FEA /* LaunchScreen.storyboard in Resources */ = {isa = PBXBuildFile; fileRef = 1FD8998120AB094C00256FEA /* LaunchScreen.storyboard */; };
		1FD8998E20AB09B500256FEA /* Button.swift in Sources */ = {isa = PBXBuildFile; fileRef = 1FD8998D20AB09B500256FEA /* Button.swift */; };
		1FD8999120AB132F00256FEA /* DINEngschriftStd.otf in Resources */ = {isa = PBXBuildFile; fileRef = 1FD8999020AB132F00256FEA /* DINEngschriftStd.otf */; };
		1FD8999320AB141C00256FEA /* DINMittelschriftStd.otf in Resources */ = {isa = PBXBuildFile; fileRef = 1FD8999220AB141C00256FEA /* DINMittelschriftStd.otf */; };
		1FD8999B20AB200600256FEA /* DINNeuzeitGroteskStd-BdCond.otf in Resources */ = {isa = PBXBuildFile; fileRef = 1FD8999420AB200400256FEA /* DINNeuzeitGroteskStd-BdCond.otf */; };
		1FD8999C20AB200600256FEA /* DINPro-Medium.otf in Resources */ = {isa = PBXBuildFile; fileRef = 1FD8999520AB200400256FEA /* DINPro-Medium.otf */; };
		1FD8999D20AB200600256FEA /* DINNeuzeitGroteskStd-Light.otf in Resources */ = {isa = PBXBuildFile; fileRef = 1FD8999620AB200400256FEA /* DINNeuzeitGroteskStd-Light.otf */; };
		1FD8999E20AB200600256FEA /* DINPro-Light.otf in Resources */ = {isa = PBXBuildFile; fileRef = 1FD8999720AB200500256FEA /* DINPro-Light.otf */; };
		1FD8999F20AB200600256FEA /* DINPro-Regular.otf in Resources */ = {isa = PBXBuildFile; fileRef = 1FD8999820AB200500256FEA /* DINPro-Regular.otf */; };
		1FD899A020AB200600256FEA /* DINPro-Black.otf in Resources */ = {isa = PBXBuildFile; fileRef = 1FD8999920AB200600256FEA /* DINPro-Black.otf */; };
		1FD899A120AB200600256FEA /* DINPro-Bold.otf in Resources */ = {isa = PBXBuildFile; fileRef = 1FD8999A20AB200600256FEA /* DINPro-Bold.otf */; };
		1FD899A820AB658300256FEA /* InvestmentViewController.swift in Sources */ = {isa = PBXBuildFile; fileRef = 1FD899A720AB658300256FEA /* InvestmentViewController.swift */; };
		1FD899AA20AB6BF500256FEA /* WebService.swift in Sources */ = {isa = PBXBuildFile; fileRef = 1FD899A920AB6BF500256FEA /* WebService.swift */; };
		1FD899AC20AB6C6F00256FEA /* Investment.swift in Sources */ = {isa = PBXBuildFile; fileRef = 1FD899AB20AB6C6F00256FEA /* Investment.swift */; };
		1FD899AE20AB732B00256FEA /* InvestmentRequest.swift in Sources */ = {isa = PBXBuildFile; fileRef = 1FD899AD20AB732B00256FEA /* InvestmentRequest.swift */; };
		1FD899B020AB738700256FEA /* ServerData.swift in Sources */ = {isa = PBXBuildFile; fileRef = 1FD899AF20AB738700256FEA /* ServerData.swift */; };
/* End PBXBuildFile section */

/* Begin PBXFileReference section */
		1FB4E1BE20ADFC060068F91C /* Label+spaceLine.swift */ = {isa = PBXFileReference; lastKnownFileType = sourcecode.swift; path = "Label+spaceLine.swift"; sourceTree = "<group>"; };
		1FB4E1C020AE03D10068F91C /* WebViewController.swift */ = {isa = PBXFileReference; lastKnownFileType = sourcecode.swift; path = WebViewController.swift; sourceTree = "<group>"; };
		1FD8997520AB094A00256FEA /* TesteiOS.app */ = {isa = PBXFileReference; explicitFileType = wrapper.application; includeInIndex = 0; path = TesteiOS.app; sourceTree = BUILT_PRODUCTS_DIR; };
		1FD8997820AB094A00256FEA /* AppDelegate.swift */ = {isa = PBXFileReference; lastKnownFileType = sourcecode.swift; path = AppDelegate.swift; sourceTree = "<group>"; };
		1FD8997A20AB094A00256FEA /* HomeViewController.swift */ = {isa = PBXFileReference; lastKnownFileType = sourcecode.swift; path = HomeViewController.swift; sourceTree = "<group>"; };
		1FD8997D20AB094A00256FEA /* Base */ = {isa = PBXFileReference; lastKnownFileType = file.storyboard; name = Base; path = Base.lproj/Main.storyboard; sourceTree = "<group>"; };
		1FD8997F20AB094C00256FEA /* Assets.xcassets */ = {isa = PBXFileReference; lastKnownFileType = folder.assetcatalog; path = Assets.xcassets; sourceTree = "<group>"; };
		1FD8998220AB094C00256FEA /* Base */ = {isa = PBXFileReference; lastKnownFileType = file.storyboard; name = Base; path = Base.lproj/LaunchScreen.storyboard; sourceTree = "<group>"; };
		1FD8998420AB094C00256FEA /* Info.plist */ = {isa = PBXFileReference; lastKnownFileType = text.plist.xml; path = Info.plist; sourceTree = "<group>"; };
		1FD8998D20AB09B500256FEA /* Button.swift */ = {isa = PBXFileReference; lastKnownFileType = sourcecode.swift; path = Button.swift; sourceTree = "<group>"; };
		1FD8999020AB132F00256FEA /* DINEngschriftStd.otf */ = {isa = PBXFileReference; lastKnownFileType = file; path = DINEngschriftStd.otf; sourceTree = "<group>"; };
		1FD8999220AB141C00256FEA /* DINMittelschriftStd.otf */ = {isa = PBXFileReference; lastKnownFileType = file; path = DINMittelschriftStd.otf; sourceTree = "<group>"; };
		1FD8999420AB200400256FEA /* DINNeuzeitGroteskStd-BdCond.otf */ = {isa = PBXFileReference; lastKnownFileType = file; path = "DINNeuzeitGroteskStd-BdCond.otf"; sourceTree = "<group>"; };
		1FD8999520AB200400256FEA /* DINPro-Medium.otf */ = {isa = PBXFileReference; lastKnownFileType = file; path = "DINPro-Medium.otf"; sourceTree = "<group>"; };
		1FD8999620AB200400256FEA /* DINNeuzeitGroteskStd-Light.otf */ = {isa = PBXFileReference; lastKnownFileType = file; path = "DINNeuzeitGroteskStd-Light.otf"; sourceTree = "<group>"; };
		1FD8999720AB200500256FEA /* DINPro-Light.otf */ = {isa = PBXFileReference; lastKnownFileType = file; path = "DINPro-Light.otf"; sourceTree = "<group>"; };
		1FD8999820AB200500256FEA /* DINPro-Regular.otf */ = {isa = PBXFileReference; lastKnownFileType = file; path = "DINPro-Regular.otf"; sourceTree = "<group>"; };
		1FD8999920AB200600256FEA /* DINPro-Black.otf */ = {isa = PBXFileReference; lastKnownFileType = file; path = "DINPro-Black.otf"; sourceTree = "<group>"; };
		1FD8999A20AB200600256FEA /* DINPro-Bold.otf */ = {isa = PBXFileReference; lastKnownFileType = file; path = "DINPro-Bold.otf"; sourceTree = "<group>"; };
		1FD899A720AB658300256FEA /* InvestmentViewController.swift */ = {isa = PBXFileReference; lastKnownFileType = sourcecode.swift; name = InvestmentViewController.swift; path = ../../../InvestmentViewController.swift; sourceTree = "<group>"; };
		1FD899A920AB6BF500256FEA /* WebService.swift */ = {isa = PBXFileReference; lastKnownFileType = sourcecode.swift; name = WebService.swift; path = ../../../WebService.swift; sourceTree = "<group>"; };
		1FD899AB20AB6C6F00256FEA /* Investment.swift */ = {isa = PBXFileReference; lastKnownFileType = sourcecode.swift; name = Investment.swift; path = ../../../Investment.swift; sourceTree = "<group>"; };
		1FD899AD20AB732B00256FEA /* InvestmentRequest.swift */ = {isa = PBXFileReference; lastKnownFileType = sourcecode.swift; name = InvestmentRequest.swift; path = ../../../InvestmentRequest.swift; sourceTree = "<group>"; };
		1FD899AF20AB738700256FEA /* ServerData.swift */ = {isa = PBXFileReference; lastKnownFileType = sourcecode.swift; name = ServerData.swift; path = ../../../ServerData.swift; sourceTree = "<group>"; };
/* End PBXFileReference section */

/* Begin PBXFrameworksBuildPhase section */
		1FD8997220AB094A00256FEA /* Frameworks */ = {
			isa = PBXFrameworksBuildPhase;
			buildActionMask = 2147483647;
			files = (
			);
			runOnlyForDeploymentPostprocessing = 0;
		};
/* End PBXFrameworksBuildPhase section */

/* Begin PBXGroup section */
		1FD8996C20AB094A00256FEA = {
			isa = PBXGroup;
			children = (
				1FD8997720AB094A00256FEA /* TesteiOS */,
				1FD8997620AB094A00256FEA /* Products */,
			);
			sourceTree = "<group>";
		};
		1FD8997620AB094A00256FEA /* Products */ = {
			isa = PBXGroup;
			children = (
				1FD8997520AB094A00256FEA /* TesteiOS.app */,
			);
			name = Products;
			sourceTree = "<group>";
		};
		1FD8997720AB094A00256FEA /* TesteiOS */ = {
			isa = PBXGroup;
			children = (
				1FD8997820AB094A00256FEA /* AppDelegate.swift */,
				1FD8998F20AB130500256FEA /* Files */,
				1FD8998C20AB098B00256FEA /* Model */,
				1FD8998B20AB097D00256FEA /* View */,
				1FD8998A20AB096B00256FEA /* Controller */,
				1FD8997F20AB094C00256FEA /* Assets.xcassets */,
				1FD8998420AB094C00256FEA /* Info.plist */,
			);
			path = TesteiOS;
			sourceTree = "<group>";
		};
		1FD8998A20AB096B00256FEA /* Controller */ = {
			isa = PBXGroup;
			children = (
				1FD8997A20AB094A00256FEA /* HomeViewController.swift */,
				1FD899A720AB658300256FEA /* InvestmentViewController.swift */,
				1FB4E1C020AE03D10068F91C /* WebViewController.swift */,
			);
			path = Controller;
			sourceTree = "<group>";
		};
		1FD8998B20AB097D00256FEA /* View */ = {
			isa = PBXGroup;
			children = (
				1FD8997C20AB094A00256FEA /* Main.storyboard */,
				1FD8998120AB094C00256FEA /* LaunchScreen.storyboard */,
				1FD8998D20AB09B500256FEA /* Button.swift */,
				1FB4E1BE20ADFC060068F91C /* Label+spaceLine.swift */,
			);
			path = View;
			sourceTree = "<group>";
		};
		1FD8998C20AB098B00256FEA /* Model */ = {
			isa = PBXGroup;
			children = (
				1FD899AF20AB738700256FEA /* ServerData.swift */,
				1FD899A920AB6BF500256FEA /* WebService.swift */,
				1FD899AB20AB6C6F00256FEA /* Investment.swift */,
				1FD899AD20AB732B00256FEA /* InvestmentRequest.swift */,
			);
			path = Model;
			sourceTree = "<group>";
		};
		1FD8998F20AB130500256FEA /* Files */ = {
			isa = PBXGroup;
			children = (
				1FD8999020AB132F00256FEA /* DINEngschriftStd.otf */,
				1FD8999220AB141C00256FEA /* DINMittelschriftStd.otf */,
				1FD8999420AB200400256FEA /* DINNeuzeitGroteskStd-BdCond.otf */,
				1FD8999620AB200400256FEA /* DINNeuzeitGroteskStd-Light.otf */,
				1FD8999920AB200600256FEA /* DINPro-Black.otf */,
				1FD8999A20AB200600256FEA /* DINPro-Bold.otf */,
				1FD8999720AB200500256FEA /* DINPro-Light.otf */,
				1FD8999520AB200400256FEA /* DINPro-Medium.otf */,
				1FD8999820AB200500256FEA /* DINPro-Regular.otf */,
			);
			path = Files;
			sourceTree = "<group>";
		};
/* End PBXGroup section */

/* Begin PBXNativeTarget section */
		1FD8997420AB094A00256FEA /* TesteiOS */ = {
			isa = PBXNativeTarget;
			buildConfigurationList = 1FD8998720AB094C00256FEA /* Build configuration list for PBXNativeTarget "TesteiOS" */;
			buildPhases = (
				1FD8997120AB094A00256FEA /* Sources */,
				1FD8997220AB094A00256FEA /* Frameworks */,
				1FD8997320AB094A00256FEA /* Resources */,
			);
			buildRules = (
			);
			dependencies = (
			);
			name = TesteiOS;
			productName = TesteiOS;
			productReference = 1FD8997520AB094A00256FEA /* TesteiOS.app */;
			productType = "com.apple.product-type.application";
		};
/* End PBXNativeTarget section */

/* Begin PBXProject section */
		1FD8996D20AB094A00256FEA /* Project object */ = {
			isa = PBXProject;
			attributes = {
				LastSwiftUpdateCheck = 0930;
				LastUpgradeCheck = 0930;
				ORGANIZATIONNAME = "Luan Orlando";
				TargetAttributes = {
					1FD8997420AB094A00256FEA = {
						CreatedOnToolsVersion = 9.3;
					};
				};
			};
			buildConfigurationList = 1FD8997020AB094A00256FEA /* Build configuration list for PBXProject "TesteiOS" */;
			compatibilityVersion = "Xcode 9.3";
			developmentRegion = en;
			hasScannedForEncodings = 0;
			knownRegions = (
				en,
				Base,
			);
			mainGroup = 1FD8996C20AB094A00256FEA;
			productRefGroup = 1FD8997620AB094A00256FEA /* Products */;
			projectDirPath = "";
			projectRoot = "";
			targets = (
				1FD8997420AB094A00256FEA /* TesteiOS */,
			);
		};
/* End PBXProject section */

/* Begin PBXResourcesBuildPhase section */
		1FD8997320AB094A00256FEA /* Resources */ = {
			isa = PBXResourcesBuildPhase;
			buildActionMask = 2147483647;
			files = (
				1FD8999F20AB200600256FEA /* DINPro-Regular.otf in Resources */,
				1FD8999B20AB200600256FEA /* DINNeuzeitGroteskStd-BdCond.otf in Resources */,
				1FD8998320AB094C00256FEA /* LaunchScreen.storyboard in Resources */,
				1FD8998020AB094C00256FEA /* Assets.xcassets in Resources */,
				1FD899A120AB200600256FEA /* DINPro-Bold.otf in Resources */,
				1FD8999D20AB200600256FEA /* DINNeuzeitGroteskStd-Light.otf in Resources */,
				1FD8999120AB132F00256FEA /* DINEngschriftStd.otf in Resources */,
				1FD8997E20AB094A00256FEA /* Main.storyboard in Resources */,
				1FD8999320AB141C00256FEA /* DINMittelschriftStd.otf in Resources */,
				1FD899A020AB200600256FEA /* DINPro-Black.otf in Resources */,
				1FD8999C20AB200600256FEA /* DINPro-Medium.otf in Resources */,
				1FD8999E20AB200600256FEA /* DINPro-Light.otf in Resources */,
			);
			runOnlyForDeploymentPostprocessing = 0;
		};
/* End PBXResourcesBuildPhase section */

/* Begin PBXSourcesBuildPhase section */
		1FD8997120AB094A00256FEA /* Sources */ = {
			isa = PBXSourcesBuildPhase;
			buildActionMask = 2147483647;
			files = (
				1FD899AE20AB732B00256FEA /* InvestmentRequest.swift in Sources */,
				1FB4E1BF20ADFC060068F91C /* Label+spaceLine.swift in Sources */,
				1FD899AA20AB6BF500256FEA /* WebService.swift in Sources */,
				1FB4E1C120AE03D10068F91C /* WebViewController.swift in Sources */,
				1FD8997B20AB094A00256FEA /* HomeViewController.swift in Sources */,
				1FD899A820AB658300256FEA /* InvestmentViewController.swift in Sources */,
				1FD8998E20AB09B500256FEA /* Button.swift in Sources */,
				1FD899B020AB738700256FEA /* ServerData.swift in Sources */,
				1FD8997920AB094A00256FEA /* AppDelegate.swift in Sources */,
				1FD899AC20AB6C6F00256FEA /* Investment.swift in Sources */,
			);
			runOnlyForDeploymentPostprocessing = 0;
		};
/* End PBXSourcesBuildPhase section */

/* Begin PBXVariantGroup section */
		1FD8997C20AB094A00256FEA /* Main.storyboard */ = {
			isa = PBXVariantGroup;
			children = (
				1FD8997D20AB094A00256FEA /* Base */,
			);
			name = Main.storyboard;
			sourceTree = "<group>";
		};
		1FD8998120AB094C00256FEA /* LaunchScreen.storyboard */ = {
			isa = PBXVariantGroup;
			children = (
				1FD8998220AB094C00256FEA /* Base */,
			);
			name = LaunchScreen.storyboard;
			sourceTree = "<group>";
		};
/* End PBXVariantGroup section */

/* Begin XCBuildConfiguration section */
		1FD8998520AB094C00256FEA /* Debug */ = {
			isa = XCBuildConfiguration;
			buildSettings = {
				ALWAYS_SEARCH_USER_PATHS = NO;
				CLANG_ANALYZER_NONNULL = YES;
				CLANG_ANALYZER_NUMBER_OBJECT_CONVERSION = YES_AGGRESSIVE;
				CLANG_CXX_LANGUAGE_STANDARD = "gnu++14";
				CLANG_CXX_LIBRARY = "libc++";
				CLANG_ENABLE_MODULES = YES;
				CLANG_ENABLE_OBJC_ARC = YES;
				CLANG_ENABLE_OBJC_WEAK = YES;
				CLANG_WARN_BLOCK_CAPTURE_AUTORELEASING = YES;
				CLANG_WARN_BOOL_CONVERSION = YES;
				CLANG_WARN_COMMA = YES;
				CLANG_WARN_CONSTANT_CONVERSION = YES;
				CLANG_WARN_DEPRECATED_OBJC_IMPLEMENTATIONS = YES;
				CLANG_WARN_DIRECT_OBJC_ISA_USAGE = YES_ERROR;
				CLANG_WARN_DOCUMENTATION_COMMENTS = YES;
				CLANG_WARN_EMPTY_BODY = YES;
				CLANG_WARN_ENUM_CONVERSION = YES;
				CLANG_WARN_INFINITE_RECURSION = YES;
				CLANG_WARN_INT_CONVERSION = YES;
				CLANG_WARN_NON_LITERAL_NULL_CONVERSION = YES;
				CLANG_WARN_OBJC_IMPLICIT_RETAIN_SELF = YES;
				CLANG_WARN_OBJC_LITERAL_CONVERSION = YES;
				CLANG_WARN_OBJC_ROOT_CLASS = YES_ERROR;
				CLANG_WARN_RANGE_LOOP_ANALYSIS = YES;
				CLANG_WARN_STRICT_PROTOTYPES = YES;
				CLANG_WARN_SUSPICIOUS_MOVE = YES;
				CLANG_WARN_UNGUARDED_AVAILABILITY = YES_AGGRESSIVE;
				CLANG_WARN_UNREACHABLE_CODE = YES;
				CLANG_WARN__DUPLICATE_METHOD_MATCH = YES;
				CODE_SIGN_IDENTITY = "iPhone Developer";
				COPY_PHASE_STRIP = NO;
				DEBUG_INFORMATION_FORMAT = dwarf;
				ENABLE_STRICT_OBJC_MSGSEND = YES;
				ENABLE_TESTABILITY = YES;
				GCC_C_LANGUAGE_STANDARD = gnu11;
				GCC_DYNAMIC_NO_PIC = NO;
				GCC_NO_COMMON_BLOCKS = YES;
				GCC_OPTIMIZATION_LEVEL = 0;
				GCC_PREPROCESSOR_DEFINITIONS = (
					"DEBUG=1",
					"$(inherited)",
				);
				GCC_WARN_64_TO_32_BIT_CONVERSION = YES;
				GCC_WARN_ABOUT_RETURN_TYPE = YES_ERROR;
				GCC_WARN_UNDECLARED_SELECTOR = YES;
				GCC_WARN_UNINITIALIZED_AUTOS = YES_AGGRESSIVE;
				GCC_WARN_UNUSED_FUNCTION = YES;
				GCC_WARN_UNUSED_VARIABLE = YES;
				IPHONEOS_DEPLOYMENT_TARGET = 11.3;
				MTL_ENABLE_DEBUG_INFO = YES;
				ONLY_ACTIVE_ARCH = YES;
				SDKROOT = iphoneos;
				SWIFT_ACTIVE_COMPILATION_CONDITIONS = DEBUG;
				SWIFT_OPTIMIZATION_LEVEL = "-Onone";
			};
			name = Debug;
		};
		1FD8998620AB094C00256FEA /* Release */ = {
			isa = XCBuildConfiguration;
			buildSettings = {
				ALWAYS_SEARCH_USER_PATHS = NO;
				CLANG_ANALYZER_NONNULL = YES;
				CLANG_ANALYZER_NUMBER_OBJECT_CONVERSION = YES_AGGRESSIVE;
				CLANG_CXX_LANGUAGE_STANDARD = "gnu++14";
				CLANG_CXX_LIBRARY = "libc++";
				CLANG_ENABLE_MODULES = YES;
				CLANG_ENABLE_OBJC_ARC = YES;
				CLANG_ENABLE_OBJC_WEAK = YES;
				CLANG_WARN_BLOCK_CAPTURE_AUTORELEASING = YES;
				CLANG_WARN_BOOL_CONVERSION = YES;
				CLANG_WARN_COMMA = YES;
				CLANG_WARN_CONSTANT_CONVERSION = YES;
				CLANG_WARN_DEPRECATED_OBJC_IMPLEMENTATIONS = YES;
				CLANG_WARN_DIRECT_OBJC_ISA_USAGE = YES_ERROR;
				CLANG_WARN_DOCUMENTATION_COMMENTS = YES;
				CLANG_WARN_EMPTY_BODY = YES;
				CLANG_WARN_ENUM_CONVERSION = YES;
				CLANG_WARN_INFINITE_RECURSION = YES;
				CLANG_WARN_INT_CONVERSION = YES;
				CLANG_WARN_NON_LITERAL_NULL_CONVERSION = YES;
				CLANG_WARN_OBJC_IMPLICIT_RETAIN_SELF = YES;
				CLANG_WARN_OBJC_LITERAL_CONVERSION = YES;
				CLANG_WARN_OBJC_ROOT_CLASS = YES_ERROR;
				CLANG_WARN_RANGE_LOOP_ANALYSIS = YES;
				CLANG_WARN_STRICT_PROTOTYPES = YES;
				CLANG_WARN_SUSPICIOUS_MOVE = YES;
				CLANG_WARN_UNGUARDED_AVAILABILITY = YES_AGGRESSIVE;
				CLANG_WARN_UNREACHABLE_CODE = YES;
				CLANG_WARN__DUPLICATE_METHOD_MATCH = YES;
				CODE_SIGN_IDENTITY = "iPhone Developer";
				COPY_PHASE_STRIP = NO;
				DEBUG_INFORMATION_FORMAT = "dwarf-with-dsym";
				ENABLE_NS_ASSERTIONS = NO;
				ENABLE_STRICT_OBJC_MSGSEND = YES;
				GCC_C_LANGUAGE_STANDARD = gnu11;
				GCC_NO_COMMON_BLOCKS = YES;
				GCC_WARN_64_TO_32_BIT_CONVERSION = YES;
				GCC_WARN_ABOUT_RETURN_TYPE = YES_ERROR;
				GCC_WARN_UNDECLARED_SELECTOR = YES;
				GCC_WARN_UNINITIALIZED_AUTOS = YES_AGGRESSIVE;
				GCC_WARN_UNUSED_FUNCTION = YES;
				GCC_WARN_UNUSED_VARIABLE = YES;
				IPHONEOS_DEPLOYMENT_TARGET = 11.3;
				MTL_ENABLE_DEBUG_INFO = NO;
				SDKROOT = iphoneos;
				SWIFT_COMPILATION_MODE = wholemodule;
				SWIFT_OPTIMIZATION_LEVEL = "-O";
				VALIDATE_PRODUCT = YES;
			};
			name = Release;
		};
		1FD8998820AB094C00256FEA /* Debug */ = {
			isa = XCBuildConfiguration;
			buildSettings = {
				ASSETCATALOG_COMPILER_APPICON_NAME = AppIcon;
				CODE_SIGN_STYLE = Automatic;
				DEVELOPMENT_TEAM = 67466Z8U9C;
				INFOPLIST_FILE = TesteiOS/Info.plist;
				LD_RUNPATH_SEARCH_PATHS = (
					"$(inherited)",
					"@executable_path/Frameworks",
				);
				PRODUCT_BUNDLE_IDENTIFIER = "com.Luan-Orlando.TesteiOS";
				PRODUCT_NAME = "$(TARGET_NAME)";
				SWIFT_VERSION = 4.0;
				TARGETED_DEVICE_FAMILY = "1,2";
			};
			name = Debug;
		};
		1FD8998920AB094C00256FEA /* Release */ = {
			isa = XCBuildConfiguration;
			buildSettings = {
				ASSETCATALOG_COMPILER_APPICON_NAME = AppIcon;
				CODE_SIGN_STYLE = Automatic;
				DEVELOPMENT_TEAM = 67466Z8U9C;
				INFOPLIST_FILE = TesteiOS/Info.plist;
				LD_RUNPATH_SEARCH_PATHS = (
					"$(inherited)",
					"@executable_path/Frameworks",
				);
				PRODUCT_BUNDLE_IDENTIFIER = "com.Luan-Orlando.TesteiOS";
				PRODUCT_NAME = "$(TARGET_NAME)";
				SWIFT_VERSION = 4.0;
				TARGETED_DEVICE_FAMILY = "1,2";
			};
			name = Release;
		};
/* End XCBuildConfiguration section */

/* Begin XCConfigurationList section */
		1FD8997020AB094A00256FEA /* Build configuration list for PBXProject "TesteiOS" */ = {
			isa = XCConfigurationList;
			buildConfigurations = (
				1FD8998520AB094C00256FEA /* Debug */,
				1FD8998620AB094C00256FEA /* Release */,
			);
			defaultConfigurationIsVisible = 0;
			defaultConfigurationName = Release;
		};
		1FD8998720AB094C00256FEA /* Build configuration list for PBXNativeTarget "TesteiOS" */ = {
			isa = XCConfigurationList;
			buildConfigurations = (
				1FD8998820AB094C00256FEA /* Debug */,
				1FD8998920AB094C00256FEA /* Release */,
			);
			defaultConfigurationIsVisible = 0;
			defaultConfigurationName = Release;
		};
/* End XCConfigurationList section */
	};
	rootObject = 1FD8996D20AB094A00256FEA /* Project object */;
}
