// !$*UTF8*$!
{
	archiveVersion = 1;
	classes = {
	};
	objectVersion = 50;
	objects = {

/* Begin PBXBuildFile section */
		1804835B20A9C74D00CC2620 /* Validations.swift in Sources */ = {isa = PBXBuildFile; fileRef = 1804835A20A9C74D00CC2620 /* Validations.swift */; };
		181D762020A7E97D00288046 /* ContactTextTableViewCell.swift in Sources */ = {isa = PBXBuildFile; fileRef = 181D761E20A7E97D00288046 /* ContactTextTableViewCell.swift */; };
		181D762120A7E97D00288046 /* ContactTextTableViewCell.xib in Resources */ = {isa = PBXBuildFile; fileRef = 181D761F20A7E97D00288046 /* ContactTextTableViewCell.xib */; };
		181D762420A7EAC200288046 /* ContactInteractor.swift in Sources */ = {isa = PBXBuildFile; fileRef = 181D762320A7EAC200288046 /* ContactInteractor.swift */; };
		181D762720A7EAD700288046 /* ContactPresenter.swift in Sources */ = {isa = PBXBuildFile; fileRef = 181D762620A7EAD700288046 /* ContactPresenter.swift */; };
		181D762A20A7EB2F00288046 /* ContactModels.swift in Sources */ = {isa = PBXBuildFile; fileRef = 181D762920A7EB2F00288046 /* ContactModels.swift */; };
		181D763420A7ED1200288046 /* ContactTargetType.swift in Sources */ = {isa = PBXBuildFile; fileRef = 181D763320A7ED1200288046 /* ContactTargetType.swift */; };
		181D763720A7EDCD00288046 /* ContactWorker.swift in Sources */ = {isa = PBXBuildFile; fileRef = 181D763620A7EDCD00288046 /* ContactWorker.swift */; };
		181D763B20A7EE3000288046 /* ContactFormResponse.swift in Sources */ = {isa = PBXBuildFile; fileRef = 181D763A20A7EE3000288046 /* ContactFormResponse.swift */; };
		181D763E20A7EE6400288046 /* ContactForm.swift in Sources */ = {isa = PBXBuildFile; fileRef = 181D763D20A7EE6400288046 /* ContactForm.swift */; };
		181D764320A8012400288046 /* ContactCheckboxTableViewCell.swift in Sources */ = {isa = PBXBuildFile; fileRef = 181D764120A8012400288046 /* ContactCheckboxTableViewCell.swift */; };
		181D764520A8012400288046 /* ContactCheckboxTableViewCell.xib in Resources */ = {isa = PBXBuildFile; fileRef = 181D764220A8012400288046 /* ContactCheckboxTableViewCell.xib */; };
		181D764C20A88C0C00288046 /* HomeRouter.swift in Sources */ = {isa = PBXBuildFile; fileRef = 181D764B20A88C0C00288046 /* HomeRouter.swift */; };
		181D764F20A89A2F00288046 /* DataExtension.swift in Sources */ = {isa = PBXBuildFile; fileRef = 181D764E20A89A2F00288046 /* DataExtension.swift */; };
		181D765320A89B1200288046 /* InvestmentMock.json in Resources */ = {isa = PBXBuildFile; fileRef = 181D765220A89B1200288046 /* InvestmentMock.json */; };
		181D765620A89B3600288046 /* ContactMock.json in Resources */ = {isa = PBXBuildFile; fileRef = 181D765520A89B3600288046 /* ContactMock.json */; };
		188D208120A1459200E163CD /* AppDelegate.swift in Sources */ = {isa = PBXBuildFile; fileRef = 188D208020A1459200E163CD /* AppDelegate.swift */; };
		188D208820A1459300E163CD /* Assets.xcassets in Resources */ = {isa = PBXBuildFile; fileRef = 188D208720A1459300E163CD /* Assets.xcassets */; };
		188D208B20A1459300E163CD /* LaunchScreen.storyboard in Resources */ = {isa = PBXBuildFile; fileRef = 188D208920A1459300E163CD /* LaunchScreen.storyboard */; };
		188D20F620A1513300E163CD /* DINEngschriftStd.otf in Resources */ = {isa = PBXBuildFile; fileRef = 188D20ED20A1513300E163CD /* DINEngschriftStd.otf */; };
		188D20F720A1513300E163CD /* DINPro-Bold.otf in Resources */ = {isa = PBXBuildFile; fileRef = 188D20EE20A1513300E163CD /* DINPro-Bold.otf */; };
		188D20F820A1513300E163CD /* DINNeuzeitGroteskStd-Light.otf in Resources */ = {isa = PBXBuildFile; fileRef = 188D20EF20A1513300E163CD /* DINNeuzeitGroteskStd-Light.otf */; };
		188D20F920A1513300E163CD /* DINNeuzeitGroteskStd-BdCond.otf in Resources */ = {isa = PBXBuildFile; fileRef = 188D20F020A1513300E163CD /* DINNeuzeitGroteskStd-BdCond.otf */; };
		188D20FA20A1513300E163CD /* DINPro-Medium.otf in Resources */ = {isa = PBXBuildFile; fileRef = 188D20F120A1513300E163CD /* DINPro-Medium.otf */; };
		188D20FB20A1513300E163CD /* DINPro-Regular.otf in Resources */ = {isa = PBXBuildFile; fileRef = 188D20F220A1513300E163CD /* DINPro-Regular.otf */; };
		188D20FC20A1513300E163CD /* DINPro-Black.otf in Resources */ = {isa = PBXBuildFile; fileRef = 188D20F320A1513300E163CD /* DINPro-Black.otf */; };
		188D20FD20A1513300E163CD /* DINMittelschriftStd.otf in Resources */ = {isa = PBXBuildFile; fileRef = 188D20F420A1513300E163CD /* DINMittelschriftStd.otf */; };
		188D20FE20A1513300E163CD /* DINPro-Light.otf in Resources */ = {isa = PBXBuildFile; fileRef = 188D20F520A1513300E163CD /* DINPro-Light.otf */; };
		188D210020A1523D00E163CD /* Investment.storyboard in Resources */ = {isa = PBXBuildFile; fileRef = 188D20FF20A1523D00E163CD /* Investment.storyboard */; };
		188D210220A1524300E163CD /* Contact.storyboard in Resources */ = {isa = PBXBuildFile; fileRef = 188D210120A1524300E163CD /* Contact.storyboard */; };
		188D210420A1525C00E163CD /* InvestmentViewController.swift in Sources */ = {isa = PBXBuildFile; fileRef = 188D210320A1525C00E163CD /* InvestmentViewController.swift */; };
		188D210620A1584100E163CD /* Home.storyboard in Resources */ = {isa = PBXBuildFile; fileRef = 188D210520A1584100E163CD /* Home.storyboard */; };
		188D210820A1589000E163CD /* HomeViewController.swift in Sources */ = {isa = PBXBuildFile; fileRef = 188D210720A1589000E163CD /* HomeViewController.swift */; };
		18AFE57120A3DE270032C633 /* InvestmentInteractor.swift in Sources */ = {isa = PBXBuildFile; fileRef = 18AFE57020A3DE270032C633 /* InvestmentInteractor.swift */; };
		18AFE57320A3DE4A0032C633 /* InvestmentPresenter.swift in Sources */ = {isa = PBXBuildFile; fileRef = 18AFE57220A3DE4A0032C633 /* InvestmentPresenter.swift */; };
		18AFE57720A3DE5B0032C633 /* InvestmentModels.swift in Sources */ = {isa = PBXBuildFile; fileRef = 18AFE57620A3DE5B0032C633 /* InvestmentModels.swift */; };
		18AFE58620A3EED90032C633 /* InvestmentRiskCollectionViewCell.swift in Sources */ = {isa = PBXBuildFile; fileRef = 18AFE58420A3EED90032C633 /* InvestmentRiskCollectionViewCell.swift */; };
		18AFE58720A3EED90032C633 /* InvestmentRiskCollectionViewCell.xib in Resources */ = {isa = PBXBuildFile; fileRef = 18AFE58520A3EED90032C633 /* InvestmentRiskCollectionViewCell.xib */; };
		18AFE58A20A3F5560032C633 /* MoyaProviderExtension.swift in Sources */ = {isa = PBXBuildFile; fileRef = 18AFE58920A3F5560032C633 /* MoyaProviderExtension.swift */; };
		18AFE58D20A3F5780032C633 /* ServiceError.swift in Sources */ = {isa = PBXBuildFile; fileRef = 18AFE58C20A3F5780032C633 /* ServiceError.swift */; };
		18AFE59020A3F62C0032C633 /* InvestmentScreen.swift in Sources */ = {isa = PBXBuildFile; fileRef = 18AFE58F20A3F62C0032C633 /* InvestmentScreen.swift */; };
		18AFE59220A3F7C40032C633 /* InvestmentMoreInformation.swift in Sources */ = {isa = PBXBuildFile; fileRef = 18AFE59120A3F7C40032C633 /* InvestmentMoreInformation.swift */; };
		18AFE59420A3F8520032C633 /* InvestmentInformation.swift in Sources */ = {isa = PBXBuildFile; fileRef = 18AFE59320A3F8520032C633 /* InvestmentInformation.swift */; };
		18AFE59620A3F88A0032C633 /* InvestmentTargetType.swift in Sources */ = {isa = PBXBuildFile; fileRef = 18AFE59520A3F88A0032C633 /* InvestmentTargetType.swift */; };
		18AFE59820A3F95B0032C633 /* InvestmentWorker.swift in Sources */ = {isa = PBXBuildFile; fileRef = 18AFE59720A3F95B0032C633 /* InvestmentWorker.swift */; };
		18AFE59A20A403FC0032C633 /* InvestmentFundResponse.swift in Sources */ = {isa = PBXBuildFile; fileRef = 18AFE59920A403FC0032C633 /* InvestmentFundResponse.swift */; };
		18AFE59D20A5456E0032C633 /* Colors.swift in Sources */ = {isa = PBXBuildFile; fileRef = 18AFE59C20A5456E0032C633 /* Colors.swift */; };
		18AFE5A020A5459F0032C633 /* UIColorExtension.swift in Sources */ = {isa = PBXBuildFile; fileRef = 18AFE59F20A5459F0032C633 /* UIColorExtension.swift */; };
		18D5C1BD20A27C770030433B /* HomeInteractor.swift in Sources */ = {isa = PBXBuildFile; fileRef = 18D5C1BC20A27C770030433B /* HomeInteractor.swift */; };
		18D5C1C120A28B860030433B /* ContactViewController.swift in Sources */ = {isa = PBXBuildFile; fileRef = 18D5C1C020A28B860030433B /* ContactViewController.swift */; };
		18D5C1C320A28D9F0030433B /* HomePresenter.swift in Sources */ = {isa = PBXBuildFile; fileRef = 18D5C1C220A28D9F0030433B /* HomePresenter.swift */; };
		18D5C1C520A28F6E0030433B /* HomeModels.swift in Sources */ = {isa = PBXBuildFile; fileRef = 18D5C1C420A28F6E0030433B /* HomeModels.swift */; };
		18DFB88920A91100009FC7BF /* ValidationWorker.swift in Sources */ = {isa = PBXBuildFile; fileRef = 18DFB88820A91100009FC7BF /* ValidationWorker.swift */; };
		18DFB88C20A919CE009FC7BF /* MaskUtil.swift in Sources */ = {isa = PBXBuildFile; fileRef = 18DFB88B20A919CE009FC7BF /* MaskUtil.swift */; };
		18DFB8B020A92191009FC7BF /* SantanderExampleTests.swift in Sources */ = {isa = PBXBuildFile; fileRef = 18DFB8AF20A92191009FC7BF /* SantanderExampleTests.swift */; };
		18DFB8B720A921A6009FC7BF /* InvestmentFundResponse.swift in Sources */ = {isa = PBXBuildFile; fileRef = 18AFE59920A403FC0032C633 /* InvestmentFundResponse.swift */; };
		18DFB8B820A921A9009FC7BF /* InvestmentScreen.swift in Sources */ = {isa = PBXBuildFile; fileRef = 18AFE58F20A3F62C0032C633 /* InvestmentScreen.swift */; };
		18DFB8B920A921A9009FC7BF /* InvestmentMoreInformation.swift in Sources */ = {isa = PBXBuildFile; fileRef = 18AFE59120A3F7C40032C633 /* InvestmentMoreInformation.swift */; };
		18DFB8BA20A921A9009FC7BF /* InvestmentInformation.swift in Sources */ = {isa = PBXBuildFile; fileRef = 18AFE59320A3F8520032C633 /* InvestmentInformation.swift */; };
		18DFB8BB20A921B0009FC7BF /* ServiceError.swift in Sources */ = {isa = PBXBuildFile; fileRef = 18AFE58C20A3F5780032C633 /* ServiceError.swift */; };
		18DFB8BC20A921B3009FC7BF /* InvestmentMock.json in Resources */ = {isa = PBXBuildFile; fileRef = 181D765220A89B1200288046 /* InvestmentMock.json */; };
		18DFB8BD20A921B3009FC7BF /* ContactMock.json in Resources */ = {isa = PBXBuildFile; fileRef = 181D765520A89B3600288046 /* ContactMock.json */; };
		18DFB8BE20A921B8009FC7BF /* InvestmentTargetType.swift in Sources */ = {isa = PBXBuildFile; fileRef = 18AFE59520A3F88A0032C633 /* InvestmentTargetType.swift */; };
		18DFB8BF20A921B8009FC7BF /* ContactTargetType.swift in Sources */ = {isa = PBXBuildFile; fileRef = 181D763320A7ED1200288046 /* ContactTargetType.swift */; };
		18DFB8C020A921B8009FC7BF /* MoyaProviderExtension.swift in Sources */ = {isa = PBXBuildFile; fileRef = 18AFE58920A3F5560032C633 /* MoyaProviderExtension.swift */; };
		18DFB8C120A921C7009FC7BF /* ValidationWorker.swift in Sources */ = {isa = PBXBuildFile; fileRef = 18DFB88820A91100009FC7BF /* ValidationWorker.swift */; };
		18DFB8C220A921C7009FC7BF /* MaskUtil.swift in Sources */ = {isa = PBXBuildFile; fileRef = 18DFB88B20A919CE009FC7BF /* MaskUtil.swift */; };
		18DFB8C320A921C7009FC7BF /* BaseViewController.swift in Sources */ = {isa = PBXBuildFile; fileRef = 18EE798E20A7113F0057BCEF /* BaseViewController.swift */; };
		18DFB8C420A921C7009FC7BF /* UIColorExtension.swift in Sources */ = {isa = PBXBuildFile; fileRef = 18AFE59F20A5459F0032C633 /* UIColorExtension.swift */; };
		18DFB8C520A921C7009FC7BF /* DataExtension.swift in Sources */ = {isa = PBXBuildFile; fileRef = 181D764E20A89A2F00288046 /* DataExtension.swift */; };
		18DFB8C620A921D7009FC7BF /* ContactCheckboxTableViewCell.swift in Sources */ = {isa = PBXBuildFile; fileRef = 181D764120A8012400288046 /* ContactCheckboxTableViewCell.swift */; };
		18DFB8C720A921D7009FC7BF /* ContactCheckboxTableViewCell.xib in Resources */ = {isa = PBXBuildFile; fileRef = 181D764220A8012400288046 /* ContactCheckboxTableViewCell.xib */; };
		18DFB8C820A921D7009FC7BF /* ContactTextTableViewCell.xib in Resources */ = {isa = PBXBuildFile; fileRef = 181D761F20A7E97D00288046 /* ContactTextTableViewCell.xib */; };
		18DFB8C920A921D7009FC7BF /* ContactTextTableViewCell.swift in Sources */ = {isa = PBXBuildFile; fileRef = 181D761E20A7E97D00288046 /* ContactTextTableViewCell.swift */; };
		18DFB8CA20A921D7009FC7BF /* ContactTextFieldTableViewCell.swift in Sources */ = {isa = PBXBuildFile; fileRef = 18EE799820A7230E0057BCEF /* ContactTextFieldTableViewCell.swift */; };
		18DFB8CB20A921D7009FC7BF /* ContactTextFieldTableViewCell.xib in Resources */ = {isa = PBXBuildFile; fileRef = 18EE799920A7230E0057BCEF /* ContactTextFieldTableViewCell.xib */; };
		18DFB8CC20A921D7009FC7BF /* ContactSendTableViewCell.swift in Sources */ = {isa = PBXBuildFile; fileRef = 18EE799120A7221D0057BCEF /* ContactSendTableViewCell.swift */; };
		18DFB8CD20A921D7009FC7BF /* ContactSendTableViewCell.xib in Resources */ = {isa = PBXBuildFile; fileRef = 18EE799220A7221D0057BCEF /* ContactSendTableViewCell.xib */; };
		18DFB8CE20A921D7009FC7BF /* InvestmentInformationTableViewCell.swift in Sources */ = {isa = PBXBuildFile; fileRef = 18EE798920A70D4A0057BCEF /* InvestmentInformationTableViewCell.swift */; };
		18DFB8CF20A921D7009FC7BF /* InvestmentInformationTableViewCell.xib in Resources */ = {isa = PBXBuildFile; fileRef = 18EE798A20A70D4A0057BCEF /* InvestmentInformationTableViewCell.xib */; };
		18DFB8D020A921D7009FC7BF /* InvestmentRiskCollectionViewCell.swift in Sources */ = {isa = PBXBuildFile; fileRef = 18AFE58420A3EED90032C633 /* InvestmentRiskCollectionViewCell.swift */; };
		18DFB8D120A921D7009FC7BF /* InvestmentRiskCollectionViewCell.xib in Resources */ = {isa = PBXBuildFile; fileRef = 18AFE58520A3EED90032C633 /* InvestmentRiskCollectionViewCell.xib */; };
		18DFB8D220A921E1009FC7BF /* Investment.storyboard in Resources */ = {isa = PBXBuildFile; fileRef = 188D20FF20A1523D00E163CD /* Investment.storyboard */; };
		18DFB8D320A921E1009FC7BF /* InvestmentViewController.swift in Sources */ = {isa = PBXBuildFile; fileRef = 188D210320A1525C00E163CD /* InvestmentViewController.swift */; };
		18DFB8D420A921E1009FC7BF /* InvestmentInteractor.swift in Sources */ = {isa = PBXBuildFile; fileRef = 18AFE57020A3DE270032C633 /* InvestmentInteractor.swift */; };
		18DFB8D520A921E1009FC7BF /* InvestmentPresenter.swift in Sources */ = {isa = PBXBuildFile; fileRef = 18AFE57220A3DE4A0032C633 /* InvestmentPresenter.swift */; };
		18DFB8D620A921E1009FC7BF /* InvestmentModels.swift in Sources */ = {isa = PBXBuildFile; fileRef = 18AFE57620A3DE5B0032C633 /* InvestmentModels.swift */; };
		18DFB8D720A921E2009FC7BF /* InvestmentWorker.swift in Sources */ = {isa = PBXBuildFile; fileRef = 18AFE59720A3F95B0032C633 /* InvestmentWorker.swift */; };
		18DFB8D820A921E2009FC7BF /* Contact.storyboard in Resources */ = {isa = PBXBuildFile; fileRef = 188D210120A1524300E163CD /* Contact.storyboard */; };
		18DFB8D920A921E2009FC7BF /* ContactViewController.swift in Sources */ = {isa = PBXBuildFile; fileRef = 18D5C1C020A28B860030433B /* ContactViewController.swift */; };
		18DFB8DA20A921E2009FC7BF /* ContactInteractor.swift in Sources */ = {isa = PBXBuildFile; fileRef = 181D762320A7EAC200288046 /* ContactInteractor.swift */; };
		18DFB8DB20A921E2009FC7BF /* ContactPresenter.swift in Sources */ = {isa = PBXBuildFile; fileRef = 181D762620A7EAD700288046 /* ContactPresenter.swift */; };
		18DFB8DC20A921E2009FC7BF /* ContactModels.swift in Sources */ = {isa = PBXBuildFile; fileRef = 181D762920A7EB2F00288046 /* ContactModels.swift */; };
		18DFB8DD20A921E2009FC7BF /* ContactWorker.swift in Sources */ = {isa = PBXBuildFile; fileRef = 181D763620A7EDCD00288046 /* ContactWorker.swift */; };
		18DFB8DE20A921E9009FC7BF /* Home.storyboard in Resources */ = {isa = PBXBuildFile; fileRef = 188D210520A1584100E163CD /* Home.storyboard */; };
		18DFB8DF20A921E9009FC7BF /* HomeViewController.swift in Sources */ = {isa = PBXBuildFile; fileRef = 188D210720A1589000E163CD /* HomeViewController.swift */; };
		18DFB8E020A921E9009FC7BF /* HomeRouter.swift in Sources */ = {isa = PBXBuildFile; fileRef = 181D764B20A88C0C00288046 /* HomeRouter.swift */; };
		18DFB8E120A921E9009FC7BF /* HomeInteractor.swift in Sources */ = {isa = PBXBuildFile; fileRef = 18D5C1BC20A27C770030433B /* HomeInteractor.swift */; };
		18DFB8E220A921E9009FC7BF /* HomePresenter.swift in Sources */ = {isa = PBXBuildFile; fileRef = 18D5C1C220A28D9F0030433B /* HomePresenter.swift */; };
		18DFB8E320A921E9009FC7BF /* HomeModels.swift in Sources */ = {isa = PBXBuildFile; fileRef = 18D5C1C420A28F6E0030433B /* HomeModels.swift */; };
		18DFB8EA20A92215009FC7BF /* InvestmentViewControllerTests.swift in Sources */ = {isa = PBXBuildFile; fileRef = 18DFB8E620A92215009FC7BF /* InvestmentViewControllerTests.swift */; };
		18DFB8EB20A92215009FC7BF /* InvestmentInteractorTests.swift in Sources */ = {isa = PBXBuildFile; fileRef = 18DFB8E720A92215009FC7BF /* InvestmentInteractorTests.swift */; };
		18DFB8EC20A92215009FC7BF /* InvestmentWorkerTests.swift in Sources */ = {isa = PBXBuildFile; fileRef = 18DFB8E820A92215009FC7BF /* InvestmentWorkerTests.swift */; };
		18DFB8ED20A92215009FC7BF /* InvestmentPresenterTests.swift in Sources */ = {isa = PBXBuildFile; fileRef = 18DFB8E920A92215009FC7BF /* InvestmentPresenterTests.swift */; };
		18EC4CF520A924720084DE58 /* ContactForm.swift in Sources */ = {isa = PBXBuildFile; fileRef = 181D763D20A7EE6400288046 /* ContactForm.swift */; };
		18EC4CF620A924780084DE58 /* ContactFormResponse.swift in Sources */ = {isa = PBXBuildFile; fileRef = 181D763A20A7EE3000288046 /* ContactFormResponse.swift */; };
		18EC4CF720A925E70084DE58 /* Colors.swift in Sources */ = {isa = PBXBuildFile; fileRef = 18AFE59C20A5456E0032C633 /* Colors.swift */; };
		18EC4CF820A925ED0084DE58 /* AppDelegate.swift in Sources */ = {isa = PBXBuildFile; fileRef = 188D208020A1459200E163CD /* AppDelegate.swift */; };
		18EC4CF920A925EF0084DE58 /* Info.plist in Resources */ = {isa = PBXBuildFile; fileRef = 188D208C20A1459300E163CD /* Info.plist */; };
		18EC4CFA20A925F00084DE58 /* Info.plist in Resources */ = {isa = PBXBuildFile; fileRef = 188D208C20A1459300E163CD /* Info.plist */; };
		18EE798B20A70D4A0057BCEF /* InvestmentInformationTableViewCell.swift in Sources */ = {isa = PBXBuildFile; fileRef = 18EE798920A70D4A0057BCEF /* InvestmentInformationTableViewCell.swift */; };
		18EE798C20A70D4A0057BCEF /* InvestmentInformationTableViewCell.xib in Resources */ = {isa = PBXBuildFile; fileRef = 18EE798A20A70D4A0057BCEF /* InvestmentInformationTableViewCell.xib */; };
		18EE798F20A7113F0057BCEF /* BaseViewController.swift in Sources */ = {isa = PBXBuildFile; fileRef = 18EE798E20A7113F0057BCEF /* BaseViewController.swift */; };
		18EE799320A7221D0057BCEF /* ContactSendTableViewCell.swift in Sources */ = {isa = PBXBuildFile; fileRef = 18EE799120A7221D0057BCEF /* ContactSendTableViewCell.swift */; };
		18EE799520A7221D0057BCEF /* ContactSendTableViewCell.xib in Resources */ = {isa = PBXBuildFile; fileRef = 18EE799220A7221D0057BCEF /* ContactSendTableViewCell.xib */; };
		18EE799A20A7230E0057BCEF /* ContactTextFieldTableViewCell.swift in Sources */ = {isa = PBXBuildFile; fileRef = 18EE799820A7230E0057BCEF /* ContactTextFieldTableViewCell.swift */; };
		18EE799C20A7230E0057BCEF /* ContactTextFieldTableViewCell.xib in Resources */ = {isa = PBXBuildFile; fileRef = 18EE799920A7230E0057BCEF /* ContactTextFieldTableViewCell.xib */; };
		B7C81024BE3F3FAD1D93CE2E /* Pods_SantanderExample.framework in Frameworks */ = {isa = PBXBuildFile; fileRef = 84F9ED725B03D70766A11847 /* Pods_SantanderExample.framework */; };
/* End PBXBuildFile section */

/* Begin PBXContainerItemProxy section */
		18DFB8B220A92191009FC7BF /* PBXContainerItemProxy */ = {
			isa = PBXContainerItemProxy;
			containerPortal = 188D207520A1459200E163CD /* Project object */;
			proxyType = 1;
			remoteGlobalIDString = 188D207C20A1459200E163CD;
			remoteInfo = SantanderExample;
		};
/* End PBXContainerItemProxy section */

/* Begin PBXFileReference section */
		1804835A20A9C74D00CC2620 /* Validations.swift */ = {isa = PBXFileReference; lastKnownFileType = sourcecode.swift; path = Validations.swift; sourceTree = "<group>"; };
		181D761E20A7E97D00288046 /* ContactTextTableViewCell.swift */ = {isa = PBXFileReference; lastKnownFileType = sourcecode.swift; path = ContactTextTableViewCell.swift; sourceTree = "<group>"; };
		181D761F20A7E97D00288046 /* ContactTextTableViewCell.xib */ = {isa = PBXFileReference; lastKnownFileType = file.xib; path = ContactTextTableViewCell.xib; sourceTree = "<group>"; };
		181D762320A7EAC200288046 /* ContactInteractor.swift */ = {isa = PBXFileReference; lastKnownFileType = sourcecode.swift; path = ContactInteractor.swift; sourceTree = "<group>"; };
		181D762620A7EAD700288046 /* ContactPresenter.swift */ = {isa = PBXFileReference; lastKnownFileType = sourcecode.swift; path = ContactPresenter.swift; sourceTree = "<group>"; };
		181D762920A7EB2F00288046 /* ContactModels.swift */ = {isa = PBXFileReference; lastKnownFileType = sourcecode.swift; path = ContactModels.swift; sourceTree = "<group>"; };
		181D763320A7ED1200288046 /* ContactTargetType.swift */ = {isa = PBXFileReference; lastKnownFileType = sourcecode.swift; path = ContactTargetType.swift; sourceTree = "<group>"; };
		181D763620A7EDCD00288046 /* ContactWorker.swift */ = {isa = PBXFileReference; lastKnownFileType = sourcecode.swift; path = ContactWorker.swift; sourceTree = "<group>"; };
		181D763A20A7EE3000288046 /* ContactFormResponse.swift */ = {isa = PBXFileReference; lastKnownFileType = sourcecode.swift; path = ContactFormResponse.swift; sourceTree = "<group>"; };
		181D763D20A7EE6400288046 /* ContactForm.swift */ = {isa = PBXFileReference; lastKnownFileType = sourcecode.swift; path = ContactForm.swift; sourceTree = "<group>"; };
		181D764120A8012400288046 /* ContactCheckboxTableViewCell.swift */ = {isa = PBXFileReference; lastKnownFileType = sourcecode.swift; path = ContactCheckboxTableViewCell.swift; sourceTree = "<group>"; };
		181D764220A8012400288046 /* ContactCheckboxTableViewCell.xib */ = {isa = PBXFileReference; lastKnownFileType = file.xib; path = ContactCheckboxTableViewCell.xib; sourceTree = "<group>"; };
		181D764B20A88C0C00288046 /* HomeRouter.swift */ = {isa = PBXFileReference; fileEncoding = 4; lastKnownFileType = sourcecode.swift; path = HomeRouter.swift; sourceTree = "<group>"; };
		181D764E20A89A2F00288046 /* DataExtension.swift */ = {isa = PBXFileReference; lastKnownFileType = sourcecode.swift; path = DataExtension.swift; sourceTree = "<group>"; };
		181D765220A89B1200288046 /* InvestmentMock.json */ = {isa = PBXFileReference; lastKnownFileType = text.json; path = InvestmentMock.json; sourceTree = "<group>"; };
		181D765520A89B3600288046 /* ContactMock.json */ = {isa = PBXFileReference; lastKnownFileType = text.json; path = ContactMock.json; sourceTree = "<group>"; };
		188D207D20A1459200E163CD /* SantanderExample.app */ = {isa = PBXFileReference; explicitFileType = wrapper.application; includeInIndex = 0; path = SantanderExample.app; sourceTree = BUILT_PRODUCTS_DIR; };
		188D208020A1459200E163CD /* AppDelegate.swift */ = {isa = PBXFileReference; lastKnownFileType = sourcecode.swift; path = AppDelegate.swift; sourceTree = "<group>"; };
		188D208720A1459300E163CD /* Assets.xcassets */ = {isa = PBXFileReference; lastKnownFileType = folder.assetcatalog; path = Assets.xcassets; sourceTree = "<group>"; };
		188D208A20A1459300E163CD /* Base */ = {isa = PBXFileReference; lastKnownFileType = file.storyboard; name = Base; path = Base.lproj/LaunchScreen.storyboard; sourceTree = "<group>"; };
		188D208C20A1459300E163CD /* Info.plist */ = {isa = PBXFileReference; lastKnownFileType = text.plist.xml; path = Info.plist; sourceTree = "<group>"; };
		188D20ED20A1513300E163CD /* DINEngschriftStd.otf */ = {isa = PBXFileReference; lastKnownFileType = file; path = DINEngschriftStd.otf; sourceTree = "<group>"; };
		188D20EE20A1513300E163CD /* DINPro-Bold.otf */ = {isa = PBXFileReference; lastKnownFileType = file; path = "DINPro-Bold.otf"; sourceTree = "<group>"; };
		188D20EF20A1513300E163CD /* DINNeuzeitGroteskStd-Light.otf */ = {isa = PBXFileReference; lastKnownFileType = file; path = "DINNeuzeitGroteskStd-Light.otf"; sourceTree = "<group>"; };
		188D20F020A1513300E163CD /* DINNeuzeitGroteskStd-BdCond.otf */ = {isa = PBXFileReference; lastKnownFileType = file; path = "DINNeuzeitGroteskStd-BdCond.otf"; sourceTree = "<group>"; };
		188D20F120A1513300E163CD /* DINPro-Medium.otf */ = {isa = PBXFileReference; lastKnownFileType = file; path = "DINPro-Medium.otf"; sourceTree = "<group>"; };
		188D20F220A1513300E163CD /* DINPro-Regular.otf */ = {isa = PBXFileReference; lastKnownFileType = file; path = "DINPro-Regular.otf"; sourceTree = "<group>"; };
		188D20F320A1513300E163CD /* DINPro-Black.otf */ = {isa = PBXFileReference; lastKnownFileType = file; path = "DINPro-Black.otf"; sourceTree = "<group>"; };
		188D20F420A1513300E163CD /* DINMittelschriftStd.otf */ = {isa = PBXFileReference; lastKnownFileType = file; path = DINMittelschriftStd.otf; sourceTree = "<group>"; };
		188D20F520A1513300E163CD /* DINPro-Light.otf */ = {isa = PBXFileReference; lastKnownFileType = file; path = "DINPro-Light.otf"; sourceTree = "<group>"; };
		188D20FF20A1523D00E163CD /* Investment.storyboard */ = {isa = PBXFileReference; lastKnownFileType = file.storyboard; path = Investment.storyboard; sourceTree = "<group>"; };
		188D210120A1524300E163CD /* Contact.storyboard */ = {isa = PBXFileReference; lastKnownFileType = file.storyboard; path = Contact.storyboard; sourceTree = "<group>"; };
		188D210320A1525C00E163CD /* InvestmentViewController.swift */ = {isa = PBXFileReference; lastKnownFileType = sourcecode.swift; path = InvestmentViewController.swift; sourceTree = "<group>"; };
		188D210520A1584100E163CD /* Home.storyboard */ = {isa = PBXFileReference; lastKnownFileType = file.storyboard; path = Home.storyboard; sourceTree = "<group>"; };
		188D210720A1589000E163CD /* HomeViewController.swift */ = {isa = PBXFileReference; lastKnownFileType = sourcecode.swift; path = HomeViewController.swift; sourceTree = "<group>"; };
		18AFE57020A3DE270032C633 /* InvestmentInteractor.swift */ = {isa = PBXFileReference; lastKnownFileType = sourcecode.swift; path = InvestmentInteractor.swift; sourceTree = "<group>"; };
		18AFE57220A3DE4A0032C633 /* InvestmentPresenter.swift */ = {isa = PBXFileReference; lastKnownFileType = sourcecode.swift; path = InvestmentPresenter.swift; sourceTree = "<group>"; };
		18AFE57620A3DE5B0032C633 /* InvestmentModels.swift */ = {isa = PBXFileReference; lastKnownFileType = sourcecode.swift; path = InvestmentModels.swift; sourceTree = "<group>"; };
		18AFE58420A3EED90032C633 /* InvestmentRiskCollectionViewCell.swift */ = {isa = PBXFileReference; lastKnownFileType = sourcecode.swift; path = InvestmentRiskCollectionViewCell.swift; sourceTree = "<group>"; };
		18AFE58520A3EED90032C633 /* InvestmentRiskCollectionViewCell.xib */ = {isa = PBXFileReference; lastKnownFileType = file.xib; path = InvestmentRiskCollectionViewCell.xib; sourceTree = "<group>"; };
		18AFE58920A3F5560032C633 /* MoyaProviderExtension.swift */ = {isa = PBXFileReference; lastKnownFileType = sourcecode.swift; path = MoyaProviderExtension.swift; sourceTree = "<group>"; };
		18AFE58C20A3F5780032C633 /* ServiceError.swift */ = {isa = PBXFileReference; lastKnownFileType = sourcecode.swift; path = ServiceError.swift; sourceTree = "<group>"; };
		18AFE58F20A3F62C0032C633 /* InvestmentScreen.swift */ = {isa = PBXFileReference; lastKnownFileType = sourcecode.swift; path = InvestmentScreen.swift; sourceTree = "<group>"; };
		18AFE59120A3F7C40032C633 /* InvestmentMoreInformation.swift */ = {isa = PBXFileReference; lastKnownFileType = sourcecode.swift; path = InvestmentMoreInformation.swift; sourceTree = "<group>"; };
		18AFE59320A3F8520032C633 /* InvestmentInformation.swift */ = {isa = PBXFileReference; lastKnownFileType = sourcecode.swift; path = InvestmentInformation.swift; sourceTree = "<group>"; };
		18AFE59520A3F88A0032C633 /* InvestmentTargetType.swift */ = {isa = PBXFileReference; lastKnownFileType = sourcecode.swift; path = InvestmentTargetType.swift; sourceTree = "<group>"; };
		18AFE59720A3F95B0032C633 /* InvestmentWorker.swift */ = {isa = PBXFileReference; lastKnownFileType = sourcecode.swift; path = InvestmentWorker.swift; sourceTree = "<group>"; };
		18AFE59920A403FC0032C633 /* InvestmentFundResponse.swift */ = {isa = PBXFileReference; lastKnownFileType = sourcecode.swift; path = InvestmentFundResponse.swift; sourceTree = "<group>"; };
		18AFE59C20A5456E0032C633 /* Colors.swift */ = {isa = PBXFileReference; lastKnownFileType = sourcecode.swift; path = Colors.swift; sourceTree = "<group>"; };
		18AFE59F20A5459F0032C633 /* UIColorExtension.swift */ = {isa = PBXFileReference; lastKnownFileType = sourcecode.swift; path = UIColorExtension.swift; sourceTree = "<group>"; };
		18D5C1BC20A27C770030433B /* HomeInteractor.swift */ = {isa = PBXFileReference; lastKnownFileType = sourcecode.swift; path = HomeInteractor.swift; sourceTree = "<group>"; };
		18D5C1C020A28B860030433B /* ContactViewController.swift */ = {isa = PBXFileReference; lastKnownFileType = sourcecode.swift; path = ContactViewController.swift; sourceTree = "<group>"; };
		18D5C1C220A28D9F0030433B /* HomePresenter.swift */ = {isa = PBXFileReference; lastKnownFileType = sourcecode.swift; path = HomePresenter.swift; sourceTree = "<group>"; };
		18D5C1C420A28F6E0030433B /* HomeModels.swift */ = {isa = PBXFileReference; lastKnownFileType = sourcecode.swift; path = HomeModels.swift; sourceTree = "<group>"; };
		18DFB88820A91100009FC7BF /* ValidationWorker.swift */ = {isa = PBXFileReference; lastKnownFileType = sourcecode.swift; path = ValidationWorker.swift; sourceTree = "<group>"; };
		18DFB88B20A919CE009FC7BF /* MaskUtil.swift */ = {isa = PBXFileReference; lastKnownFileType = sourcecode.swift; path = MaskUtil.swift; sourceTree = "<group>"; };
		18DFB8AD20A92191009FC7BF /* SantanderExampleTests.xctest */ = {isa = PBXFileReference; explicitFileType = wrapper.cfbundle; includeInIndex = 0; path = SantanderExampleTests.xctest; sourceTree = BUILT_PRODUCTS_DIR; };
		18DFB8AF20A92191009FC7BF /* SantanderExampleTests.swift */ = {isa = PBXFileReference; lastKnownFileType = sourcecode.swift; path = SantanderExampleTests.swift; sourceTree = "<group>"; };
		18DFB8B120A92191009FC7BF /* Info.plist */ = {isa = PBXFileReference; lastKnownFileType = text.plist.xml; path = Info.plist; sourceTree = "<group>"; };
		18DFB8E620A92215009FC7BF /* InvestmentViewControllerTests.swift */ = {isa = PBXFileReference; lastKnownFileType = sourcecode.swift; path = InvestmentViewControllerTests.swift; sourceTree = "<group>"; };
		18DFB8E720A92215009FC7BF /* InvestmentInteractorTests.swift */ = {isa = PBXFileReference; lastKnownFileType = sourcecode.swift; path = InvestmentInteractorTests.swift; sourceTree = "<group>"; };
		18DFB8E820A92215009FC7BF /* InvestmentWorkerTests.swift */ = {isa = PBXFileReference; lastKnownFileType = sourcecode.swift; path = InvestmentWorkerTests.swift; sourceTree = "<group>"; };
		18DFB8E920A92215009FC7BF /* InvestmentPresenterTests.swift */ = {isa = PBXFileReference; lastKnownFileType = sourcecode.swift; path = InvestmentPresenterTests.swift; sourceTree = "<group>"; };
		18EE798920A70D4A0057BCEF /* InvestmentInformationTableViewCell.swift */ = {isa = PBXFileReference; lastKnownFileType = sourcecode.swift; path = InvestmentInformationTableViewCell.swift; sourceTree = "<group>"; };
		18EE798A20A70D4A0057BCEF /* InvestmentInformationTableViewCell.xib */ = {isa = PBXFileReference; lastKnownFileType = file.xib; path = InvestmentInformationTableViewCell.xib; sourceTree = "<group>"; };
		18EE798E20A7113F0057BCEF /* BaseViewController.swift */ = {isa = PBXFileReference; lastKnownFileType = sourcecode.swift; path = BaseViewController.swift; sourceTree = "<group>"; };
		18EE799120A7221D0057BCEF /* ContactSendTableViewCell.swift */ = {isa = PBXFileReference; lastKnownFileType = sourcecode.swift; path = ContactSendTableViewCell.swift; sourceTree = "<group>"; };
		18EE799220A7221D0057BCEF /* ContactSendTableViewCell.xib */ = {isa = PBXFileReference; lastKnownFileType = file.xib; path = ContactSendTableViewCell.xib; sourceTree = "<group>"; };
		18EE799820A7230E0057BCEF /* ContactTextFieldTableViewCell.swift */ = {isa = PBXFileReference; lastKnownFileType = sourcecode.swift; path = ContactTextFieldTableViewCell.swift; sourceTree = "<group>"; };
		18EE799920A7230E0057BCEF /* ContactTextFieldTableViewCell.xib */ = {isa = PBXFileReference; lastKnownFileType = file.xib; path = ContactTextFieldTableViewCell.xib; sourceTree = "<group>"; };
		1915CEEB2B1A09B025162471 /* Pods-SantanderExample.release.xcconfig */ = {isa = PBXFileReference; includeInIndex = 1; lastKnownFileType = text.xcconfig; name = "Pods-SantanderExample.release.xcconfig"; path = "Pods/Target Support Files/Pods-SantanderExample/Pods-SantanderExample.release.xcconfig"; sourceTree = "<group>"; };
		1DCE7787386A9A841075C5B2 /* Pods_SantanderExampleTests.framework */ = {isa = PBXFileReference; explicitFileType = wrapper.framework; includeInIndex = 0; path = Pods_SantanderExampleTests.framework; sourceTree = BUILT_PRODUCTS_DIR; };
		286FA58334BF804111E67CDF /* Pods-SantanderExample-SantanderExampleTests.debug.xcconfig */ = {isa = PBXFileReference; includeInIndex = 1; lastKnownFileType = text.xcconfig; name = "Pods-SantanderExample-SantanderExampleTests.debug.xcconfig"; path = "Pods/Target Support Files/Pods-SantanderExample-SantanderExampleTests/Pods-SantanderExample-SantanderExampleTests.debug.xcconfig"; sourceTree = "<group>"; };
		78A90AE1FD5D679216B00BD2 /* Pods_SantanderExample_SantanderExampleTests.framework */ = {isa = PBXFileReference; explicitFileType = wrapper.framework; includeInIndex = 0; path = Pods_SantanderExample_SantanderExampleTests.framework; sourceTree = BUILT_PRODUCTS_DIR; };
		84F9ED725B03D70766A11847 /* Pods_SantanderExample.framework */ = {isa = PBXFileReference; explicitFileType = wrapper.framework; includeInIndex = 0; path = Pods_SantanderExample.framework; sourceTree = BUILT_PRODUCTS_DIR; };
		CB1C219D5DF1CD29B60B615D /* Pods-SantanderExampleTests.debug.xcconfig */ = {isa = PBXFileReference; includeInIndex = 1; lastKnownFileType = text.xcconfig; name = "Pods-SantanderExampleTests.debug.xcconfig"; path = "Pods/Target Support Files/Pods-SantanderExampleTests/Pods-SantanderExampleTests.debug.xcconfig"; sourceTree = "<group>"; };
		D13428F2FC571A51F68171A0 /* Pods-SantanderExample-SantanderExampleTests.release.xcconfig */ = {isa = PBXFileReference; includeInIndex = 1; lastKnownFileType = text.xcconfig; name = "Pods-SantanderExample-SantanderExampleTests.release.xcconfig"; path = "Pods/Target Support Files/Pods-SantanderExample-SantanderExampleTests/Pods-SantanderExample-SantanderExampleTests.release.xcconfig"; sourceTree = "<group>"; };
		DE8361CFEF10C123AF0F3EFE /* Pods-SantanderExampleTests.release.xcconfig */ = {isa = PBXFileReference; includeInIndex = 1; lastKnownFileType = text.xcconfig; name = "Pods-SantanderExampleTests.release.xcconfig"; path = "Pods/Target Support Files/Pods-SantanderExampleTests/Pods-SantanderExampleTests.release.xcconfig"; sourceTree = "<group>"; };
		E4F0FB90B8B6AF0E949741DF /* Pods-SantanderExample.debug.xcconfig */ = {isa = PBXFileReference; includeInIndex = 1; lastKnownFileType = text.xcconfig; name = "Pods-SantanderExample.debug.xcconfig"; path = "Pods/Target Support Files/Pods-SantanderExample/Pods-SantanderExample.debug.xcconfig"; sourceTree = "<group>"; };
/* End PBXFileReference section */

/* Begin PBXFrameworksBuildPhase section */
		188D207A20A1459200E163CD /* Frameworks */ = {
			isa = PBXFrameworksBuildPhase;
			buildActionMask = 2147483647;
			files = (
				B7C81024BE3F3FAD1D93CE2E /* Pods_SantanderExample.framework in Frameworks */,
			);
			runOnlyForDeploymentPostprocessing = 0;
		};
		18DFB8AA20A92191009FC7BF /* Frameworks */ = {
			isa = PBXFrameworksBuildPhase;
			buildActionMask = 2147483647;
			files = (
			);
			runOnlyForDeploymentPostprocessing = 0;
		};
/* End PBXFrameworksBuildPhase section */

/* Begin PBXGroup section */
		1804835920A9C74000CC2620 /* Validation */ = {
			isa = PBXGroup;
			children = (
				1804835A20A9C74D00CC2620 /* Validations.swift */,
			);
			path = Validation;
			sourceTree = "<group>";
		};
		181D762220A7EA1C00288046 /* Types */ = {
			isa = PBXGroup;
			children = (
				18AFE59520A3F88A0032C633 /* InvestmentTargetType.swift */,
				181D763320A7ED1200288046 /* ContactTargetType.swift */,
			);
			path = Types;
			sourceTree = "<group>";
		};
		181D763920A7EE1D00288046 /* Contact */ = {
			isa = PBXGroup;
			children = (
				181D763A20A7EE3000288046 /* ContactFormResponse.swift */,
				181D763D20A7EE6400288046 /* ContactForm.swift */,
			);
			path = Contact;
			sourceTree = "<group>";
		};
		181D764020A8010F00288046 /* ContactCheckboxTableViewCell */ = {
			isa = PBXGroup;
			children = (
				181D764120A8012400288046 /* ContactCheckboxTableViewCell.swift */,
				181D764220A8012400288046 /* ContactCheckboxTableViewCell.xib */,
			);
			path = ContactCheckboxTableViewCell;
			sourceTree = "<group>";
		};
		181D765120A89A4E00288046 /* Mock */ = {
			isa = PBXGroup;
			children = (
				181D765220A89B1200288046 /* InvestmentMock.json */,
				181D765520A89B3600288046 /* ContactMock.json */,
			);
			path = Mock;
			sourceTree = "<group>";
		};
		188D207420A1459200E163CD = {
			isa = PBXGroup;
			children = (
				188D207F20A1459200E163CD /* SantanderExample */,
				18DFB8AE20A92191009FC7BF /* SantanderExampleTests */,
				188D207E20A1459200E163CD /* Products */,
				97F080DD63B9BF8FBB851F24 /* Pods */,
				E36701FAA8F54CAD5863C44C /* Frameworks */,
			);
			sourceTree = "<group>";
		};
		188D207E20A1459200E163CD /* Products */ = {
			isa = PBXGroup;
			children = (
				188D207D20A1459200E163CD /* SantanderExample.app */,
				18DFB8AD20A92191009FC7BF /* SantanderExampleTests.xctest */,
			);
			name = Products;
			sourceTree = "<group>";
		};
		188D207F20A1459200E163CD /* SantanderExample */ = {
			isa = PBXGroup;
			children = (
				18AFE58B20A3F56F0032C633 /* Models */,
				18AFE58820A3F50D0032C633 /* Services */,
				188D209320A146EC00E163CD /* Application */,
				188D20E420A1504600E163CD /* Components */,
				188D209220A145AC00E163CD /* Scenes */,
			);
			path = SantanderExample;
			sourceTree = "<group>";
		};
		188D209220A145AC00E163CD /* Scenes */ = {
			isa = PBXGroup;
			children = (
				188D209620A1495600E163CD /* Home */,
				188D209520A1494E00E163CD /* Investment */,
				188D209420A1473E00E163CD /* Contact */,
			);
			path = Scenes;
			sourceTree = "<group>";
		};
		188D209320A146EC00E163CD /* Application */ = {
			isa = PBXGroup;
			children = (
				18AFE59B20A545640032C633 /* Colors */,
				188D20EC20A150F500E163CD /* Fonts */,
				188D208920A1459300E163CD /* LaunchScreen.storyboard */,
				188D208720A1459300E163CD /* Assets.xcassets */,
				188D208C20A1459300E163CD /* Info.plist */,
				188D208020A1459200E163CD /* AppDelegate.swift */,
			);
			path = Application;
			sourceTree = "<group>";
		};
		188D209420A1473E00E163CD /* Contact */ = {
			isa = PBXGroup;
			children = (
				188D210120A1524300E163CD /* Contact.storyboard */,
				18D5C1C020A28B860030433B /* ContactViewController.swift */,
				181D762320A7EAC200288046 /* ContactInteractor.swift */,
				181D762620A7EAD700288046 /* ContactPresenter.swift */,
				181D762920A7EB2F00288046 /* ContactModels.swift */,
				181D763620A7EDCD00288046 /* ContactWorker.swift */,
			);
			path = Contact;
			sourceTree = "<group>";
		};
		188D209520A1494E00E163CD /* Investment */ = {
			isa = PBXGroup;
			children = (
				188D20FF20A1523D00E163CD /* Investment.storyboard */,
				188D210320A1525C00E163CD /* InvestmentViewController.swift */,
				18AFE57020A3DE270032C633 /* InvestmentInteractor.swift */,
				18AFE57220A3DE4A0032C633 /* InvestmentPresenter.swift */,
				18AFE57620A3DE5B0032C633 /* InvestmentModels.swift */,
				18AFE59720A3F95B0032C633 /* InvestmentWorker.swift */,
			);
			path = Investment;
			sourceTree = "<group>";
		};
		188D209620A1495600E163CD /* Home */ = {
			isa = PBXGroup;
			children = (
				188D210520A1584100E163CD /* Home.storyboard */,
				188D210720A1589000E163CD /* HomeViewController.swift */,
				181D764B20A88C0C00288046 /* HomeRouter.swift */,
				18D5C1BC20A27C770030433B /* HomeInteractor.swift */,
				18D5C1C220A28D9F0030433B /* HomePresenter.swift */,
				18D5C1C420A28F6E0030433B /* HomeModels.swift */,
			);
			path = Home;
			sourceTree = "<group>";
		};
		188D20E420A1504600E163CD /* Components */ = {
			isa = PBXGroup;
			children = (
				18DFB88720A91095009FC7BF /* Util */,
				18EE798D20A711360057BCEF /* Base */,
				18AFE59E20A545960032C633 /* Extensions */,
				18D5C1C920A29A4B0030433B /* UI */,
			);
			path = Components;
			sourceTree = "<group>";
		};
		188D20EC20A150F500E163CD /* Fonts */ = {
			isa = PBXGroup;
			children = (
				188D20ED20A1513300E163CD /* DINEngschriftStd.otf */,
				188D20F420A1513300E163CD /* DINMittelschriftStd.otf */,
				188D20F020A1513300E163CD /* DINNeuzeitGroteskStd-BdCond.otf */,
				188D20EF20A1513300E163CD /* DINNeuzeitGroteskStd-Light.otf */,
				188D20F320A1513300E163CD /* DINPro-Black.otf */,
				188D20EE20A1513300E163CD /* DINPro-Bold.otf */,
				188D20F520A1513300E163CD /* DINPro-Light.otf */,
				188D20F120A1513300E163CD /* DINPro-Medium.otf */,
				188D20F220A1513300E163CD /* DINPro-Regular.otf */,
			);
			path = Fonts;
			sourceTree = "<group>";
		};
		18AFE58320A3EEC90032C633 /* InvestmentRiskCollectionCell */ = {
			isa = PBXGroup;
			children = (
				18AFE58420A3EED90032C633 /* InvestmentRiskCollectionViewCell.swift */,
				18AFE58520A3EED90032C633 /* InvestmentRiskCollectionViewCell.xib */,
			);
			path = InvestmentRiskCollectionCell;
			sourceTree = "<group>";
		};
		18AFE58820A3F50D0032C633 /* Services */ = {
			isa = PBXGroup;
			children = (
				181D765120A89A4E00288046 /* Mock */,
				181D762220A7EA1C00288046 /* Types */,
				18AFE58920A3F5560032C633 /* MoyaProviderExtension.swift */,
			);
			path = Services;
			sourceTree = "<group>";
		};
		18AFE58B20A3F56F0032C633 /* Models */ = {
			isa = PBXGroup;
			children = (
				181D763920A7EE1D00288046 /* Contact */,
				18AFE58E20A3F6170032C633 /* Investment */,
				18AFE58C20A3F5780032C633 /* ServiceError.swift */,
			);
			path = Models;
			sourceTree = "<group>";
		};
		18AFE58E20A3F6170032C633 /* Investment */ = {
			isa = PBXGroup;
			children = (
				18AFE59920A403FC0032C633 /* InvestmentFundResponse.swift */,
				18AFE58F20A3F62C0032C633 /* InvestmentScreen.swift */,
				18AFE59120A3F7C40032C633 /* InvestmentMoreInformation.swift */,
				18AFE59320A3F8520032C633 /* InvestmentInformation.swift */,
			);
			path = Investment;
			sourceTree = "<group>";
		};
		18AFE59B20A545640032C633 /* Colors */ = {
			isa = PBXGroup;
			children = (
				18AFE59C20A5456E0032C633 /* Colors.swift */,
			);
			path = Colors;
			sourceTree = "<group>";
		};
		18AFE59E20A545960032C633 /* Extensions */ = {
			isa = PBXGroup;
			children = (
				18AFE59F20A5459F0032C633 /* UIColorExtension.swift */,
				181D764E20A89A2F00288046 /* DataExtension.swift */,
			);
			path = Extensions;
			sourceTree = "<group>";
		};
		18D5C1C920A29A4B0030433B /* UI */ = {
			isa = PBXGroup;
			children = (
				181D764020A8010F00288046 /* ContactCheckboxTableViewCell */,
				18D5C1CA20A29AB60030433B /* ContactFieldTextTableViewCell */,
				18EE799720A722FE0057BCEF /* ContactTextFieldTableViewCell */,
				18EE799020A721C30057BCEF /* ContactSendTableViewCell */,
				18EE798820A70BE60057BCEF /* InvestmentInformationTableViewCell */,
				18AFE58320A3EEC90032C633 /* InvestmentRiskCollectionCell */,
			);
			path = UI;
			sourceTree = "<group>";
		};
		18D5C1CA20A29AB60030433B /* ContactFieldTextTableViewCell */ = {
			isa = PBXGroup;
			children = (
				181D761F20A7E97D00288046 /* ContactTextTableViewCell.xib */,
				181D761E20A7E97D00288046 /* ContactTextTableViewCell.swift */,
			);
			path = ContactFieldTextTableViewCell;
			sourceTree = "<group>";
		};
		18DFB88720A91095009FC7BF /* Util */ = {
			isa = PBXGroup;
			children = (
				18DFB88820A91100009FC7BF /* ValidationWorker.swift */,
				18DFB88B20A919CE009FC7BF /* MaskUtil.swift */,
			);
			path = Util;
			sourceTree = "<group>";
		};
		18DFB8AE20A92191009FC7BF /* SantanderExampleTests */ = {
			isa = PBXGroup;
			children = (
				1804835920A9C74000CC2620 /* Validation */,
				18DFB8E420A921FA009FC7BF /* Scenes */,
				18DFB8AF20A92191009FC7BF /* SantanderExampleTests.swift */,
				18DFB8B120A92191009FC7BF /* Info.plist */,
			);
			path = SantanderExampleTests;
			sourceTree = "<group>";
		};
		18DFB8E420A921FA009FC7BF /* Scenes */ = {
			isa = PBXGroup;
			children = (
				18DFB8E520A92204009FC7BF /* Investment */,
			);
			path = Scenes;
			sourceTree = "<group>";
		};
		18DFB8E520A92204009FC7BF /* Investment */ = {
			isa = PBXGroup;
			children = (
				18DFB8E720A92215009FC7BF /* InvestmentInteractorTests.swift */,
				18DFB8E920A92215009FC7BF /* InvestmentPresenterTests.swift */,
				18DFB8E820A92215009FC7BF /* InvestmentWorkerTests.swift */,
				18DFB8E620A92215009FC7BF /* InvestmentViewControllerTests.swift */,
			);
			path = Investment;
			sourceTree = "<group>";
		};
		18EE798820A70BE60057BCEF /* InvestmentInformationTableViewCell */ = {
			isa = PBXGroup;
			children = (
				18EE798920A70D4A0057BCEF /* InvestmentInformationTableViewCell.swift */,
				18EE798A20A70D4A0057BCEF /* InvestmentInformationTableViewCell.xib */,
			);
			path = InvestmentInformationTableViewCell;
			sourceTree = "<group>";
		};
		18EE798D20A711360057BCEF /* Base */ = {
			isa = PBXGroup;
			children = (
				18EE798E20A7113F0057BCEF /* BaseViewController.swift */,
			);
			path = Base;
			sourceTree = "<group>";
		};
		18EE799020A721C30057BCEF /* ContactSendTableViewCell */ = {
			isa = PBXGroup;
			children = (
				18EE799120A7221D0057BCEF /* ContactSendTableViewCell.swift */,
				18EE799220A7221D0057BCEF /* ContactSendTableViewCell.xib */,
			);
			path = ContactSendTableViewCell;
			sourceTree = "<group>";
		};
		18EE799720A722FE0057BCEF /* ContactTextFieldTableViewCell */ = {
			isa = PBXGroup;
			children = (
				18EE799820A7230E0057BCEF /* ContactTextFieldTableViewCell.swift */,
				18EE799920A7230E0057BCEF /* ContactTextFieldTableViewCell.xib */,
			);
			path = ContactTextFieldTableViewCell;
			sourceTree = "<group>";
		};
		97F080DD63B9BF8FBB851F24 /* Pods */ = {
			isa = PBXGroup;
			children = (
				E4F0FB90B8B6AF0E949741DF /* Pods-SantanderExample.debug.xcconfig */,
				1915CEEB2B1A09B025162471 /* Pods-SantanderExample.release.xcconfig */,
				CB1C219D5DF1CD29B60B615D /* Pods-SantanderExampleTests.debug.xcconfig */,
				DE8361CFEF10C123AF0F3EFE /* Pods-SantanderExampleTests.release.xcconfig */,
				286FA58334BF804111E67CDF /* Pods-SantanderExample-SantanderExampleTests.debug.xcconfig */,
				D13428F2FC571A51F68171A0 /* Pods-SantanderExample-SantanderExampleTests.release.xcconfig */,
			);
			name = Pods;
			sourceTree = "<group>";
		};
		E36701FAA8F54CAD5863C44C /* Frameworks */ = {
			isa = PBXGroup;
			children = (
				84F9ED725B03D70766A11847 /* Pods_SantanderExample.framework */,
				1DCE7787386A9A841075C5B2 /* Pods_SantanderExampleTests.framework */,
				78A90AE1FD5D679216B00BD2 /* Pods_SantanderExample_SantanderExampleTests.framework */,
			);
			name = Frameworks;
			sourceTree = "<group>";
		};
/* End PBXGroup section */

/* Begin PBXNativeTarget section */
		188D207C20A1459200E163CD /* SantanderExample */ = {
			isa = PBXNativeTarget;
			buildConfigurationList = 188D208F20A1459300E163CD /* Build configuration list for PBXNativeTarget "SantanderExample" */;
			buildPhases = (
				0E8116B51EBF8B6CEFF5294D /* [CP] Check Pods Manifest.lock */,
				188D207920A1459200E163CD /* Sources */,
				188D207A20A1459200E163CD /* Frameworks */,
				188D207B20A1459200E163CD /* Resources */,
				E944E2499DB02D09759D1533 /* [CP] Embed Pods Frameworks */,
				40D3C84355094A6699E12164 /* [CP] Copy Pods Resources */,
			);
			buildRules = (
			);
			dependencies = (
			);
			name = SantanderExample;
			productName = SantanderExample;
			productReference = 188D207D20A1459200E163CD /* SantanderExample.app */;
			productType = "com.apple.product-type.application";
		};
		18DFB8AC20A92191009FC7BF /* SantanderExampleTests */ = {
			isa = PBXNativeTarget;
			buildConfigurationList = 18DFB8B420A92191009FC7BF /* Build configuration list for PBXNativeTarget "SantanderExampleTests" */;
			buildPhases = (
				B54B23ABC39CF9197180FA42 /* [CP] Check Pods Manifest.lock */,
				18DFB8A920A92191009FC7BF /* Sources */,
				18DFB8AA20A92191009FC7BF /* Frameworks */,
				18DFB8AB20A92191009FC7BF /* Resources */,
				FA0F18E698603DFEF9D42129 /* [CP] Embed Pods Frameworks */,
				4884DCCBF36281693389C1F8 /* [CP] Copy Pods Resources */,
			);
			buildRules = (
			);
			dependencies = (
				18DFB8B320A92191009FC7BF /* PBXTargetDependency */,
			);
			name = SantanderExampleTests;
			productName = SantanderExampleTests;
			productReference = 18DFB8AD20A92191009FC7BF /* SantanderExampleTests.xctest */;
			productType = "com.apple.product-type.bundle.unit-test";
		};
/* End PBXNativeTarget section */

/* Begin PBXProject section */
		188D207520A1459200E163CD /* Project object */ = {
			isa = PBXProject;
			attributes = {
				LastSwiftUpdateCheck = 0930;
				LastUpgradeCheck = 0930;
				ORGANIZATIONNAME = "Luan Henrique Damasceno Costa";
				TargetAttributes = {
					188D207C20A1459200E163CD = {
						CreatedOnToolsVersion = 9.3;
					};
					18DFB8AC20A92191009FC7BF = {
						CreatedOnToolsVersion = 9.3;
						TestTargetID = 188D207C20A1459200E163CD;
					};
				};
			};
			buildConfigurationList = 188D207820A1459200E163CD /* Build configuration list for PBXProject "SantanderExample" */;
			compatibilityVersion = "Xcode 9.3";
			developmentRegion = en;
			hasScannedForEncodings = 0;
			knownRegions = (
				en,
				Base,
			);
			mainGroup = 188D207420A1459200E163CD;
			productRefGroup = 188D207E20A1459200E163CD /* Products */;
			projectDirPath = "";
			projectRoot = "";
			targets = (
				188D207C20A1459200E163CD /* SantanderExample */,
				18DFB8AC20A92191009FC7BF /* SantanderExampleTests */,
			);
		};
/* End PBXProject section */

/* Begin PBXResourcesBuildPhase section */
		188D207B20A1459200E163CD /* Resources */ = {
			isa = PBXResourcesBuildPhase;
			buildActionMask = 2147483647;
			files = (
				188D20FB20A1513300E163CD /* DINPro-Regular.otf in Resources */,
				188D20F620A1513300E163CD /* DINEngschriftStd.otf in Resources */,
				18EE799520A7221D0057BCEF /* ContactSendTableViewCell.xib in Resources */,
				18AFE58720A3EED90032C633 /* InvestmentRiskCollectionViewCell.xib in Resources */,
				188D210220A1524300E163CD /* Contact.storyboard in Resources */,
				188D208B20A1459300E163CD /* LaunchScreen.storyboard in Resources */,
				188D20F720A1513300E163CD /* DINPro-Bold.otf in Resources */,
				188D210620A1584100E163CD /* Home.storyboard in Resources */,
				18EE799C20A7230E0057BCEF /* ContactTextFieldTableViewCell.xib in Resources */,
				188D208820A1459300E163CD /* Assets.xcassets in Resources */,
				18EC4CF920A925EF0084DE58 /* Info.plist in Resources */,
				181D765320A89B1200288046 /* InvestmentMock.json in Resources */,
				188D20FE20A1513300E163CD /* DINPro-Light.otf in Resources */,
				188D20F920A1513300E163CD /* DINNeuzeitGroteskStd-BdCond.otf in Resources */,
				188D20FC20A1513300E163CD /* DINPro-Black.otf in Resources */,
				18EE798C20A70D4A0057BCEF /* InvestmentInformationTableViewCell.xib in Resources */,
				181D764520A8012400288046 /* ContactCheckboxTableViewCell.xib in Resources */,
				188D20FA20A1513300E163CD /* DINPro-Medium.otf in Resources */,
				188D210020A1523D00E163CD /* Investment.storyboard in Resources */,
				181D762120A7E97D00288046 /* ContactTextTableViewCell.xib in Resources */,
				188D20FD20A1513300E163CD /* DINMittelschriftStd.otf in Resources */,
				181D765620A89B3600288046 /* ContactMock.json in Resources */,
				188D20F820A1513300E163CD /* DINNeuzeitGroteskStd-Light.otf in Resources */,
			);
			runOnlyForDeploymentPostprocessing = 0;
		};
		18DFB8AB20A92191009FC7BF /* Resources */ = {
			isa = PBXResourcesBuildPhase;
			buildActionMask = 2147483647;
			files = (
				18DFB8BD20A921B3009FC7BF /* ContactMock.json in Resources */,
				18DFB8DE20A921E9009FC7BF /* Home.storyboard in Resources */,
				18DFB8CF20A921D7009FC7BF /* InvestmentInformationTableViewCell.xib in Resources */,
				18DFB8D220A921E1009FC7BF /* Investment.storyboard in Resources */,
				18DFB8D120A921D7009FC7BF /* InvestmentRiskCollectionViewCell.xib in Resources */,
				18DFB8CB20A921D7009FC7BF /* ContactTextFieldTableViewCell.xib in Resources */,
				18DFB8CD20A921D7009FC7BF /* ContactSendTableViewCell.xib in Resources */,
				18DFB8C820A921D7009FC7BF /* ContactTextTableViewCell.xib in Resources */,
				18EC4CFA20A925F00084DE58 /* Info.plist in Resources */,
				18DFB8BC20A921B3009FC7BF /* InvestmentMock.json in Resources */,
				18DFB8C720A921D7009FC7BF /* ContactCheckboxTableViewCell.xib in Resources */,
				18DFB8D820A921E2009FC7BF /* Contact.storyboard in Resources */,
			);
			runOnlyForDeploymentPostprocessing = 0;
		};
/* End PBXResourcesBuildPhase section */

/* Begin PBXShellScriptBuildPhase section */
		0E8116B51EBF8B6CEFF5294D /* [CP] Check Pods Manifest.lock */ = {
			isa = PBXShellScriptBuildPhase;
			buildActionMask = 2147483647;
			files = (
			);
			inputPaths = (
				"${PODS_PODFILE_DIR_PATH}/Podfile.lock",
				"${PODS_ROOT}/Manifest.lock",
			);
			name = "[CP] Check Pods Manifest.lock";
			outputPaths = (
				"$(DERIVED_FILE_DIR)/Pods-SantanderExample-checkManifestLockResult.txt",
			);
			runOnlyForDeploymentPostprocessing = 0;
			shellPath = /bin/sh;
			shellScript = "diff \"${PODS_PODFILE_DIR_PATH}/Podfile.lock\" \"${PODS_ROOT}/Manifest.lock\" > /dev/null\nif [ $? != 0 ] ; then\n    # print error to STDERR\n    echo \"error: The sandbox is not in sync with the Podfile.lock. Run 'pod install' or update your CocoaPods installation.\" >&2\n    exit 1\nfi\n# This output is used by Xcode 'outputs' to avoid re-running this script phase.\necho \"SUCCESS\" > \"${SCRIPT_OUTPUT_FILE_0}\"\n";
			showEnvVarsInLog = 0;
		};
		40D3C84355094A6699E12164 /* [CP] Copy Pods Resources */ = {
			isa = PBXShellScriptBuildPhase;
			buildActionMask = 2147483647;
			files = (
			);
			inputPaths = (
			);
			name = "[CP] Copy Pods Resources";
			outputPaths = (
			);
			runOnlyForDeploymentPostprocessing = 0;
			shellPath = /bin/sh;
			shellScript = "\"${SRCROOT}/Pods/Target Support Files/Pods-SantanderExample/Pods-SantanderExample-resources.sh\"\n";
			showEnvVarsInLog = 0;
		};
		4884DCCBF36281693389C1F8 /* [CP] Copy Pods Resources */ = {
			isa = PBXShellScriptBuildPhase;
			buildActionMask = 2147483647;
			files = (
			);
			inputPaths = (
			);
			name = "[CP] Copy Pods Resources";
			outputPaths = (
			);
			runOnlyForDeploymentPostprocessing = 0;
			shellPath = /bin/sh;
			shellScript = "\"${SRCROOT}/Pods/Target Support Files/Pods-SantanderExample-SantanderExampleTests/Pods-SantanderExample-SantanderExampleTests-resources.sh\"\n";
			showEnvVarsInLog = 0;
		};
		B54B23ABC39CF9197180FA42 /* [CP] Check Pods Manifest.lock */ = {
			isa = PBXShellScriptBuildPhase;
			buildActionMask = 2147483647;
			files = (
			);
			inputPaths = (
				"${PODS_PODFILE_DIR_PATH}/Podfile.lock",
				"${PODS_ROOT}/Manifest.lock",
			);
			name = "[CP] Check Pods Manifest.lock";
			outputPaths = (
				"$(DERIVED_FILE_DIR)/Pods-SantanderExample-SantanderExampleTests-checkManifestLockResult.txt",
			);
			runOnlyForDeploymentPostprocessing = 0;
			shellPath = /bin/sh;
			shellScript = "diff \"${PODS_PODFILE_DIR_PATH}/Podfile.lock\" \"${PODS_ROOT}/Manifest.lock\" > /dev/null\nif [ $? != 0 ] ; then\n    # print error to STDERR\n    echo \"error: The sandbox is not in sync with the Podfile.lock. Run 'pod install' or update your CocoaPods installation.\" >&2\n    exit 1\nfi\n# This output is used by Xcode 'outputs' to avoid re-running this script phase.\necho \"SUCCESS\" > \"${SCRIPT_OUTPUT_FILE_0}\"\n";
			showEnvVarsInLog = 0;
		};
		E944E2499DB02D09759D1533 /* [CP] Embed Pods Frameworks */ = {
			isa = PBXShellScriptBuildPhase;
			buildActionMask = 2147483647;
			files = (
			);
			inputPaths = (
				"${SRCROOT}/Pods/Target Support Files/Pods-SantanderExample/Pods-SantanderExample-frameworks.sh",
				"${BUILT_PRODUCTS_DIR}/Alamofire/Alamofire.framework",
				"${BUILT_PRODUCTS_DIR}/Moya/Moya.framework",
				"${BUILT_PRODUCTS_DIR}/Result/Result.framework",
				"${BUILT_PRODUCTS_DIR}/UnderLineTextField/UnderLineTextField.framework",
			);
			name = "[CP] Embed Pods Frameworks";
			outputPaths = (
				"${TARGET_BUILD_DIR}/${FRAMEWORKS_FOLDER_PATH}/Alamofire.framework",
				"${TARGET_BUILD_DIR}/${FRAMEWORKS_FOLDER_PATH}/Moya.framework",
				"${TARGET_BUILD_DIR}/${FRAMEWORKS_FOLDER_PATH}/Result.framework",
				"${TARGET_BUILD_DIR}/${FRAMEWORKS_FOLDER_PATH}/UnderLineTextField.framework",
			);
			runOnlyForDeploymentPostprocessing = 0;
			shellPath = /bin/sh;
			shellScript = "\"${SRCROOT}/Pods/Target Support Files/Pods-SantanderExample/Pods-SantanderExample-frameworks.sh\"\n";
			showEnvVarsInLog = 0;
		};
		FA0F18E698603DFEF9D42129 /* [CP] Embed Pods Frameworks */ = {
			isa = PBXShellScriptBuildPhase;
			buildActionMask = 2147483647;
			files = (
			);
			inputPaths = (
				"${SRCROOT}/Pods/Target Support Files/Pods-SantanderExample-SantanderExampleTests/Pods-SantanderExample-SantanderExampleTests-frameworks.sh",
				"${BUILT_PRODUCTS_DIR}/Alamofire/Alamofire.framework",
				"${BUILT_PRODUCTS_DIR}/Moya/Moya.framework",
				"${BUILT_PRODUCTS_DIR}/Result/Result.framework",
				"${BUILT_PRODUCTS_DIR}/UnderLineTextField/UnderLineTextField.framework",
			);
			name = "[CP] Embed Pods Frameworks";
			outputPaths = (
				"${TARGET_BUILD_DIR}/${FRAMEWORKS_FOLDER_PATH}/Alamofire.framework",
				"${TARGET_BUILD_DIR}/${FRAMEWORKS_FOLDER_PATH}/Moya.framework",
				"${TARGET_BUILD_DIR}/${FRAMEWORKS_FOLDER_PATH}/Result.framework",
				"${TARGET_BUILD_DIR}/${FRAMEWORKS_FOLDER_PATH}/UnderLineTextField.framework",
			);
			runOnlyForDeploymentPostprocessing = 0;
			shellPath = /bin/sh;
			shellScript = "\"${SRCROOT}/Pods/Target Support Files/Pods-SantanderExample-SantanderExampleTests/Pods-SantanderExample-SantanderExampleTests-frameworks.sh\"\n";
			showEnvVarsInLog = 0;
		};
/* End PBXShellScriptBuildPhase section */

/* Begin PBXSourcesBuildPhase section */
		188D207920A1459200E163CD /* Sources */ = {
			isa = PBXSourcesBuildPhase;
			buildActionMask = 2147483647;
			files = (
				18AFE58D20A3F5780032C633 /* ServiceError.swift in Sources */,
				18AFE59D20A5456E0032C633 /* Colors.swift in Sources */,
				18D5C1C520A28F6E0030433B /* HomeModels.swift in Sources */,
				18AFE59620A3F88A0032C633 /* InvestmentTargetType.swift in Sources */,
				18AFE5A020A5459F0032C633 /* UIColorExtension.swift in Sources */,
				181D762020A7E97D00288046 /* ContactTextTableViewCell.swift in Sources */,
				181D763E20A7EE6400288046 /* ContactForm.swift in Sources */,
				18D5C1C320A28D9F0030433B /* HomePresenter.swift in Sources */,
				18AFE58A20A3F5560032C633 /* MoyaProviderExtension.swift in Sources */,
				181D764C20A88C0C00288046 /* HomeRouter.swift in Sources */,
				18AFE57720A3DE5B0032C633 /* InvestmentModels.swift in Sources */,
				18EE799320A7221D0057BCEF /* ContactSendTableViewCell.swift in Sources */,
				18AFE59A20A403FC0032C633 /* InvestmentFundResponse.swift in Sources */,
				18AFE59220A3F7C40032C633 /* InvestmentMoreInformation.swift in Sources */,
				188D208120A1459200E163CD /* AppDelegate.swift in Sources */,
				18AFE59820A3F95B0032C633 /* InvestmentWorker.swift in Sources */,
				181D762720A7EAD700288046 /* ContactPresenter.swift in Sources */,
				181D763B20A7EE3000288046 /* ContactFormResponse.swift in Sources */,
				181D763420A7ED1200288046 /* ContactTargetType.swift in Sources */,
				188D210420A1525C00E163CD /* InvestmentViewController.swift in Sources */,
				18AFE57120A3DE270032C633 /* InvestmentInteractor.swift in Sources */,
				18DFB88C20A919CE009FC7BF /* MaskUtil.swift in Sources */,
				188D210820A1589000E163CD /* HomeViewController.swift in Sources */,
				181D762A20A7EB2F00288046 /* ContactModels.swift in Sources */,
				181D763720A7EDCD00288046 /* ContactWorker.swift in Sources */,
				18D5C1BD20A27C770030433B /* HomeInteractor.swift in Sources */,
				181D764F20A89A2F00288046 /* DataExtension.swift in Sources */,
				18EE798B20A70D4A0057BCEF /* InvestmentInformationTableViewCell.swift in Sources */,
				18D5C1C120A28B860030433B /* ContactViewController.swift in Sources */,
				18EE798F20A7113F0057BCEF /* BaseViewController.swift in Sources */,
				18EE799A20A7230E0057BCEF /* ContactTextFieldTableViewCell.swift in Sources */,
				18DFB88920A91100009FC7BF /* ValidationWorker.swift in Sources */,
				18AFE58620A3EED90032C633 /* InvestmentRiskCollectionViewCell.swift in Sources */,
				18AFE59420A3F8520032C633 /* InvestmentInformation.swift in Sources */,
				181D764320A8012400288046 /* ContactCheckboxTableViewCell.swift in Sources */,
				181D762420A7EAC200288046 /* ContactInteractor.swift in Sources */,
				18AFE59020A3F62C0032C633 /* InvestmentScreen.swift in Sources */,
				18AFE57320A3DE4A0032C633 /* InvestmentPresenter.swift in Sources */,
			);
			runOnlyForDeploymentPostprocessing = 0;
		};
		18DFB8A920A92191009FC7BF /* Sources */ = {
			isa = PBXSourcesBuildPhase;
			buildActionMask = 2147483647;
			files = (
				18DFB8CA20A921D7009FC7BF /* ContactTextFieldTableViewCell.swift in Sources */,
				18DFB8D420A921E1009FC7BF /* InvestmentInteractor.swift in Sources */,
				18DFB8DF20A921E9009FC7BF /* HomeViewController.swift in Sources */,
				18DFB8D620A921E1009FC7BF /* InvestmentModels.swift in Sources */,
				18EC4CF520A924720084DE58 /* ContactForm.swift in Sources */,
				18DFB8BB20A921B0009FC7BF /* ServiceError.swift in Sources */,
				18DFB8C620A921D7009FC7BF /* ContactCheckboxTableViewCell.swift in Sources */,
				18DFB8E320A921E9009FC7BF /* HomeModels.swift in Sources */,
				18DFB8C220A921C7009FC7BF /* MaskUtil.swift in Sources */,
				18DFB8BA20A921A9009FC7BF /* InvestmentInformation.swift in Sources */,
				18DFB8B920A921A9009FC7BF /* InvestmentMoreInformation.swift in Sources */,
				18DFB8ED20A92215009FC7BF /* InvestmentPresenterTests.swift in Sources */,
				18DFB8D320A921E1009FC7BF /* InvestmentViewController.swift in Sources */,
				18DFB8D020A921D7009FC7BF /* InvestmentRiskCollectionViewCell.swift in Sources */,
				18DFB8E220A921E9009FC7BF /* HomePresenter.swift in Sources */,
				18DFB8EB20A92215009FC7BF /* InvestmentInteractorTests.swift in Sources */,
				18DFB8CE20A921D7009FC7BF /* InvestmentInformationTableViewCell.swift in Sources */,
				18DFB8E120A921E9009FC7BF /* HomeInteractor.swift in Sources */,
				18DFB8DC20A921E2009FC7BF /* ContactModels.swift in Sources */,
				18DFB8B720A921A6009FC7BF /* InvestmentFundResponse.swift in Sources */,
				18DFB8EC20A92215009FC7BF /* InvestmentWorkerTests.swift in Sources */,
				18DFB8EA20A92215009FC7BF /* InvestmentViewControllerTests.swift in Sources */,
				18DFB8C320A921C7009FC7BF /* BaseViewController.swift in Sources */,
				18DFB8D720A921E2009FC7BF /* InvestmentWorker.swift in Sources */,
				18DFB8D520A921E1009FC7BF /* InvestmentPresenter.swift in Sources */,
				18DFB8DD20A921E2009FC7BF /* ContactWorker.swift in Sources */,
				18DFB8D920A921E2009FC7BF /* ContactViewController.swift in Sources */,
				18DFB8CC20A921D7009FC7BF /* ContactSendTableViewCell.swift in Sources */,
				18DFB8DB20A921E2009FC7BF /* ContactPresenter.swift in Sources */,
				18DFB8E020A921E9009FC7BF /* HomeRouter.swift in Sources */,
				18DFB8C420A921C7009FC7BF /* UIColorExtension.swift in Sources */,
				18EC4CF820A925ED0084DE58 /* AppDelegate.swift in Sources */,
				18EC4CF720A925E70084DE58 /* Colors.swift in Sources */,
				18DFB8B820A921A9009FC7BF /* InvestmentScreen.swift in Sources */,
				18DFB8B020A92191009FC7BF /* SantanderExampleTests.swift in Sources */,
				18DFB8C020A921B8009FC7BF /* MoyaProviderExtension.swift in Sources */,
				18DFB8BE20A921B8009FC7BF /* InvestmentTargetType.swift in Sources */,
				18DFB8C520A921C7009FC7BF /* DataExtension.swift in Sources */,
				18DFB8C920A921D7009FC7BF /* ContactTextTableViewCell.swift in Sources */,
				18DFB8C120A921C7009FC7BF /* ValidationWorker.swift in Sources */,
				18EC4CF620A924780084DE58 /* ContactFormResponse.swift in Sources */,
				18DFB8BF20A921B8009FC7BF /* ContactTargetType.swift in Sources */,
				1804835B20A9C74D00CC2620 /* Validations.swift in Sources */,
				18DFB8DA20A921E2009FC7BF /* ContactInteractor.swift in Sources */,
			);
			runOnlyForDeploymentPostprocessing = 0;
		};
/* End PBXSourcesBuildPhase section */

/* Begin PBXTargetDependency section */
		18DFB8B320A92191009FC7BF /* PBXTargetDependency */ = {
			isa = PBXTargetDependency;
			target = 188D207C20A1459200E163CD /* SantanderExample */;
			targetProxy = 18DFB8B220A92191009FC7BF /* PBXContainerItemProxy */;
		};
/* End PBXTargetDependency section */

/* Begin PBXVariantGroup section */
		188D208920A1459300E163CD /* LaunchScreen.storyboard */ = {
			isa = PBXVariantGroup;
			children = (
				188D208A20A1459300E163CD /* Base */,
			);
			name = LaunchScreen.storyboard;
			sourceTree = "<group>";
		};
/* End PBXVariantGroup section */

/* Begin XCBuildConfiguration section */
		188D208D20A1459300E163CD /* Debug */ = {
			isa = XCBuildConfiguration;
			buildSettings = {
				ALWAYS_SEARCH_USER_PATHS = NO;
				CLANG_ANALYZER_NONNULL = YES;
				CLANG_ANALYZER_NUMBER_OBJECT_CONVERSION = YES_AGGRESSIVE;
				CLANG_CXX_LANGUAGE_STANDARD = "gnu++14";
				CLANG_CXX_LIBRARY = "libc++";
				CLANG_ENABLE_MODULES = YES;
				CLANG_ENABLE_OBJC_ARC = YES;
				CLANG_ENABLE_OBJC_WEAK = YES;
				CLANG_WARN_BLOCK_CAPTURE_AUTORELEASING = YES;
				CLANG_WARN_BOOL_CONVERSION = YES;
				CLANG_WARN_COMMA = YES;
				CLANG_WARN_CONSTANT_CONVERSION = YES;
				CLANG_WARN_DEPRECATED_OBJC_IMPLEMENTATIONS = YES;
				CLANG_WARN_DIRECT_OBJC_ISA_USAGE = YES_ERROR;
				CLANG_WARN_DOCUMENTATION_COMMENTS = YES;
				CLANG_WARN_EMPTY_BODY = YES;
				CLANG_WARN_ENUM_CONVERSION = YES;
				CLANG_WARN_INFINITE_RECURSION = YES;
				CLANG_WARN_INT_CONVERSION = YES;
				CLANG_WARN_NON_LITERAL_NULL_CONVERSION = YES;
				CLANG_WARN_OBJC_IMPLICIT_RETAIN_SELF = YES;
				CLANG_WARN_OBJC_LITERAL_CONVERSION = YES;
				CLANG_WARN_OBJC_ROOT_CLASS = YES_ERROR;
				CLANG_WARN_RANGE_LOOP_ANALYSIS = YES;
				CLANG_WARN_STRICT_PROTOTYPES = YES;
				CLANG_WARN_SUSPICIOUS_MOVE = YES;
				CLANG_WARN_UNGUARDED_AVAILABILITY = YES_AGGRESSIVE;
				CLANG_WARN_UNREACHABLE_CODE = YES;
				CLANG_WARN__DUPLICATE_METHOD_MATCH = YES;
				CODE_SIGN_IDENTITY = "iPhone Developer";
				COPY_PHASE_STRIP = NO;
				DEBUG_INFORMATION_FORMAT = dwarf;
				ENABLE_STRICT_OBJC_MSGSEND = YES;
				ENABLE_TESTABILITY = YES;
				GCC_C_LANGUAGE_STANDARD = gnu11;
				GCC_DYNAMIC_NO_PIC = NO;
				GCC_NO_COMMON_BLOCKS = YES;
				GCC_OPTIMIZATION_LEVEL = 0;
				GCC_PREPROCESSOR_DEFINITIONS = (
					"DEBUG=1",
					"$(inherited)",
				);
				GCC_WARN_64_TO_32_BIT_CONVERSION = YES;
				GCC_WARN_ABOUT_RETURN_TYPE = YES_ERROR;
				GCC_WARN_UNDECLARED_SELECTOR = YES;
				GCC_WARN_UNINITIALIZED_AUTOS = YES_AGGRESSIVE;
				GCC_WARN_UNUSED_FUNCTION = YES;
				GCC_WARN_UNUSED_VARIABLE = YES;
				IPHONEOS_DEPLOYMENT_TARGET = 11.3;
				MTL_ENABLE_DEBUG_INFO = YES;
				ONLY_ACTIVE_ARCH = YES;
				SDKROOT = iphoneos;
				SWIFT_ACTIVE_COMPILATION_CONDITIONS = DEBUG;
				SWIFT_OPTIMIZATION_LEVEL = "-Onone";
			};
			name = Debug;
		};
		188D208E20A1459300E163CD /* Release */ = {
			isa = XCBuildConfiguration;
			buildSettings = {
				ALWAYS_SEARCH_USER_PATHS = NO;
				CLANG_ANALYZER_NONNULL = YES;
				CLANG_ANALYZER_NUMBER_OBJECT_CONVERSION = YES_AGGRESSIVE;
				CLANG_CXX_LANGUAGE_STANDARD = "gnu++14";
				CLANG_CXX_LIBRARY = "libc++";
				CLANG_ENABLE_MODULES = YES;
				CLANG_ENABLE_OBJC_ARC = YES;
				CLANG_ENABLE_OBJC_WEAK = YES;
				CLANG_WARN_BLOCK_CAPTURE_AUTORELEASING = YES;
				CLANG_WARN_BOOL_CONVERSION = YES;
				CLANG_WARN_COMMA = YES;
				CLANG_WARN_CONSTANT_CONVERSION = YES;
				CLANG_WARN_DEPRECATED_OBJC_IMPLEMENTATIONS = YES;
				CLANG_WARN_DIRECT_OBJC_ISA_USAGE = YES_ERROR;
				CLANG_WARN_DOCUMENTATION_COMMENTS = YES;
				CLANG_WARN_EMPTY_BODY = YES;
				CLANG_WARN_ENUM_CONVERSION = YES;
				CLANG_WARN_INFINITE_RECURSION = YES;
				CLANG_WARN_INT_CONVERSION = YES;
				CLANG_WARN_NON_LITERAL_NULL_CONVERSION = YES;
				CLANG_WARN_OBJC_IMPLICIT_RETAIN_SELF = YES;
				CLANG_WARN_OBJC_LITERAL_CONVERSION = YES;
				CLANG_WARN_OBJC_ROOT_CLASS = YES_ERROR;
				CLANG_WARN_RANGE_LOOP_ANALYSIS = YES;
				CLANG_WARN_STRICT_PROTOTYPES = YES;
				CLANG_WARN_SUSPICIOUS_MOVE = YES;
				CLANG_WARN_UNGUARDED_AVAILABILITY = YES_AGGRESSIVE;
				CLANG_WARN_UNREACHABLE_CODE = YES;
				CLANG_WARN__DUPLICATE_METHOD_MATCH = YES;
				CODE_SIGN_IDENTITY = "iPhone Developer";
				COPY_PHASE_STRIP = NO;
				DEBUG_INFORMATION_FORMAT = "dwarf-with-dsym";
				ENABLE_NS_ASSERTIONS = NO;
				ENABLE_STRICT_OBJC_MSGSEND = YES;
				GCC_C_LANGUAGE_STANDARD = gnu11;
				GCC_NO_COMMON_BLOCKS = YES;
				GCC_WARN_64_TO_32_BIT_CONVERSION = YES;
				GCC_WARN_ABOUT_RETURN_TYPE = YES_ERROR;
				GCC_WARN_UNDECLARED_SELECTOR = YES;
				GCC_WARN_UNINITIALIZED_AUTOS = YES_AGGRESSIVE;
				GCC_WARN_UNUSED_FUNCTION = YES;
				GCC_WARN_UNUSED_VARIABLE = YES;
				IPHONEOS_DEPLOYMENT_TARGET = 11.3;
				MTL_ENABLE_DEBUG_INFO = NO;
				SDKROOT = iphoneos;
				SWIFT_COMPILATION_MODE = wholemodule;
				SWIFT_OPTIMIZATION_LEVEL = "-O";
				VALIDATE_PRODUCT = YES;
			};
			name = Release;
		};
		188D209020A1459300E163CD /* Debug */ = {
			isa = XCBuildConfiguration;
			baseConfigurationReference = E4F0FB90B8B6AF0E949741DF /* Pods-SantanderExample.debug.xcconfig */;
			buildSettings = {
				ASSETCATALOG_COMPILER_APPICON_NAME = AppIcon;
				CODE_SIGN_STYLE = Automatic;
				DEVELOPMENT_TEAM = HP8735289J;
				INFOPLIST_FILE = "$(SRCROOT)/SantanderExample/Application/Info.plist";
				IPHONEOS_DEPLOYMENT_TARGET = 9.0;
				LD_RUNPATH_SEARCH_PATHS = (
					"$(inherited)",
					"@executable_path/Frameworks",
				);
				PRODUCT_BUNDLE_IDENTIFIER = com.teste.SantanderExample;
				PRODUCT_NAME = "$(TARGET_NAME)";
				SWIFT_VERSION = 4.0;
				TARGETED_DEVICE_FAMILY = "1,2";
			};
			name = Debug;
		};
		188D209120A1459300E163CD /* Release */ = {
			isa = XCBuildConfiguration;
			baseConfigurationReference = 1915CEEB2B1A09B025162471 /* Pods-SantanderExample.release.xcconfig */;
			buildSettings = {
				ASSETCATALOG_COMPILER_APPICON_NAME = AppIcon;
				CODE_SIGN_STYLE = Automatic;
				DEVELOPMENT_TEAM = HP8735289J;
				INFOPLIST_FILE = "$(SRCROOT)/SantanderExample/Application/Info.plist";
				IPHONEOS_DEPLOYMENT_TARGET = 9.0;
				LD_RUNPATH_SEARCH_PATHS = (
					"$(inherited)",
					"@executable_path/Frameworks",
				);
				PRODUCT_BUNDLE_IDENTIFIER = com.teste.SantanderExample;
				PRODUCT_NAME = "$(TARGET_NAME)";
				SWIFT_VERSION = 4.0;
				TARGETED_DEVICE_FAMILY = "1,2";
			};
			name = Release;
		};
		18DFB8B520A92191009FC7BF /* Debug */ = {
			isa = XCBuildConfiguration;
			baseConfigurationReference = 286FA58334BF804111E67CDF /* Pods-SantanderExample-SantanderExampleTests.debug.xcconfig */;
			buildSettings = {
				BUNDLE_LOADER = "$(TEST_HOST)";
				CODE_SIGN_STYLE = Automatic;
				DEVELOPMENT_TEAM = YQ9U88V643;
				INFOPLIST_FILE = SantanderExampleTests/Info.plist;
				LD_RUNPATH_SEARCH_PATHS = (
					"$(inherited)",
					"@executable_path/Frameworks",
					"@loader_path/Frameworks",
				);
				PRODUCT_BUNDLE_IDENTIFIER = com.teste.SantanderExampleTests;
				PRODUCT_NAME = "$(TARGET_NAME)";
				SWIFT_VERSION = 4.0;
				TARGETED_DEVICE_FAMILY = "1,2";
				TEST_HOST = "$(BUILT_PRODUCTS_DIR)/SantanderExample.app/SantanderExample";
			};
			name = Debug;
		};
		18DFB8B620A92191009FC7BF /* Release */ = {
			isa = XCBuildConfiguration;
			baseConfigurationReference = D13428F2FC571A51F68171A0 /* Pods-SantanderExample-SantanderExampleTests.release.xcconfig */;
			buildSettings = {
				BUNDLE_LOADER = "$(TEST_HOST)";
				CODE_SIGN_STYLE = Automatic;
				DEVELOPMENT_TEAM = YQ9U88V643;
				INFOPLIST_FILE = SantanderExampleTests/Info.plist;
				LD_RUNPATH_SEARCH_PATHS = (
					"$(inherited)",
					"@executable_path/Frameworks",
					"@loader_path/Frameworks",
				);
				PRODUCT_BUNDLE_IDENTIFIER = com.teste.SantanderExampleTests;
				PRODUCT_NAME = "$(TARGET_NAME)";
				SWIFT_VERSION = 4.0;
				TARGETED_DEVICE_FAMILY = "1,2";
				TEST_HOST = "$(BUILT_PRODUCTS_DIR)/SantanderExample.app/SantanderExample";
			};
			name = Release;
		};
/* End XCBuildConfiguration section */

/* Begin XCConfigurationList section */
		188D207820A1459200E163CD /* Build configuration list for PBXProject "SantanderExample" */ = {
			isa = XCConfigurationList;
			buildConfigurations = (
				188D208D20A1459300E163CD /* Debug */,
				188D208E20A1459300E163CD /* Release */,
			);
			defaultConfigurationIsVisible = 0;
			defaultConfigurationName = Release;
		};
		188D208F20A1459300E163CD /* Build configuration list for PBXNativeTarget "SantanderExample" */ = {
			isa = XCConfigurationList;
			buildConfigurations = (
				188D209020A1459300E163CD /* Debug */,
				188D209120A1459300E163CD /* Release */,
			);
			defaultConfigurationIsVisible = 0;
			defaultConfigurationName = Release;
		};
		18DFB8B420A92191009FC7BF /* Build configuration list for PBXNativeTarget "SantanderExampleTests" */ = {
			isa = XCConfigurationList;
			buildConfigurations = (
				18DFB8B520A92191009FC7BF /* Debug */,
				18DFB8B620A92191009FC7BF /* Release */,
			);
			defaultConfigurationIsVisible = 0;
			defaultConfigurationName = Release;
		};
/* End XCConfigurationList section */
	};
	rootObject = 188D207520A1459200E163CD /* Project object */;
}
