// !$*UTF8*$!
{
	archiveVersion = 1;
	classes = {
	};
	objectVersion = 50;
	objects = {

/* Begin PBXBuildFile section */
		CB41A865215DD02B00C0F63B /* SkyFloatingLabelTextField.framework in Frameworks */ = {isa = PBXBuildFile; fileRef = CB41A862215DD02A00C0F63B /* SkyFloatingLabelTextField.framework */; };
		CB41A866215DD02B00C0F63B /* Alamofire.framework in Frameworks */ = {isa = PBXBuildFile; fileRef = CB41A863215DD02A00C0F63B /* Alamofire.framework */; };
		CB41A867215DD02B00C0F63B /* ObjectMapper.framework in Frameworks */ = {isa = PBXBuildFile; fileRef = CB41A864215DD02A00C0F63B /* ObjectMapper.framework */; };
		CB41A86F215DD23B00C0F63B /* 20. Din     [1926 - Ludwig Goller] in Resources */ = {isa = PBXBuildFile; fileRef = CB41A86E215DD23B00C0F63B /* 20. Din     [1926 - Ludwig Goller] */; };
		CB41A871215DD2B300C0F63B /* Default-568h@2x.png in Resources */ = {isa = PBXBuildFile; fileRef = CB41A870215DD2B300C0F63B /* Default-568h@2x.png */; };
		CB41A873215DDA9000C0F63B /* JVFloatLabeledText.framework in Frameworks */ = {isa = PBXBuildFile; fileRef = CB41A872215DDA9000C0F63B /* JVFloatLabeledText.framework */; };
		CB41A877215DF10700C0F63B /* InvestmentViewController.swift in Sources */ = {isa = PBXBuildFile; fileRef = CB41A876215DF10700C0F63B /* InvestmentViewController.swift */; };
		CB41A87B215DF48E00C0F63B /* ShowInvestmentsModel.swift in Sources */ = {isa = PBXBuildFile; fileRef = CB41A87A215DF48E00C0F63B /* ShowInvestmentsModel.swift */; };
		CB41A87D215DF5B100C0F63B /* ShowInvestmentPresenter.swift in Sources */ = {isa = PBXBuildFile; fileRef = CB41A87C215DF5B100C0F63B /* ShowInvestmentPresenter.swift */; };
		CB41A87F215DF79300C0F63B /* ShowInvestmentInteractor.swift in Sources */ = {isa = PBXBuildFile; fileRef = CB41A87E215DF79300C0F63B /* ShowInvestmentInteractor.swift */; };
		CB41A881215DF81800C0F63B /* InvestmentWorker.swift in Sources */ = {isa = PBXBuildFile; fileRef = CB41A880215DF81800C0F63B /* InvestmentWorker.swift */; };
		CB41A883215DFC2B00C0F63B /* InvestmentData.swift in Sources */ = {isa = PBXBuildFile; fileRef = CB41A882215DFC2B00C0F63B /* InvestmentData.swift */; };
		CB41A885215E743C00C0F63B /* InvestmentSafari.swift in Sources */ = {isa = PBXBuildFile; fileRef = CB41A884215E743C00C0F63B /* InvestmentSafari.swift */; };
		CB9A03B2215EA86000CA0DD8 /* ContactViewController.swift in Sources */ = {isa = PBXBuildFile; fileRef = CB9A03B1215EA86000CA0DD8 /* ContactViewController.swift */; };
		CB9A03B4215EA9A300CA0DD8 /* ContactPresenter.swift in Sources */ = {isa = PBXBuildFile; fileRef = CB9A03B3215EA9A300CA0DD8 /* ContactPresenter.swift */; };
		CB9A03B6215EA9CC00CA0DD8 /* ContactInteractor.swift in Sources */ = {isa = PBXBuildFile; fileRef = CB9A03B5215EA9CC00CA0DD8 /* ContactInteractor.swift */; };
		CB9A03B8215EA9D400CA0DD8 /* ContactWorker.swift in Sources */ = {isa = PBXBuildFile; fileRef = CB9A03B7215EA9D400CA0DD8 /* ContactWorker.swift */; };
		CB9A03BA215EAE6300CA0DD8 /* FieldValidators.swift in Sources */ = {isa = PBXBuildFile; fileRef = CB9A03B9215EAE6300CA0DD8 /* FieldValidators.swift */; };
		CB9A03BC215EB0C600CA0DD8 /* ContactModel.swift in Sources */ = {isa = PBXBuildFile; fileRef = CB9A03BB215EB0C600CA0DD8 /* ContactModel.swift */; };
		CB9A03BE215EBD4900CA0DD8 /* BarItem.swift in Sources */ = {isa = PBXBuildFile; fileRef = CB9A03BD215EBD4900CA0DD8 /* BarItem.swift */; };
		CBEF3EC5215C129E00B8238F /* AppDelegate.swift in Sources */ = {isa = PBXBuildFile; fileRef = CBEF3EC4215C129E00B8238F /* AppDelegate.swift */; };
		CBEF3ECC215C129E00B8238F /* Main.storyboard in Resources */ = {isa = PBXBuildFile; fileRef = CBEF3ECA215C129E00B8238F /* Main.storyboard */; };
		CBEF3ECE215C129F00B8238F /* Assets.xcassets in Resources */ = {isa = PBXBuildFile; fileRef = CBEF3ECD215C129F00B8238F /* Assets.xcassets */; };
		CBEF3ED1215C129F00B8238F /* LaunchScreen.storyboard in Resources */ = {isa = PBXBuildFile; fileRef = CBEF3ECF215C129F00B8238F /* LaunchScreen.storyboard */; };
		CBEF3EDC215C129F00B8238F /* ProfileTests.swift in Sources */ = {isa = PBXBuildFile; fileRef = CBEF3EDB215C129F00B8238F /* ProfileTests.swift */; };
/* End PBXBuildFile section */

/* Begin PBXContainerItemProxy section */
		CBEF3ED8215C129F00B8238F /* PBXContainerItemProxy */ = {
			isa = PBXContainerItemProxy;
			containerPortal = CBEF3EB9215C129E00B8238F /* Project object */;
			proxyType = 1;
			remoteGlobalIDString = CBEF3EC0215C129E00B8238F;
			remoteInfo = Profile;
		};
/* End PBXContainerItemProxy section */

/* Begin PBXFileReference section */
		CB41A862215DD02A00C0F63B /* SkyFloatingLabelTextField.framework */ = {isa = PBXFileReference; lastKnownFileType = wrapper.framework; name = SkyFloatingLabelTextField.framework; path = Carthage/Build/iOS/SkyFloatingLabelTextField.framework; sourceTree = SOURCE_ROOT; };
		CB41A863215DD02A00C0F63B /* Alamofire.framework */ = {isa = PBXFileReference; lastKnownFileType = wrapper.framework; name = Alamofire.framework; path = Carthage/Build/iOS/Alamofire.framework; sourceTree = SOURCE_ROOT; };
		CB41A864215DD02A00C0F63B /* ObjectMapper.framework */ = {isa = PBXFileReference; lastKnownFileType = wrapper.framework; name = ObjectMapper.framework; path = Carthage/Build/iOS/ObjectMapper.framework; sourceTree = SOURCE_ROOT; };
		CB41A86E215DD23B00C0F63B /* 20. Din     [1926 - Ludwig Goller] */ = {isa = PBXFileReference; lastKnownFileType = folder; path = "20. Din     [1926 - Ludwig Goller]"; sourceTree = "<group>"; };
		CB41A870215DD2B300C0F63B /* Default-568h@2x.png */ = {isa = PBXFileReference; lastKnownFileType = image.png; path = "Default-568h@2x.png"; sourceTree = "<group>"; };
		CB41A872215DDA9000C0F63B /* JVFloatLabeledText.framework */ = {isa = PBXFileReference; lastKnownFileType = wrapper.framework; name = JVFloatLabeledText.framework; path = Carthage/Build/iOS/JVFloatLabeledText.framework; sourceTree = SOURCE_ROOT; };
		CB41A876215DF10700C0F63B /* InvestmentViewController.swift */ = {isa = PBXFileReference; lastKnownFileType = sourcecode.swift; path = InvestmentViewController.swift; sourceTree = "<group>"; };
		CB41A87A215DF48E00C0F63B /* ShowInvestmentsModel.swift */ = {isa = PBXFileReference; lastKnownFileType = sourcecode.swift; path = ShowInvestmentsModel.swift; sourceTree = "<group>"; };
		CB41A87C215DF5B100C0F63B /* ShowInvestmentPresenter.swift */ = {isa = PBXFileReference; lastKnownFileType = sourcecode.swift; path = ShowInvestmentPresenter.swift; sourceTree = "<group>"; };
		CB41A87E215DF79300C0F63B /* ShowInvestmentInteractor.swift */ = {isa = PBXFileReference; lastKnownFileType = sourcecode.swift; path = ShowInvestmentInteractor.swift; sourceTree = "<group>"; };
		CB41A880215DF81800C0F63B /* InvestmentWorker.swift */ = {isa = PBXFileReference; lastKnownFileType = sourcecode.swift; path = InvestmentWorker.swift; sourceTree = "<group>"; };
		CB41A882215DFC2B00C0F63B /* InvestmentData.swift */ = {isa = PBXFileReference; lastKnownFileType = sourcecode.swift; path = InvestmentData.swift; sourceTree = "<group>"; };
		CB41A884215E743C00C0F63B /* InvestmentSafari.swift */ = {isa = PBXFileReference; lastKnownFileType = sourcecode.swift; path = InvestmentSafari.swift; sourceTree = "<group>"; };
		CB9A03B1215EA86000CA0DD8 /* ContactViewController.swift */ = {isa = PBXFileReference; lastKnownFileType = sourcecode.swift; path = ContactViewController.swift; sourceTree = "<group>"; };
		CB9A03B3215EA9A300CA0DD8 /* ContactPresenter.swift */ = {isa = PBXFileReference; lastKnownFileType = sourcecode.swift; path = ContactPresenter.swift; sourceTree = "<group>"; };
		CB9A03B5215EA9CC00CA0DD8 /* ContactInteractor.swift */ = {isa = PBXFileReference; lastKnownFileType = sourcecode.swift; path = ContactInteractor.swift; sourceTree = "<group>"; };
		CB9A03B7215EA9D400CA0DD8 /* ContactWorker.swift */ = {isa = PBXFileReference; lastKnownFileType = sourcecode.swift; path = ContactWorker.swift; sourceTree = "<group>"; };
		CB9A03B9215EAE6300CA0DD8 /* FieldValidators.swift */ = {isa = PBXFileReference; lastKnownFileType = sourcecode.swift; path = FieldValidators.swift; sourceTree = "<group>"; };
		CB9A03BB215EB0C600CA0DD8 /* ContactModel.swift */ = {isa = PBXFileReference; lastKnownFileType = sourcecode.swift; path = ContactModel.swift; sourceTree = "<group>"; };
		CB9A03BD215EBD4900CA0DD8 /* BarItem.swift */ = {isa = PBXFileReference; lastKnownFileType = sourcecode.swift; path = BarItem.swift; sourceTree = "<group>"; };
		CB9A03BF215EBE2600CA0DD8 /* README.md */ = {isa = PBXFileReference; lastKnownFileType = net.daringfireball.markdown; path = README.md; sourceTree = "<group>"; };
		CBEF3EC1215C129E00B8238F /* Profile.app */ = {isa = PBXFileReference; explicitFileType = wrapper.application; includeInIndex = 0; path = Profile.app; sourceTree = BUILT_PRODUCTS_DIR; };
		CBEF3EC4215C129E00B8238F /* AppDelegate.swift */ = {isa = PBXFileReference; lastKnownFileType = sourcecode.swift; path = AppDelegate.swift; sourceTree = "<group>"; };
		CBEF3ECB215C129E00B8238F /* Base */ = {isa = PBXFileReference; lastKnownFileType = file.storyboard; name = Base; path = Base.lproj/Main.storyboard; sourceTree = "<group>"; };
		CBEF3ECD215C129F00B8238F /* Assets.xcassets */ = {isa = PBXFileReference; lastKnownFileType = folder.assetcatalog; path = Assets.xcassets; sourceTree = "<group>"; };
		CBEF3ED0215C129F00B8238F /* Base */ = {isa = PBXFileReference; lastKnownFileType = file.storyboard; name = Base; path = Base.lproj/LaunchScreen.storyboard; sourceTree = "<group>"; };
		CBEF3ED2215C129F00B8238F /* Info.plist */ = {isa = PBXFileReference; lastKnownFileType = text.plist.xml; path = Info.plist; sourceTree = "<group>"; };
		CBEF3ED7215C129F00B8238F /* ProfileTests.xctest */ = {isa = PBXFileReference; explicitFileType = wrapper.cfbundle; includeInIndex = 0; path = ProfileTests.xctest; sourceTree = BUILT_PRODUCTS_DIR; };
		CBEF3EDB215C129F00B8238F /* ProfileTests.swift */ = {isa = PBXFileReference; lastKnownFileType = sourcecode.swift; path = ProfileTests.swift; sourceTree = "<group>"; };
		CBEF3EDD215C129F00B8238F /* Info.plist */ = {isa = PBXFileReference; lastKnownFileType = text.plist.xml; path = Info.plist; sourceTree = "<group>"; };
/* End PBXFileReference section */

/* Begin PBXFrameworksBuildPhase section */
		CBEF3EBE215C129E00B8238F /* Frameworks */ = {
			isa = PBXFrameworksBuildPhase;
			buildActionMask = 2147483647;
			files = (
				CB41A873215DDA9000C0F63B /* JVFloatLabeledText.framework in Frameworks */,
				CB41A867215DD02B00C0F63B /* ObjectMapper.framework in Frameworks */,
				CB41A865215DD02B00C0F63B /* SkyFloatingLabelTextField.framework in Frameworks */,
				CB41A866215DD02B00C0F63B /* Alamofire.framework in Frameworks */,
			);
			runOnlyForDeploymentPostprocessing = 0;
		};
		CBEF3ED4215C129F00B8238F /* Frameworks */ = {
			isa = PBXFrameworksBuildPhase;
			buildActionMask = 2147483647;
			files = (
			);
			runOnlyForDeploymentPostprocessing = 0;
		};
/* End PBXFrameworksBuildPhase section */

/* Begin PBXGroup section */
		CB41A861215DD00C00C0F63B /* Vendor */ = {
			isa = PBXGroup;
			children = (
				CB41A872215DDA9000C0F63B /* JVFloatLabeledText.framework */,
				CB41A863215DD02A00C0F63B /* Alamofire.framework */,
				CB41A864215DD02A00C0F63B /* ObjectMapper.framework */,
				CB41A862215DD02A00C0F63B /* SkyFloatingLabelTextField.framework */,
			);
			path = Vendor;
			sourceTree = "<group>";
		};
		CB41A869215DD1D200C0F63B /* Resources */ = {
			isa = PBXGroup;
			children = (
				CB41A86D215DD22600C0F63B /* Font */,
				CB41A86C215DD20000C0F63B /* Assets */,
				CB41A86B215DD1F300C0F63B /* Storyboards */,
				CBEF3EC4215C129E00B8238F /* AppDelegate.swift */,
				CB9A03BD215EBD4900CA0DD8 /* BarItem.swift */,
			);
			path = Resources;
			sourceTree = "<group>";
		};
		CB41A86B215DD1F300C0F63B /* Storyboards */ = {
			isa = PBXGroup;
			children = (
				CBEF3ECF215C129F00B8238F /* LaunchScreen.storyboard */,
				CBEF3ECA215C129E00B8238F /* Main.storyboard */,
			);
			path = Storyboards;
			sourceTree = "<group>";
		};
		CB41A86C215DD20000C0F63B /* Assets */ = {
			isa = PBXGroup;
			children = (
				CBEF3ECD215C129F00B8238F /* Assets.xcassets */,
			);
			path = Assets;
			sourceTree = "<group>";
		};
		CB41A86D215DD22600C0F63B /* Font */ = {
			isa = PBXGroup;
			children = (
				CB41A86E215DD23B00C0F63B /* 20. Din     [1926 - Ludwig Goller] */,
			);
			path = Font;
			sourceTree = "<group>";
		};
		CB41A874215DF0D600C0F63B /* Scenes */ = {
			isa = PBXGroup;
			children = (
				CB9A03B0215EA84F00CA0DD8 /* Contact */,
				CB41A875215DF0E000C0F63B /* Investment */,
			);
			path = Scenes;
			sourceTree = "<group>";
		};
		CB41A875215DF0E000C0F63B /* Investment */ = {
			isa = PBXGroup;
			children = (
				CB41A876215DF10700C0F63B /* InvestmentViewController.swift */,
				CB41A87A215DF48E00C0F63B /* ShowInvestmentsModel.swift */,
				CB41A87C215DF5B100C0F63B /* ShowInvestmentPresenter.swift */,
				CB41A87E215DF79300C0F63B /* ShowInvestmentInteractor.swift */,
				CB41A880215DF81800C0F63B /* InvestmentWorker.swift */,
				CB41A882215DFC2B00C0F63B /* InvestmentData.swift */,
				CB41A884215E743C00C0F63B /* InvestmentSafari.swift */,
			);
			path = Investment;
			sourceTree = "<group>";
		};
		CB9A03B0215EA84F00CA0DD8 /* Contact */ = {
			isa = PBXGroup;
			children = (
				CB9A03B1215EA86000CA0DD8 /* ContactViewController.swift */,
				CB9A03B3215EA9A300CA0DD8 /* ContactPresenter.swift */,
				CB9A03B5215EA9CC00CA0DD8 /* ContactInteractor.swift */,
				CB9A03B7215EA9D400CA0DD8 /* ContactWorker.swift */,
				CB9A03B9215EAE6300CA0DD8 /* FieldValidators.swift */,
				CB9A03BB215EB0C600CA0DD8 /* ContactModel.swift */,
			);
			path = Contact;
			sourceTree = "<group>";
		};
		CBEF3EB8215C129E00B8238F = {
			isa = PBXGroup;
			children = (
				CB41A870215DD2B300C0F63B /* Default-568h@2x.png */,
				CBEF3EC3215C129E00B8238F /* Profile */,
				CBEF3EDA215C129F00B8238F /* ProfileTests */,
				CBEF3EC2215C129E00B8238F /* Products */,
			);
			sourceTree = "<group>";
		};
		CBEF3EC2215C129E00B8238F /* Products */ = {
			isa = PBXGroup;
			children = (
				CBEF3EC1215C129E00B8238F /* Profile.app */,
				CBEF3ED7215C129F00B8238F /* ProfileTests.xctest */,
			);
			name = Products;
			sourceTree = "<group>";
		};
		CBEF3EC3215C129E00B8238F /* Profile */ = {
			isa = PBXGroup;
			children = (
				CB41A874215DF0D600C0F63B /* Scenes */,
				CBEF3ED2215C129F00B8238F /* Info.plist */,
				CB41A869215DD1D200C0F63B /* Resources */,
				CB41A861215DD00C00C0F63B /* Vendor */,
				CB9A03BF215EBE2600CA0DD8 /* README.md */,
			);
			path = Profile;
			sourceTree = "<group>";
		};
		CBEF3EDA215C129F00B8238F /* ProfileTests */ = {
			isa = PBXGroup;
			children = (
				CBEF3EDB215C129F00B8238F /* ProfileTests.swift */,
				CBEF3EDD215C129F00B8238F /* Info.plist */,
			);
			path = ProfileTests;
			sourceTree = "<group>";
		};
/* End PBXGroup section */

/* Begin PBXNativeTarget section */
		CBEF3EC0215C129E00B8238F /* Profile */ = {
			isa = PBXNativeTarget;
			buildConfigurationList = CBEF3EE0215C129F00B8238F /* Build configuration list for PBXNativeTarget "Profile" */;
			buildPhases = (
				CBEF3EBD215C129E00B8238F /* Sources */,
				CBEF3EBE215C129E00B8238F /* Frameworks */,
				CBEF3EBF215C129E00B8238F /* Resources */,
				CB41A860215DCF3500C0F63B /* ShellScript */,
			);
			buildRules = (
			);
			dependencies = (
			);
			name = Profile;
			productName = Profile;
			productReference = CBEF3EC1215C129E00B8238F /* Profile.app */;
			productType = "com.apple.product-type.application";
		};
		CBEF3ED6215C129F00B8238F /* ProfileTests */ = {
			isa = PBXNativeTarget;
			buildConfigurationList = CBEF3EE3215C129F00B8238F /* Build configuration list for PBXNativeTarget "ProfileTests" */;
			buildPhases = (
				CBEF3ED3215C129F00B8238F /* Sources */,
				CBEF3ED4215C129F00B8238F /* Frameworks */,
				CBEF3ED5215C129F00B8238F /* Resources */,
			);
			buildRules = (
			);
			dependencies = (
				CBEF3ED9215C129F00B8238F /* PBXTargetDependency */,
			);
			name = ProfileTests;
			productName = ProfileTests;
			productReference = CBEF3ED7215C129F00B8238F /* ProfileTests.xctest */;
			productType = "com.apple.product-type.bundle.unit-test";
		};
/* End PBXNativeTarget section */

/* Begin PBXProject section */
		CBEF3EB9215C129E00B8238F /* Project object */ = {
			isa = PBXProject;
			attributes = {
				LastSwiftUpdateCheck = 1000;
				LastUpgradeCheck = 1000;
				ORGANIZATIONNAME = "Renee Alves";
				TargetAttributes = {
					CBEF3EC0215C129E00B8238F = {
						CreatedOnToolsVersion = 10.0;
					};
					CBEF3ED6215C129F00B8238F = {
						CreatedOnToolsVersion = 10.0;
						TestTargetID = CBEF3EC0215C129E00B8238F;
					};
				};
			};
			buildConfigurationList = CBEF3EBC215C129E00B8238F /* Build configuration list for PBXProject "Profile" */;
			compatibilityVersion = "Xcode 9.3";
			developmentRegion = en;
			hasScannedForEncodings = 0;
			knownRegions = (
				en,
				Base,
			);
			mainGroup = CBEF3EB8215C129E00B8238F;
			productRefGroup = CBEF3EC2215C129E00B8238F /* Products */;
			projectDirPath = "";
			projectRoot = "";
			targets = (
				CBEF3EC0215C129E00B8238F /* Profile */,
				CBEF3ED6215C129F00B8238F /* ProfileTests */,
			);
		};
/* End PBXProject section */

/* Begin PBXResourcesBuildPhase section */
		CBEF3EBF215C129E00B8238F /* Resources */ = {
			isa = PBXResourcesBuildPhase;
			buildActionMask = 2147483647;
			files = (
				CBEF3ED1215C129F00B8238F /* LaunchScreen.storyboard in Resources */,
				CB41A86F215DD23B00C0F63B /* 20. Din     [1926 - Ludwig Goller] in Resources */,
				CBEF3ECE215C129F00B8238F /* Assets.xcassets in Resources */,
				CB41A871215DD2B300C0F63B /* Default-568h@2x.png in Resources */,
				CBEF3ECC215C129E00B8238F /* Main.storyboard in Resources */,
			);
			runOnlyForDeploymentPostprocessing = 0;
		};
		CBEF3ED5215C129F00B8238F /* Resources */ = {
			isa = PBXResourcesBuildPhase;
			buildActionMask = 2147483647;
			files = (
			);
			runOnlyForDeploymentPostprocessing = 0;
		};
/* End PBXResourcesBuildPhase section */

/* Begin PBXShellScriptBuildPhase section */
		CB41A860215DCF3500C0F63B /* ShellScript */ = {
			isa = PBXShellScriptBuildPhase;
			buildActionMask = 2147483647;
			files = (
			);
			inputFileListPaths = (
			);
			inputPaths = (
				"$(SRCROOT)/Carthage/Build/iOS/Alamofire.framework",
				"$(SRCROOT)/Carthage/Build/iOS/ObjectMapper.framework",
				"$(SRCROOT)/Carthage/Build/iOS/SkyFloatingLabelTextField.framework",
				"$(SRCROOT)/Carthage/Build/iOS/JVFloatLabeledText.framework",
			);
			outputFileListPaths = (
			);
			outputPaths = (
				"$(DERIVED_FILE_DIR)/$(FRAMEWORKS_FOLDER_PATH)/Alamofire.framework",
				"$(DERIVED_FILE_DIR)/$(FRAMEWORKS_FOLDER_PATH)/ObjectMapper.framework",
				"$(DERIVED_FILE_DIR)/$(FRAMEWORKS_FOLDER_PATH)/SkyFloatingLabelTextField.framework",
				"$(DERIVED_FILE_DIR)/$(FRAMEWORKS_FOLDER_PATH)/JVFloatLabeledText.framework",
			);
			runOnlyForDeploymentPostprocessing = 0;
			shellPath = /bin/sh;
			shellScript = "/usr/local/bin/carthage copy-frameworks\n";
		};
/* End PBXShellScriptBuildPhase section */

/* Begin PBXSourcesBuildPhase section */
		CBEF3EBD215C129E00B8238F /* Sources */ = {
			isa = PBXSourcesBuildPhase;
			buildActionMask = 2147483647;
			files = (
				CB41A885215E743C00C0F63B /* InvestmentSafari.swift in Sources */,
				CB41A877215DF10700C0F63B /* InvestmentViewController.swift in Sources */,
				CB9A03BA215EAE6300CA0DD8 /* FieldValidators.swift in Sources */,
				CB41A87F215DF79300C0F63B /* ShowInvestmentInteractor.swift in Sources */,
				CB9A03BC215EB0C600CA0DD8 /* ContactModel.swift in Sources */,
				CBEF3EC5215C129E00B8238F /* AppDelegate.swift in Sources */,
				CB9A03B6215EA9CC00CA0DD8 /* ContactInteractor.swift in Sources */,
				CB9A03BE215EBD4900CA0DD8 /* BarItem.swift in Sources */,
				CB41A87B215DF48E00C0F63B /* ShowInvestmentsModel.swift in Sources */,
				CB41A87D215DF5B100C0F63B /* ShowInvestmentPresenter.swift in Sources */,
				CB41A883215DFC2B00C0F63B /* InvestmentData.swift in Sources */,
				CB41A881215DF81800C0F63B /* InvestmentWorker.swift in Sources */,
				CB9A03B8215EA9D400CA0DD8 /* ContactWorker.swift in Sources */,
				CB9A03B2215EA86000CA0DD8 /* ContactViewController.swift in Sources */,
				CB9A03B4215EA9A300CA0DD8 /* ContactPresenter.swift in Sources */,
			);
			runOnlyForDeploymentPostprocessing = 0;
		};
		CBEF3ED3215C129F00B8238F /* Sources */ = {
			isa = PBXSourcesBuildPhase;
			buildActionMask = 2147483647;
			files = (
				CBEF3EDC215C129F00B8238F /* ProfileTests.swift in Sources */,
			);
			runOnlyForDeploymentPostprocessing = 0;
		};
/* End PBXSourcesBuildPhase section */

/* Begin PBXTargetDependency section */
		CBEF3ED9215C129F00B8238F /* PBXTargetDependency */ = {
			isa = PBXTargetDependency;
			target = CBEF3EC0215C129E00B8238F /* Profile */;
			targetProxy = CBEF3ED8215C129F00B8238F /* PBXContainerItemProxy */;
		};
/* End PBXTargetDependency section */

/* Begin PBXVariantGroup section */
		CBEF3ECA215C129E00B8238F /* Main.storyboard */ = {
			isa = PBXVariantGroup;
			children = (
				CBEF3ECB215C129E00B8238F /* Base */,
			);
			name = Main.storyboard;
			sourceTree = "<group>";
		};
		CBEF3ECF215C129F00B8238F /* LaunchScreen.storyboard */ = {
			isa = PBXVariantGroup;
			children = (
				CBEF3ED0215C129F00B8238F /* Base */,
			);
			name = LaunchScreen.storyboard;
			sourceTree = "<group>";
		};
/* End PBXVariantGroup section */

/* Begin XCBuildConfiguration section */
		CBEF3EDE215C129F00B8238F /* Debug */ = {
			isa = XCBuildConfiguration;
			buildSettings = {
				ALWAYS_SEARCH_USER_PATHS = NO;
				CLANG_ANALYZER_NONNULL = YES;
				CLANG_ANALYZER_NUMBER_OBJECT_CONVERSION = YES_AGGRESSIVE;
				CLANG_CXX_LANGUAGE_STANDARD = "gnu++14";
				CLANG_CXX_LIBRARY = "libc++";
				CLANG_ENABLE_MODULES = YES;
				CLANG_ENABLE_OBJC_ARC = YES;
				CLANG_ENABLE_OBJC_WEAK = YES;
				CLANG_WARN_BLOCK_CAPTURE_AUTORELEASING = YES;
				CLANG_WARN_BOOL_CONVERSION = YES;
				CLANG_WARN_COMMA = YES;
				CLANG_WARN_CONSTANT_CONVERSION = YES;
				CLANG_WARN_DEPRECATED_OBJC_IMPLEMENTATIONS = YES;
				CLANG_WARN_DIRECT_OBJC_ISA_USAGE = YES_ERROR;
				CLANG_WARN_DOCUMENTATION_COMMENTS = YES;
				CLANG_WARN_EMPTY_BODY = YES;
				CLANG_WARN_ENUM_CONVERSION = YES;
				CLANG_WARN_INFINITE_RECURSION = YES;
				CLANG_WARN_INT_CONVERSION = YES;
				CLANG_WARN_NON_LITERAL_NULL_CONVERSION = YES;
				CLANG_WARN_OBJC_IMPLICIT_RETAIN_SELF = YES;
				CLANG_WARN_OBJC_LITERAL_CONVERSION = YES;
				CLANG_WARN_OBJC_ROOT_CLASS = YES_ERROR;
				CLANG_WARN_RANGE_LOOP_ANALYSIS = YES;
				CLANG_WARN_STRICT_PROTOTYPES = YES;
				CLANG_WARN_SUSPICIOUS_MOVE = YES;
				CLANG_WARN_UNGUARDED_AVAILABILITY = YES_AGGRESSIVE;
				CLANG_WARN_UNREACHABLE_CODE = YES;
				CLANG_WARN__DUPLICATE_METHOD_MATCH = YES;
				CODE_SIGN_IDENTITY = "iPhone Developer";
				COPY_PHASE_STRIP = NO;
				DEBUG_INFORMATION_FORMAT = dwarf;
				ENABLE_STRICT_OBJC_MSGSEND = YES;
				ENABLE_TESTABILITY = YES;
				GCC_C_LANGUAGE_STANDARD = gnu11;
				GCC_DYNAMIC_NO_PIC = NO;
				GCC_NO_COMMON_BLOCKS = YES;
				GCC_OPTIMIZATION_LEVEL = 0;
				GCC_PREPROCESSOR_DEFINITIONS = (
					"DEBUG=1",
					"$(inherited)",
				);
				GCC_WARN_64_TO_32_BIT_CONVERSION = YES;
				GCC_WARN_ABOUT_RETURN_TYPE = YES_ERROR;
				GCC_WARN_UNDECLARED_SELECTOR = YES;
				GCC_WARN_UNINITIALIZED_AUTOS = YES_AGGRESSIVE;
				GCC_WARN_UNUSED_FUNCTION = YES;
				GCC_WARN_UNUSED_VARIABLE = YES;
				IPHONEOS_DEPLOYMENT_TARGET = 12.0;
				MTL_ENABLE_DEBUG_INFO = INCLUDE_SOURCE;
				MTL_FAST_MATH = YES;
				ONLY_ACTIVE_ARCH = YES;
				SDKROOT = iphoneos;
				SWIFT_ACTIVE_COMPILATION_CONDITIONS = DEBUG;
				SWIFT_OPTIMIZATION_LEVEL = "-Onone";
			};
			name = Debug;
		};
		CBEF3EDF215C129F00B8238F /* Release */ = {
			isa = XCBuildConfiguration;
			buildSettings = {
				ALWAYS_SEARCH_USER_PATHS = NO;
				CLANG_ANALYZER_NONNULL = YES;
				CLANG_ANALYZER_NUMBER_OBJECT_CONVERSION = YES_AGGRESSIVE;
				CLANG_CXX_LANGUAGE_STANDARD = "gnu++14";
				CLANG_CXX_LIBRARY = "libc++";
				CLANG_ENABLE_MODULES = YES;
				CLANG_ENABLE_OBJC_ARC = YES;
				CLANG_ENABLE_OBJC_WEAK = YES;
				CLANG_WARN_BLOCK_CAPTURE_AUTORELEASING = YES;
				CLANG_WARN_BOOL_CONVERSION = YES;
				CLANG_WARN_COMMA = YES;
				CLANG_WARN_CONSTANT_CONVERSION = YES;
				CLANG_WARN_DEPRECATED_OBJC_IMPLEMENTATIONS = YES;
				CLANG_WARN_DIRECT_OBJC_ISA_USAGE = YES_ERROR;
				CLANG_WARN_DOCUMENTATION_COMMENTS = YES;
				CLANG_WARN_EMPTY_BODY = YES;
				CLANG_WARN_ENUM_CONVERSION = YES;
				CLANG_WARN_INFINITE_RECURSION = YES;
				CLANG_WARN_INT_CONVERSION = YES;
				CLANG_WARN_NON_LITERAL_NULL_CONVERSION = YES;
				CLANG_WARN_OBJC_IMPLICIT_RETAIN_SELF = YES;
				CLANG_WARN_OBJC_LITERAL_CONVERSION = YES;
				CLANG_WARN_OBJC_ROOT_CLASS = YES_ERROR;
				CLANG_WARN_RANGE_LOOP_ANALYSIS = YES;
				CLANG_WARN_STRICT_PROTOTYPES = YES;
				CLANG_WARN_SUSPICIOUS_MOVE = YES;
				CLANG_WARN_UNGUARDED_AVAILABILITY = YES_AGGRESSIVE;
				CLANG_WARN_UNREACHABLE_CODE = YES;
				CLANG_WARN__DUPLICATE_METHOD_MATCH = YES;
				CODE_SIGN_IDENTITY = "iPhone Developer";
				COPY_PHASE_STRIP = NO;
				DEBUG_INFORMATION_FORMAT = "dwarf-with-dsym";
				ENABLE_NS_ASSERTIONS = NO;
				ENABLE_STRICT_OBJC_MSGSEND = YES;
				GCC_C_LANGUAGE_STANDARD = gnu11;
				GCC_NO_COMMON_BLOCKS = YES;
				GCC_WARN_64_TO_32_BIT_CONVERSION = YES;
				GCC_WARN_ABOUT_RETURN_TYPE = YES_ERROR;
				GCC_WARN_UNDECLARED_SELECTOR = YES;
				GCC_WARN_UNINITIALIZED_AUTOS = YES_AGGRESSIVE;
				GCC_WARN_UNUSED_FUNCTION = YES;
				GCC_WARN_UNUSED_VARIABLE = YES;
				IPHONEOS_DEPLOYMENT_TARGET = 12.0;
				MTL_ENABLE_DEBUG_INFO = NO;
				MTL_FAST_MATH = YES;
				SDKROOT = iphoneos;
				SWIFT_COMPILATION_MODE = wholemodule;
				SWIFT_OPTIMIZATION_LEVEL = "-O";
				VALIDATE_PRODUCT = YES;
			};
			name = Release;
		};
		CBEF3EE1215C129F00B8238F /* Debug */ = {
			isa = XCBuildConfiguration;
			buildSettings = {
				ALWAYS_EMBED_SWIFT_STANDARD_LIBRARIES = YES;
				ASSETCATALOG_COMPILER_APPICON_NAME = AppIcon;
				CODE_SIGN_STYLE = Automatic;
				DEVELOPMENT_TEAM = BUC8ZV3LK2;
				FRAMEWORK_SEARCH_PATHS = (
					"$(inherited)",
					"$(PROJECT_DIR)/Carthage/Build/iOS",
				);
				INFOPLIST_FILE = Profile/Info.plist;
				IPHONEOS_DEPLOYMENT_TARGET = 9.0;
				LD_RUNPATH_SEARCH_PATHS = (
					"$(inherited)",
					"@executable_path/Frameworks",
				);
				PRODUCT_BUNDLE_IDENTIFIER = rra.Profile;
				PRODUCT_NAME = "$(TARGET_NAME)";
				SWIFT_VERSION = 4.2;
				TARGETED_DEVICE_FAMILY = "1,2";
			};
			name = Debug;
		};
		CBEF3EE2215C129F00B8238F /* Release */ = {
			isa = XCBuildConfiguration;
			buildSettings = {
				ALWAYS_EMBED_SWIFT_STANDARD_LIBRARIES = YES;
				ASSETCATALOG_COMPILER_APPICON_NAME = AppIcon;
				CODE_SIGN_STYLE = Automatic;
				DEVELOPMENT_TEAM = BUC8ZV3LK2;
				FRAMEWORK_SEARCH_PATHS = (
					"$(inherited)",
					"$(PROJECT_DIR)/Carthage/Build/iOS",
				);
				INFOPLIST_FILE = Profile/Info.plist;
				IPHONEOS_DEPLOYMENT_TARGET = 9.0;
				LD_RUNPATH_SEARCH_PATHS = (
					"$(inherited)",
					"@executable_path/Frameworks",
				);
				PRODUCT_BUNDLE_IDENTIFIER = rra.Profile;
				PRODUCT_NAME = "$(TARGET_NAME)";
				SWIFT_VERSION = 4.2;
				TARGETED_DEVICE_FAMILY = "1,2";
			};
			name = Release;
		};
		CBEF3EE4215C129F00B8238F /* Debug */ = {
			isa = XCBuildConfiguration;
			buildSettings = {
				ALWAYS_EMBED_SWIFT_STANDARD_LIBRARIES = YES;
				BUNDLE_LOADER = "$(TEST_HOST)";
				CODE_SIGN_STYLE = Automatic;
				DEVELOPMENT_TEAM = BUC8ZV3LK2;
				INFOPLIST_FILE = ProfileTests/Info.plist;
				LD_RUNPATH_SEARCH_PATHS = (
					"$(inherited)",
					"@executable_path/Frameworks",
					"@loader_path/Frameworks",
				);
				PRODUCT_BUNDLE_IDENTIFIER = rra.ProfileTests;
				PRODUCT_NAME = "$(TARGET_NAME)";
				SWIFT_VERSION = 4.2;
				TARGETED_DEVICE_FAMILY = "1,2";
				TEST_HOST = "$(BUILT_PRODUCTS_DIR)/Profile.app/Profile";
			};
			name = Debug;
		};
		CBEF3EE5215C129F00B8238F /* Release */ = {
			isa = XCBuildConfiguration;
			buildSettings = {
				ALWAYS_EMBED_SWIFT_STANDARD_LIBRARIES = YES;
				BUNDLE_LOADER = "$(TEST_HOST)";
				CODE_SIGN_STYLE = Automatic;
				DEVELOPMENT_TEAM = BUC8ZV3LK2;
				INFOPLIST_FILE = ProfileTests/Info.plist;
				LD_RUNPATH_SEARCH_PATHS = (
					"$(inherited)",
					"@executable_path/Frameworks",
					"@loader_path/Frameworks",
				);
				PRODUCT_BUNDLE_IDENTIFIER = rra.ProfileTests;
				PRODUCT_NAME = "$(TARGET_NAME)";
				SWIFT_VERSION = 4.2;
				TARGETED_DEVICE_FAMILY = "1,2";
				TEST_HOST = "$(BUILT_PRODUCTS_DIR)/Profile.app/Profile";
			};
			name = Release;
		};
/* End XCBuildConfiguration section */

/* Begin XCConfigurationList section */
		CBEF3EBC215C129E00B8238F /* Build configuration list for PBXProject "Profile" */ = {
			isa = XCConfigurationList;
			buildConfigurations = (
				CBEF3EDE215C129F00B8238F /* Debug */,
				CBEF3EDF215C129F00B8238F /* Release */,
			);
			defaultConfigurationIsVisible = 0;
			defaultConfigurationName = Release;
		};
		CBEF3EE0215C129F00B8238F /* Build configuration list for PBXNativeTarget "Profile" */ = {
			isa = XCConfigurationList;
			buildConfigurations = (
				CBEF3EE1215C129F00B8238F /* Debug */,
				CBEF3EE2215C129F00B8238F /* Release */,
			);
			defaultConfigurationIsVisible = 0;
			defaultConfigurationName = Release;
		};
		CBEF3EE3215C129F00B8238F /* Build configuration list for PBXNativeTarget "ProfileTests" */ = {
			isa = XCConfigurationList;
			buildConfigurations = (
				CBEF3EE4215C129F00B8238F /* Debug */,
				CBEF3EE5215C129F00B8238F /* Release */,
			);
			defaultConfigurationIsVisible = 0;
			defaultConfigurationName = Release;
		};
/* End XCConfigurationList section */
	};
	rootObject = CBEF3EB9215C129E00B8238F /* Project object */;
}
